{
  "version": 4,
  "terraform_version": "1.7.4",
  "serial": 133,
  "lineage": "e7af2608-eda8-3ba3-001b-d829413974c6",
  "outputs": {
    "function_url": {
      "value": "https://visitor-counter-uasgf6ueta-uc.a.run.app",
      "type": "string"
    },
    "resume_url": {
      "value": "https://storage.googleapis.com/resume-sevenl33-v2-25/index.html",
      "type": "string"
    }
  },
  "resources": [
    {
      "mode": "data",
      "type": "archive_file",
      "name": "function_zip",
      "provider": "provider[\"registry.terraform.io/hashicorp/archive\"]",
      "instances": [
        {
          "schema_version": 0,
          "attributes": {
            "exclude_symlink_directories": null,
            "excludes": null,
            "id": "205c6395a05639389a7926b60e1b6ab99c225e5d",
            "output_base64sha256": "eGfbbpYXlLiS2YQoh5Kidzy4FFmXDX95xjrZldlcpqk=",
            "output_base64sha512": "JnFFFo/P2UaTaXfNx63Ey5FZTFqPQZZqTpGHtPD/KJOsM1YDFyssk/y5J+IIWRqN26zmG7j3ne2H/6aZtWSdKw==",
            "output_file_mode": null,
            "output_md5": "e33200d6d114d372d55606a8c15d9581",
            "output_path": "visitor_counter.zip",
            "output_sha": "205c6395a05639389a7926b60e1b6ab99c225e5d",
            "output_sha256": "7867db6e961794b892d984288792a2773cb81459970d7f79c63ad995d95ca6a9",
            "output_sha512": "267145168fcfd946936977cdc7adc4cb91594c5a8f41966a4e9187b4f0ff2893ac335603172b2c93fcb927e208591a8ddbace61bb8f79ded87ffa699b5649d2b",
            "output_size": 973,
            "source": [],
            "source_content": null,
            "source_content_filename": null,
            "source_dir": "../backend",
            "source_file": null,
            "type": "zip"
          },
          "sensitive_attributes": []
        }
      ]
    },
    {
      "mode": "managed",
      "type": "google_cloud_run_service_iam_binding",
      "name": "function_invoker",
      "provider": "provider[\"registry.terraform.io/hashicorp/google\"]",
      "instances": [
        {
          "schema_version": 0,
          "attributes": {
            "condition": [],
            "etag": "BwY/Gh7Qyl0=",
            "id": "v1/projects/sevenl33-v2-25/locations/us-central1/services/visitor-counter/roles/run.invoker",
            "location": "us-central1",
            "members": [
              "allUsers"
            ],
            "project": "sevenl33-v2-25",
            "role": "roles/run.invoker",
            "service": "v1/projects/sevenl33-v2-25/locations/us-central1/services/visitor-counter"
          },
          "sensitive_attributes": [],
          "private": "eyJzY2hlbWFfdmVyc2lvbiI6IjAifQ==",
          "dependencies": [
            "data.archive_file.function_zip",
            "google_cloudfunctions2_function.visitor_counter",
            "google_storage_bucket.function_bucket",
            "google_storage_bucket_object.function_archive"
          ]
        }
      ]
    },
    {
      "mode": "managed",
      "type": "google_cloudfunctions2_function",
      "name": "visitor_counter",
      "provider": "provider[\"registry.terraform.io/hashicorp/google\"]",
      "instances": [
        {
          "schema_version": 0,
          "attributes": {
            "build_config": [
              {
                "automatic_update_policy": [
                  {}
                ],
                "build": "projects/135977021854/locations/us-central1/builds/2cdd86f4-79ff-43bf-8467-b5c6ff5d475e",
                "docker_repository": "projects/sevenl33-v2-25/locations/us-central1/repositories/gcf-artifacts",
                "entry_point": "visitor_counter",
                "environment_variables": {},
                "on_deploy_update_policy": [],
                "runtime": "python311",
                "service_account": "projects/sevenl33-v2-25/serviceAccounts/135977021854-compute@developer.gserviceaccount.com",
                "source": [
                  {
                    "repo_source": [],
                    "storage_source": [
                      {
                        "bucket": "sevenl33-v2-25-function-source",
                        "generation": 1758231230895071,
                        "object": "visitor_counter-e33200d6d114d372d55606a8c15d9581.zip"
                      }
                    ]
                  }
                ],
                "worker_pool": ""
              }
            ],
            "description": "Visitor counter function for resume site",
            "effective_labels": {
              "deployment-tool": "cli-gcloud"
            },
            "environment": "GEN_2",
            "event_trigger": [],
            "id": "projects/sevenl33-v2-25/locations/us-central1/functions/visitor-counter",
            "kms_key_name": "",
            "labels": {},
            "location": "us-central1",
            "name": "visitor-counter",
            "project": "sevenl33-v2-25",
            "service_config": [
              {
                "all_traffic_on_latest_revision": true,
                "available_cpu": "0.1666",
                "available_memory": "256M",
                "environment_variables": {
                  "LOG_EXECUTION_ID": "true"
                },
                "gcf_uri": "",
                "ingress_settings": "ALLOW_ALL",
                "max_instance_count": 10,
                "max_instance_request_concurrency": 1,
                "min_instance_count": 0,
                "secret_environment_variables": [],
                "secret_volumes": [],
                "service": "projects/sevenl33-v2-25/locations/us-central1/services/visitor-counter",
                "service_account_email": "135977021854-compute@developer.gserviceaccount.com",
                "timeout_seconds": 60,
                "uri": "https://visitor-counter-uasgf6ueta-uc.a.run.app",
                "vpc_connector": "",
                "vpc_connector_egress_settings": ""
              }
            ],
            "state": "ACTIVE",
            "terraform_labels": {},
            "timeouts": null,
            "update_time": "2025-09-18T23:14:28.295699809Z",
            "url": "https://us-central1-sevenl33-v2-25.cloudfunctions.net/visitor-counter"
          },
          "sensitive_attributes": [],
          "private": "eyJlMmJmYjczMC1lY2FhLTExZTYtOGY4OC0zNDM2M2JjN2M0YzAiOnsiY3JlYXRlIjozNjAwMDAwMDAwMDAwLCJkZWxldGUiOjM2MDAwMDAwMDAwMDAsInVwZGF0ZSI6MzYwMDAwMDAwMDAwMH19",
          "dependencies": [
            "data.archive_file.function_zip",
            "google_storage_bucket.function_bucket",
            "google_storage_bucket_object.function_archive"
          ]
        }
      ]
    },
    {
      "mode": "managed",
      "type": "google_firestore_database",
      "name": "database",
      "provider": "provider[\"registry.terraform.io/hashicorp/google\"]",
      "instances": [
        {
          "schema_version": 0,
          "attributes": {
            "app_engine_integration_mode": "DISABLED",
            "cmek_config": [],
            "concurrency_mode": "PESSIMISTIC",
            "create_time": "",
            "delete_protection_state": "DELETE_PROTECTION_DISABLED",
            "deletion_policy": "ABANDON",
            "earliest_version_time": "2025-09-18T22:15:36.543148Z",
            "etag": "IIe7gL+4448DMI35pKai448D",
            "id": "projects/sevenl33-v2-25/databases/(default)",
            "key_prefix": "",
            "location_id": "us-central1",
            "name": "(default)",
            "point_in_time_recovery_enablement": "POINT_IN_TIME_RECOVERY_DISABLED",
            "project": "sevenl33-v2-25",
            "timeouts": null,
            "type": "FIRESTORE_NATIVE",
            "uid": "48182945-c24a-401d-bfaf-01df4821a6ef",
            "update_time": "",
            "version_retention_period": "3600s"
          },
          "sensitive_attributes": [],
          "private": "eyJlMmJmYjczMC1lY2FhLTExZTYtOGY4OC0zNDM2M2JjN2M0YzAiOnsiY3JlYXRlIjoxMjAwMDAwMDAwMDAwLCJkZWxldGUiOjEyMDAwMDAwMDAwMDAsInVwZGF0ZSI6MTIwMDAwMDAwMDAwMH0sInNjaGVtYV92ZXJzaW9uIjoiMCJ9"
        }
      ]
    },
    {
      "mode": "managed",
      "type": "google_storage_bucket",
      "name": "function_bucket",
      "provider": "provider[\"registry.terraform.io/hashicorp/google\"]",
      "instances": [
        {
          "schema_version": 2,
          "attributes": {
            "autoclass": [],
            "cors": [],
            "custom_placement_config": [],
            "default_event_based_hold": false,
            "effective_labels": {},
            "enable_object_retention": false,
            "encryption": [],
            "force_destroy": false,
            "id": "sevenl33-v2-25-function-source",
            "labels": {},
            "lifecycle_rule": [],
            "location": "US",
            "logging": [],
            "name": "sevenl33-v2-25-function-source",
            "project": "sevenl33-v2-25",
            "project_number": 135977021854,
            "public_access_prevention": "inherited",
            "requester_pays": false,
            "retention_policy": [],
            "rpo": "DEFAULT",
            "self_link": "https://www.googleapis.com/storage/v1/b/sevenl33-v2-25-function-source",
            "soft_delete_policy": [
              {
                "effective_time": "2025-09-18T23:09:18.865Z",
                "retention_duration_seconds": 604800
              }
            ],
            "storage_class": "STANDARD",
            "terraform_labels": {},
            "timeouts": null,
            "uniform_bucket_level_access": false,
            "url": "gs://sevenl33-v2-25-function-source",
            "versioning": [],
            "website": []
          },
          "sensitive_attributes": [],
          "private": "eyJlMmJmYjczMC1lY2FhLTExZTYtOGY4OC0zNDM2M2JjN2M0YzAiOnsiY3JlYXRlIjo2MDAwMDAwMDAwMDAsInJlYWQiOjI0MDAwMDAwMDAwMCwidXBkYXRlIjoyNDAwMDAwMDAwMDB9LCJzY2hlbWFfdmVyc2lvbiI6IjIifQ=="
        }
      ]
    },
    {
      "mode": "managed",
      "type": "google_storage_bucket",
      "name": "resume_site",
      "provider": "provider[\"registry.terraform.io/hashicorp/google\"]",
      "instances": [
        {
          "schema_version": 2,
          "attributes": {
            "autoclass": [],
            "cors": [
              {
                "max_age_seconds": 3600,
                "method": [
                  "GET",
                  "HEAD"
                ],
                "origin": [
                  "*"
                ],
                "response_header": [
                  "*"
                ]
              }
            ],
            "custom_placement_config": [],
            "default_event_based_hold": false,
            "effective_labels": {},
            "enable_object_retention": false,
            "encryption": [],
            "force_destroy": true,
            "id": "resume-sevenl33-v2-25",
            "labels": {},
            "lifecycle_rule": [],
            "location": "US",
            "logging": [],
            "name": "resume-sevenl33-v2-25",
            "project": "sevenl33-v2-25",
            "project_number": 135977021854,
            "public_access_prevention": "inherited",
            "requester_pays": false,
            "retention_policy": [],
            "rpo": "DEFAULT",
            "self_link": "https://www.googleapis.com/storage/v1/b/resume-sevenl33-v2-25",
            "soft_delete_policy": [
              {
                "effective_time": "2025-09-18T16:00:34.519Z",
                "retention_duration_seconds": 604800
              }
            ],
            "storage_class": "STANDARD",
            "terraform_labels": {},
            "timeouts": null,
            "uniform_bucket_level_access": false,
            "url": "gs://resume-sevenl33-v2-25",
            "versioning": [],
            "website": [
              {
                "main_page_suffix": "index.html",
                "not_found_page": "404.html"
              }
            ]
          },
          "sensitive_attributes": [],
          "private": "eyJlMmJmYjczMC1lY2FhLTExZTYtOGY4OC0zNDM2M2JjN2M0YzAiOnsiY3JlYXRlIjo2MDAwMDAwMDAwMDAsInJlYWQiOjI0MDAwMDAwMDAwMCwidXBkYXRlIjoyNDAwMDAwMDAwMDB9LCJzY2hlbWFfdmVyc2lvbiI6IjIifQ=="
        }
      ]
    },
    {
      "mode": "managed",
      "type": "google_storage_bucket_iam_binding",
      "name": "public_read",
      "provider": "provider[\"registry.terraform.io/hashicorp/google\"]",
      "instances": [
        {
          "schema_version": 0,
          "attributes": {
            "bucket": "b/resume-sevenl33-v2-25",
            "condition": [],
            "etag": "CAU=",
            "id": "b/resume-sevenl33-v2-25/roles/storage.objectViewer",
            "members": [
              "allUsers"
            ],
            "role": "roles/storage.objectViewer"
          },
          "sensitive_attributes": [],
          "private": "bnVsbA==",
          "dependencies": [
            "google_storage_bucket.resume_site"
          ]
        }
      ]
    },
    {
      "mode": "managed",
      "type": "google_storage_bucket_object",
      "name": "function_archive",
      "provider": "provider[\"registry.terraform.io/hashicorp/google\"]",
      "instances": [
        {
          "schema_version": 0,
          "attributes": {
            "bucket": "sevenl33-v2-25-function-source",
            "cache_control": "",
            "content": null,
            "content_disposition": "",
            "content_encoding": "",
            "content_language": "",
            "content_type": "application/zip",
            "crc32c": "WVDOVw==",
            "customer_encryption": [],
            "detect_md5hash": "4zIA1tEU03LVVgaowV2VgQ==",
            "event_based_hold": false,
            "generation": 1758236959763455,
            "id": "sevenl33-v2-25-function-source-visitor_counter-e33200d6d114d372d55606a8c15d9581.zip",
            "kms_key_name": "",
            "md5hash": "4zIA1tEU03LVVgaowV2VgQ==",
            "media_link": "https://storage.googleapis.com/download/storage/v1/b/sevenl33-v2-25-function-source/o/visitor_counter-e33200d6d114d372d55606a8c15d9581.zip?generation=1758236959763455\u0026alt=media",
            "metadata": {},
            "name": "visitor_counter-e33200d6d114d372d55606a8c15d9581.zip",
            "output_name": "visitor_counter-e33200d6d114d372d55606a8c15d9581.zip",
            "retention": [],
            "self_link": "https://www.googleapis.com/storage/v1/b/sevenl33-v2-25-function-source/o/visitor_counter-e33200d6d114d372d55606a8c15d9581.zip",
            "source": "visitor_counter.zip",
            "storage_class": "STANDARD",
            "temporary_hold": false,
            "timeouts": null
          },
          "sensitive_attributes": [],
          "private": "eyJlMmJmYjczMC1lY2FhLTExZTYtOGY4OC0zNDM2M2JjN2M0YzAiOnsiY3JlYXRlIjoyNDAwMDAwMDAwMDAsImRlbGV0ZSI6MjQwMDAwMDAwMDAwLCJ1cGRhdGUiOjI0MDAwMDAwMDAwMH19",
          "dependencies": [
            "data.archive_file.function_zip",
            "google_storage_bucket.function_bucket"
          ]
        }
      ]
    },
    {
      "mode": "managed",
      "type": "google_storage_bucket_object",
      "name": "website_files",
      "provider": "provider[\"registry.terraform.io/hashicorp/google\"]",
      "instances": [
        {
          "index_key": "assets/.DS_Store",
          "schema_version": 0,
          "attributes": {
            "bucket": "resume-sevenl33-v2-25",
            "cache_control": "",
            "content": null,
            "content_disposition": "",
            "content_encoding": "",
            "content_language": "",
            "content_type": "application/octet-stream",
            "crc32c": "XeFY/g==",
            "customer_encryption": [],
            "detect_md5hash": "QPvVNP9khYumwup7KgG4Hw==",
            "event_based_hold": false,
            "generation": 1758237141359980,
            "id": "resume-sevenl33-v2-25-assets/.DS_Store",
            "kms_key_name": "",
            "md5hash": "QPvVNP9khYumwup7KgG4Hw==",
            "media_link": "https://storage.googleapis.com/download/storage/v1/b/resume-sevenl33-v2-25/o/assets%2F.DS_Store?generation=1758237141359980\u0026alt=media",
            "metadata": {},
            "name": "assets/.DS_Store",
            "output_name": "assets/.DS_Store",
            "retention": [],
            "self_link": "https://www.googleapis.com/storage/v1/b/resume-sevenl33-v2-25/o/assets%2F.DS_Store",
            "source": "../frontend/website/assets/.DS_Store",
            "storage_class": "STANDARD",
            "temporary_hold": false,
            "timeouts": null
          },
          "sensitive_attributes": [],
          "private": "eyJlMmJmYjczMC1lY2FhLTExZTYtOGY4OC0zNDM2M2JjN2M0YzAiOnsiY3JlYXRlIjoyNDAwMDAwMDAwMDAsImRlbGV0ZSI6MjQwMDAwMDAwMDAwLCJ1cGRhdGUiOjI0MDAwMDAwMDAwMH19",
          "dependencies": [
            "google_storage_bucket.resume_site"
          ]
        },
        {
          "index_key": "assets/css/style.css",
          "schema_version": 0,
          "attributes": {
            "bucket": "resume-sevenl33-v2-25",
            "cache_control": "",
            "content": null,
            "content_disposition": "",
            "content_encoding": "",
            "content_language": "",
            "content_type": "text/plain; charset=utf-8",
            "crc32c": "rGT8fg==",
            "customer_encryption": [],
            "detect_md5hash": "r+exZr7JqBUrVDnPYzE2+g==",
            "event_based_hold": false,
            "generation": 1758237142961425,
            "id": "resume-sevenl33-v2-25-assets/css/style.css",
            "kms_key_name": "",
            "md5hash": "r+exZr7JqBUrVDnPYzE2+g==",
            "media_link": "https://storage.googleapis.com/download/storage/v1/b/resume-sevenl33-v2-25/o/assets%2Fcss%2Fstyle.css?generation=1758237142961425\u0026alt=media",
            "metadata": {},
            "name": "assets/css/style.css",
            "output_name": "assets/css/style.css",
            "retention": [],
            "self_link": "https://www.googleapis.com/storage/v1/b/resume-sevenl33-v2-25/o/assets%2Fcss%2Fstyle.css",
            "source": "../frontend/website/assets/css/style.css",
            "storage_class": "STANDARD",
            "temporary_hold": false,
            "timeouts": null
          },
          "sensitive_attributes": [],
          "private": "eyJlMmJmYjczMC1lY2FhLTExZTYtOGY4OC0zNDM2M2JjN2M0YzAiOnsiY3JlYXRlIjoyNDAwMDAwMDAwMDAsImRlbGV0ZSI6MjQwMDAwMDAwMDAwLCJ1cGRhdGUiOjI0MDAwMDAwMDAwMH19",
          "dependencies": [
            "google_storage_bucket.resume_site"
          ]
        },
        {
          "index_key": "assets/img/favicon.png",
          "schema_version": 0,
          "attributes": {
            "bucket": "resume-sevenl33-v2-25",
            "cache_control": "",
            "content": null,
            "content_disposition": "",
            "content_encoding": "",
            "content_language": "",
            "content_type": "image/png",
            "crc32c": "mJVFlQ==",
            "customer_encryption": [],
            "detect_md5hash": "uq3GjuBvbaQrmp5DqdS7nA==",
            "event_based_hold": false,
            "generation": 1758237143656857,
            "id": "resume-sevenl33-v2-25-assets/img/favicon.png",
            "kms_key_name": "",
            "md5hash": "uq3GjuBvbaQrmp5DqdS7nA==",
            "media_link": "https://storage.googleapis.com/download/storage/v1/b/resume-sevenl33-v2-25/o/assets%2Fimg%2Ffavicon.png?generation=1758237143656857\u0026alt=media",
            "metadata": {},
            "name": "assets/img/favicon.png",
            "output_name": "assets/img/favicon.png",
            "retention": [],
            "self_link": "https://www.googleapis.com/storage/v1/b/resume-sevenl33-v2-25/o/assets%2Fimg%2Ffavicon.png",
            "source": "../frontend/website/assets/img/favicon.png",
            "storage_class": "STANDARD",
            "temporary_hold": false,
            "timeouts": null
          },
          "sensitive_attributes": [],
          "private": "eyJlMmJmYjczMC1lY2FhLTExZTYtOGY4OC0zNDM2M2JjN2M0YzAiOnsiY3JlYXRlIjoyNDAwMDAwMDAwMDAsImRlbGV0ZSI6MjQwMDAwMDAwMDAwLCJ1cGRhdGUiOjI0MDAwMDAwMDAwMH19",
          "dependencies": [
            "google_storage_bucket.resume_site"
          ]
        },
        {
          "index_key": "assets/img/hero-bg.jpg",
          "schema_version": 0,
          "attributes": {
            "bucket": "resume-sevenl33-v2-25",
            "cache_control": "",
            "content": null,
            "content_disposition": "",
            "content_encoding": "",
            "content_language": "",
            "content_type": "image/jpeg",
            "crc32c": "0mjamQ==",
            "customer_encryption": [],
            "detect_md5hash": "GgnsjKc5WAOqg1c2l2ZDzA==",
            "event_based_hold": false,
            "generation": 1758237143162875,
            "id": "resume-sevenl33-v2-25-assets/img/hero-bg.jpg",
            "kms_key_name": "",
            "md5hash": "GgnsjKc5WAOqg1c2l2ZDzA==",
            "media_link": "https://storage.googleapis.com/download/storage/v1/b/resume-sevenl33-v2-25/o/assets%2Fimg%2Fhero-bg.jpg?generation=1758237143162875\u0026alt=media",
            "metadata": {},
            "name": "assets/img/hero-bg.jpg",
            "output_name": "assets/img/hero-bg.jpg",
            "retention": [],
            "self_link": "https://www.googleapis.com/storage/v1/b/resume-sevenl33-v2-25/o/assets%2Fimg%2Fhero-bg.jpg",
            "source": "../frontend/website/assets/img/hero-bg.jpg",
            "storage_class": "STANDARD",
            "temporary_hold": false,
            "timeouts": null
          },
          "sensitive_attributes": [],
          "private": "eyJlMmJmYjczMC1lY2FhLTExZTYtOGY4OC0zNDM2M2JjN2M0YzAiOnsiY3JlYXRlIjoyNDAwMDAwMDAwMDAsImRlbGV0ZSI6MjQwMDAwMDAwMDAwLCJ1cGRhdGUiOjI0MDAwMDAwMDAwMH19",
          "dependencies": [
            "google_storage_bucket.resume_site"
          ]
        },
        {
          "index_key": "assets/img/profile-img.jpg",
          "schema_version": 0,
          "attributes": {
            "bucket": "resume-sevenl33-v2-25",
            "cache_control": "",
            "content": null,
            "content_disposition": "",
            "content_encoding": "",
            "content_language": "",
            "content_type": "image/jpeg",
            "crc32c": "yTst+Q==",
            "customer_encryption": [],
            "detect_md5hash": "7bvf2UYPJavOg30LE/tgxQ==",
            "event_based_hold": false,
            "generation": 1758237140263575,
            "id": "resume-sevenl33-v2-25-assets/img/profile-img.jpg",
            "kms_key_name": "",
            "md5hash": "7bvf2UYPJavOg30LE/tgxQ==",
            "media_link": "https://storage.googleapis.com/download/storage/v1/b/resume-sevenl33-v2-25/o/assets%2Fimg%2Fprofile-img.jpg?generation=1758237140263575\u0026alt=media",
            "metadata": {},
            "name": "assets/img/profile-img.jpg",
            "output_name": "assets/img/profile-img.jpg",
            "retention": [],
            "self_link": "https://www.googleapis.com/storage/v1/b/resume-sevenl33-v2-25/o/assets%2Fimg%2Fprofile-img.jpg",
            "source": "../frontend/website/assets/img/profile-img.jpg",
            "storage_class": "STANDARD",
            "temporary_hold": false,
            "timeouts": null
          },
          "sensitive_attributes": [],
          "private": "eyJlMmJmYjczMC1lY2FhLTExZTYtOGY4OC0zNDM2M2JjN2M0YzAiOnsiY3JlYXRlIjoyNDAwMDAwMDAwMDAsImRlbGV0ZSI6MjQwMDAwMDAwMDAwLCJ1cGRhdGUiOjI0MDAwMDAwMDAwMH19",
          "dependencies": [
            "google_storage_bucket.resume_site"
          ]
        },
        {
          "index_key": "assets/img/profile-imgAbt.jpg",
          "schema_version": 0,
          "attributes": {
            "bucket": "resume-sevenl33-v2-25",
            "cache_control": "",
            "content": null,
            "content_disposition": "",
            "content_encoding": "",
            "content_language": "",
            "content_type": "image/jpeg",
            "crc32c": "jwlQYQ==",
            "customer_encryption": [],
            "detect_md5hash": "Lb6fWm9wcbslK7NvcK+cBg==",
            "event_based_hold": false,
            "generation": 1758237144861655,
            "id": "resume-sevenl33-v2-25-assets/img/profile-imgAbt.jpg",
            "kms_key_name": "",
            "md5hash": "Lb6fWm9wcbslK7NvcK+cBg==",
            "media_link": "https://storage.googleapis.com/download/storage/v1/b/resume-sevenl33-v2-25/o/assets%2Fimg%2Fprofile-imgAbt.jpg?generation=1758237144861655\u0026alt=media",
            "metadata": {},
            "name": "assets/img/profile-imgAbt.jpg",
            "output_name": "assets/img/profile-imgAbt.jpg",
            "retention": [],
            "self_link": "https://www.googleapis.com/storage/v1/b/resume-sevenl33-v2-25/o/assets%2Fimg%2Fprofile-imgAbt.jpg",
            "source": "../frontend/website/assets/img/profile-imgAbt.jpg",
            "storage_class": "STANDARD",
            "temporary_hold": false,
            "timeouts": null
          },
          "sensitive_attributes": [],
          "private": "eyJlMmJmYjczMC1lY2FhLTExZTYtOGY4OC0zNDM2M2JjN2M0YzAiOnsiY3JlYXRlIjoyNDAwMDAwMDAwMDAsImRlbGV0ZSI6MjQwMDAwMDAwMDAwLCJ1cGRhdGUiOjI0MDAwMDAwMDAwMH19",
          "dependencies": [
            "google_storage_bucket.resume_site"
          ]
        },
        {
          "index_key": "assets/img/testimonials/testimonials-1.jpg",
          "schema_version": 0,
          "attributes": {
            "bucket": "resume-sevenl33-v2-25",
            "cache_control": "",
            "content": null,
            "content_disposition": "",
            "content_encoding": "",
            "content_language": "",
            "content_type": "image/png",
            "crc32c": "PkgKyA==",
            "customer_encryption": [],
            "detect_md5hash": "Y3ov1hzZIQR4xApLNPiRfw==",
            "event_based_hold": false,
            "generation": 1758237142457687,
            "id": "resume-sevenl33-v2-25-assets/img/testimonials/testimonials-1.jpg",
            "kms_key_name": "",
            "md5hash": "Y3ov1hzZIQR4xApLNPiRfw==",
            "media_link": "https://storage.googleapis.com/download/storage/v1/b/resume-sevenl33-v2-25/o/assets%2Fimg%2Ftestimonials%2Ftestimonials-1.jpg?generation=1758237142457687\u0026alt=media",
            "metadata": {},
            "name": "assets/img/testimonials/testimonials-1.jpg",
            "output_name": "assets/img/testimonials/testimonials-1.jpg",
            "retention": [],
            "self_link": "https://www.googleapis.com/storage/v1/b/resume-sevenl33-v2-25/o/assets%2Fimg%2Ftestimonials%2Ftestimonials-1.jpg",
            "source": "../frontend/website/assets/img/testimonials/testimonials-1.jpg",
            "storage_class": "STANDARD",
            "temporary_hold": false,
            "timeouts": null
          },
          "sensitive_attributes": [],
          "private": "eyJlMmJmYjczMC1lY2FhLTExZTYtOGY4OC0zNDM2M2JjN2M0YzAiOnsiY3JlYXRlIjoyNDAwMDAwMDAwMDAsImRlbGV0ZSI6MjQwMDAwMDAwMDAwLCJ1cGRhdGUiOjI0MDAwMDAwMDAwMH19",
          "dependencies": [
            "google_storage_bucket.resume_site"
          ]
        },
        {
          "index_key": "assets/img/testimonials/testimonials-2.jpg",
          "schema_version": 0,
          "attributes": {
            "bucket": "resume-sevenl33-v2-25",
            "cache_control": "",
            "content": null,
            "content_disposition": "",
            "content_encoding": "",
            "content_language": "",
            "content_type": "image/png",
            "crc32c": "v8QgJg==",
            "customer_encryption": [],
            "detect_md5hash": "jKYlquCrBUXPXzCsy/NIPg==",
            "event_based_hold": false,
            "generation": 1758237145162242,
            "id": "resume-sevenl33-v2-25-assets/img/testimonials/testimonials-2.jpg",
            "kms_key_name": "",
            "md5hash": "jKYlquCrBUXPXzCsy/NIPg==",
            "media_link": "https://storage.googleapis.com/download/storage/v1/b/resume-sevenl33-v2-25/o/assets%2Fimg%2Ftestimonials%2Ftestimonials-2.jpg?generation=1758237145162242\u0026alt=media",
            "metadata": {},
            "name": "assets/img/testimonials/testimonials-2.jpg",
            "output_name": "assets/img/testimonials/testimonials-2.jpg",
            "retention": [],
            "self_link": "https://www.googleapis.com/storage/v1/b/resume-sevenl33-v2-25/o/assets%2Fimg%2Ftestimonials%2Ftestimonials-2.jpg",
            "source": "../frontend/website/assets/img/testimonials/testimonials-2.jpg",
            "storage_class": "STANDARD",
            "temporary_hold": false,
            "timeouts": null
          },
          "sensitive_attributes": [],
          "private": "eyJlMmJmYjczMC1lY2FhLTExZTYtOGY4OC0zNDM2M2JjN2M0YzAiOnsiY3JlYXRlIjoyNDAwMDAwMDAwMDAsImRlbGV0ZSI6MjQwMDAwMDAwMDAwLCJ1cGRhdGUiOjI0MDAwMDAwMDAwMH19",
          "dependencies": [
            "google_storage_bucket.resume_site"
          ]
        },
        {
          "index_key": "assets/img/testimonials/testimonials-3.jpg",
          "schema_version": 0,
          "attributes": {
            "bucket": "resume-sevenl33-v2-25",
            "cache_control": "",
            "content": null,
            "content_disposition": "",
            "content_encoding": "",
            "content_language": "",
            "content_type": "image/png",
            "crc32c": "4xUxfQ==",
            "customer_encryption": [],
            "detect_md5hash": "UdvPfi8jIwVMjAJC+8Gi1w==",
            "event_based_hold": false,
            "generation": 1758237145654104,
            "id": "resume-sevenl33-v2-25-assets/img/testimonials/testimonials-3.jpg",
            "kms_key_name": "",
            "md5hash": "UdvPfi8jIwVMjAJC+8Gi1w==",
            "media_link": "https://storage.googleapis.com/download/storage/v1/b/resume-sevenl33-v2-25/o/assets%2Fimg%2Ftestimonials%2Ftestimonials-3.jpg?generation=1758237145654104\u0026alt=media",
            "metadata": {},
            "name": "assets/img/testimonials/testimonials-3.jpg",
            "output_name": "assets/img/testimonials/testimonials-3.jpg",
            "retention": [],
            "self_link": "https://www.googleapis.com/storage/v1/b/resume-sevenl33-v2-25/o/assets%2Fimg%2Ftestimonials%2Ftestimonials-3.jpg",
            "source": "../frontend/website/assets/img/testimonials/testimonials-3.jpg",
            "storage_class": "STANDARD",
            "temporary_hold": false,
            "timeouts": null
          },
          "sensitive_attributes": [],
          "private": "eyJlMmJmYjczMC1lY2FhLTExZTYtOGY4OC0zNDM2M2JjN2M0YzAiOnsiY3JlYXRlIjoyNDAwMDAwMDAwMDAsImRlbGV0ZSI6MjQwMDAwMDAwMDAwLCJ1cGRhdGUiOjI0MDAwMDAwMDAwMH19",
          "dependencies": [
            "google_storage_bucket.resume_site"
          ]
        },
        {
          "index_key": "assets/img/testimonials/testimonials-4.jpg",
          "schema_version": 0,
          "attributes": {
            "bucket": "resume-sevenl33-v2-25",
            "cache_control": "",
            "content": null,
            "content_disposition": "",
            "content_encoding": "",
            "content_language": "",
            "content_type": "image/png",
            "crc32c": "OtSuFA==",
            "customer_encryption": [],
            "detect_md5hash": "w3aRthBceLB+L0E4w1Eeng==",
            "event_based_hold": false,
            "generation": 1758237141456528,
            "id": "resume-sevenl33-v2-25-assets/img/testimonials/testimonials-4.jpg",
            "kms_key_name": "",
            "md5hash": "w3aRthBceLB+L0E4w1Eeng==",
            "media_link": "https://storage.googleapis.com/download/storage/v1/b/resume-sevenl33-v2-25/o/assets%2Fimg%2Ftestimonials%2Ftestimonials-4.jpg?generation=1758237141456528\u0026alt=media",
            "metadata": {},
            "name": "assets/img/testimonials/testimonials-4.jpg",
            "output_name": "assets/img/testimonials/testimonials-4.jpg",
            "retention": [],
            "self_link": "https://www.googleapis.com/storage/v1/b/resume-sevenl33-v2-25/o/assets%2Fimg%2Ftestimonials%2Ftestimonials-4.jpg",
            "source": "../frontend/website/assets/img/testimonials/testimonials-4.jpg",
            "storage_class": "STANDARD",
            "temporary_hold": false,
            "timeouts": null
          },
          "sensitive_attributes": [],
          "private": "eyJlMmJmYjczMC1lY2FhLTExZTYtOGY4OC0zNDM2M2JjN2M0YzAiOnsiY3JlYXRlIjoyNDAwMDAwMDAwMDAsImRlbGV0ZSI6MjQwMDAwMDAwMDAwLCJ1cGRhdGUiOjI0MDAwMDAwMDAwMH19",
          "dependencies": [
            "google_storage_bucket.resume_site"
          ]
        },
        {
          "index_key": "assets/img/testimonials/testimonials-5.jpg",
          "schema_version": 0,
          "attributes": {
            "bucket": "resume-sevenl33-v2-25",
            "cache_control": "",
            "content": null,
            "content_disposition": "",
            "content_encoding": "",
            "content_language": "",
            "content_type": "image/jpeg",
            "crc32c": "kxnQfA==",
            "customer_encryption": [],
            "detect_md5hash": "jmxm75HybVtqi6o6EMFjNQ==",
            "event_based_hold": false,
            "generation": 1758237141366681,
            "id": "resume-sevenl33-v2-25-assets/img/testimonials/testimonials-5.jpg",
            "kms_key_name": "",
            "md5hash": "jmxm75HybVtqi6o6EMFjNQ==",
            "media_link": "https://storage.googleapis.com/download/storage/v1/b/resume-sevenl33-v2-25/o/assets%2Fimg%2Ftestimonials%2Ftestimonials-5.jpg?generation=1758237141366681\u0026alt=media",
            "metadata": {},
            "name": "assets/img/testimonials/testimonials-5.jpg",
            "output_name": "assets/img/testimonials/testimonials-5.jpg",
            "retention": [],
            "self_link": "https://www.googleapis.com/storage/v1/b/resume-sevenl33-v2-25/o/assets%2Fimg%2Ftestimonials%2Ftestimonials-5.jpg",
            "source": "../frontend/website/assets/img/testimonials/testimonials-5.jpg",
            "storage_class": "STANDARD",
            "temporary_hold": false,
            "timeouts": null
          },
          "sensitive_attributes": [],
          "private": "eyJlMmJmYjczMC1lY2FhLTExZTYtOGY4OC0zNDM2M2JjN2M0YzAiOnsiY3JlYXRlIjoyNDAwMDAwMDAwMDAsImRlbGV0ZSI6MjQwMDAwMDAwMDAwLCJ1cGRhdGUiOjI0MDAwMDAwMDAwMH19",
          "dependencies": [
            "google_storage_bucket.resume_site"
          ]
        },
        {
          "index_key": "assets/js/main.js",
          "schema_version": 0,
          "attributes": {
            "bucket": "resume-sevenl33-v2-25",
            "cache_control": "",
            "content": null,
            "content_disposition": "",
            "content_encoding": "",
            "content_language": "",
            "content_type": "text/plain; charset=utf-8",
            "crc32c": "7MbSzA==",
            "customer_encryption": [],
            "detect_md5hash": "aRCWpJv2n987QZVKtyBQFQ==",
            "event_based_hold": false,
            "generation": 1758237144557508,
            "id": "resume-sevenl33-v2-25-assets/js/main.js",
            "kms_key_name": "",
            "md5hash": "aRCWpJv2n987QZVKtyBQFQ==",
            "media_link": "https://storage.googleapis.com/download/storage/v1/b/resume-sevenl33-v2-25/o/assets%2Fjs%2Fmain.js?generation=1758237144557508\u0026alt=media",
            "metadata": {},
            "name": "assets/js/main.js",
            "output_name": "assets/js/main.js",
            "retention": [],
            "self_link": "https://www.googleapis.com/storage/v1/b/resume-sevenl33-v2-25/o/assets%2Fjs%2Fmain.js",
            "source": "../frontend/website/assets/js/main.js",
            "storage_class": "STANDARD",
            "temporary_hold": false,
            "timeouts": null
          },
          "sensitive_attributes": [],
          "private": "eyJlMmJmYjczMC1lY2FhLTExZTYtOGY4OC0zNDM2M2JjN2M0YzAiOnsiY3JlYXRlIjoyNDAwMDAwMDAwMDAsImRlbGV0ZSI6MjQwMDAwMDAwMDAwLCJ1cGRhdGUiOjI0MDAwMDAwMDAwMH19",
          "dependencies": [
            "google_storage_bucket.resume_site"
          ]
        },
        {
          "index_key": "assets/js/visitorCount.js",
          "schema_version": 0,
          "attributes": {
            "bucket": "resume-sevenl33-v2-25",
            "cache_control": "",
            "content": null,
            "content_disposition": "",
            "content_encoding": "",
            "content_language": "",
            "content_type": "text/plain; charset=utf-8",
            "crc32c": "2ywIgA==",
            "customer_encryption": [],
            "detect_md5hash": "XxF3jFBBbpGC4b1Tx4xq5Q==",
            "event_based_hold": false,
            "generation": 1758237144987451,
            "id": "resume-sevenl33-v2-25-assets/js/visitorCount.js",
            "kms_key_name": "",
            "md5hash": "XxF3jFBBbpGC4b1Tx4xq5Q==",
            "media_link": "https://storage.googleapis.com/download/storage/v1/b/resume-sevenl33-v2-25/o/assets%2Fjs%2FvisitorCount.js?generation=1758237144987451\u0026alt=media",
            "metadata": {},
            "name": "assets/js/visitorCount.js",
            "output_name": "assets/js/visitorCount.js",
            "retention": [],
            "self_link": "https://www.googleapis.com/storage/v1/b/resume-sevenl33-v2-25/o/assets%2Fjs%2FvisitorCount.js",
            "source": "../frontend/website/assets/js/visitorCount.js",
            "storage_class": "STANDARD",
            "temporary_hold": false,
            "timeouts": null
          },
          "sensitive_attributes": [],
          "private": "eyJlMmJmYjczMC1lY2FhLTExZTYtOGY4OC0zNDM2M2JjN2M0YzAiOnsiY3JlYXRlIjoyNDAwMDAwMDAwMDAsImRlbGV0ZSI6MjQwMDAwMDAwMDAwLCJ1cGRhdGUiOjI0MDAwMDAwMDAwMH19",
          "dependencies": [
            "google_storage_bucket.resume_site"
          ]
        },
        {
          "index_key": "assets/scss/_footer.scss",
          "schema_version": 0,
          "attributes": {
            "bucket": "resume-sevenl33-v2-25",
            "cache_control": "",
            "content": null,
            "content_disposition": "",
            "content_encoding": "",
            "content_language": "",
            "content_type": "text/plain; charset=utf-8",
            "crc32c": "UQ/x+w==",
            "customer_encryption": [],
            "detect_md5hash": "TDSmVQzS77FrMR9os17JKg==",
            "event_based_hold": false,
            "generation": 1758237144158246,
            "id": "resume-sevenl33-v2-25-assets/scss/_footer.scss",
            "kms_key_name": "",
            "md5hash": "TDSmVQzS77FrMR9os17JKg==",
            "media_link": "https://storage.googleapis.com/download/storage/v1/b/resume-sevenl33-v2-25/o/assets%2Fscss%2F_footer.scss?generation=1758237144158246\u0026alt=media",
            "metadata": {},
            "name": "assets/scss/_footer.scss",
            "output_name": "assets/scss/_footer.scss",
            "retention": [],
            "self_link": "https://www.googleapis.com/storage/v1/b/resume-sevenl33-v2-25/o/assets%2Fscss%2F_footer.scss",
            "source": "../frontend/website/assets/scss/_footer.scss",
            "storage_class": "STANDARD",
            "temporary_hold": false,
            "timeouts": null
          },
          "sensitive_attributes": [],
          "private": "eyJlMmJmYjczMC1lY2FhLTExZTYtOGY4OC0zNDM2M2JjN2M0YzAiOnsiY3JlYXRlIjoyNDAwMDAwMDAwMDAsImRlbGV0ZSI6MjQwMDAwMDAwMDAwLCJ1cGRhdGUiOjI0MDAwMDAwMDAwMH19",
          "dependencies": [
            "google_storage_bucket.resume_site"
          ]
        },
        {
          "index_key": "assets/scss/_general.scss",
          "schema_version": 0,
          "attributes": {
            "bucket": "resume-sevenl33-v2-25",
            "cache_control": "",
            "content": null,
            "content_disposition": "",
            "content_encoding": "",
            "content_language": "",
            "content_type": "text/plain; charset=utf-8",
            "crc32c": "No95Xg==",
            "customer_encryption": [],
            "detect_md5hash": "MA6f4dvorjRecpoAjb6iwA==",
            "event_based_hold": false,
            "generation": 1758237140279319,
            "id": "resume-sevenl33-v2-25-assets/scss/_general.scss",
            "kms_key_name": "",
            "md5hash": "MA6f4dvorjRecpoAjb6iwA==",
            "media_link": "https://storage.googleapis.com/download/storage/v1/b/resume-sevenl33-v2-25/o/assets%2Fscss%2F_general.scss?generation=1758237140279319\u0026alt=media",
            "metadata": {},
            "name": "assets/scss/_general.scss",
            "output_name": "assets/scss/_general.scss",
            "retention": [],
            "self_link": "https://www.googleapis.com/storage/v1/b/resume-sevenl33-v2-25/o/assets%2Fscss%2F_general.scss",
            "source": "../frontend/website/assets/scss/_general.scss",
            "storage_class": "STANDARD",
            "temporary_hold": false,
            "timeouts": null
          },
          "sensitive_attributes": [],
          "private": "eyJlMmJmYjczMC1lY2FhLTExZTYtOGY4OC0zNDM2M2JjN2M0YzAiOnsiY3JlYXRlIjoyNDAwMDAwMDAwMDAsImRlbGV0ZSI6MjQwMDAwMDAwMDAwLCJ1cGRhdGUiOjI0MDAwMDAwMDAwMH19",
          "dependencies": [
            "google_storage_bucket.resume_site"
          ]
        },
        {
          "index_key": "assets/scss/_header.scss",
          "schema_version": 0,
          "attributes": {
            "bucket": "resume-sevenl33-v2-25",
            "cache_control": "",
            "content": null,
            "content_disposition": "",
            "content_encoding": "",
            "content_language": "",
            "content_type": "text/plain; charset=utf-8",
            "crc32c": "KPMfkQ==",
            "customer_encryption": [],
            "detect_md5hash": "ejNC3KhluLNpYPskeKrhHg==",
            "event_based_hold": false,
            "generation": 1758237142594260,
            "id": "resume-sevenl33-v2-25-assets/scss/_header.scss",
            "kms_key_name": "",
            "md5hash": "ejNC3KhluLNpYPskeKrhHg==",
            "media_link": "https://storage.googleapis.com/download/storage/v1/b/resume-sevenl33-v2-25/o/assets%2Fscss%2F_header.scss?generation=1758237142594260\u0026alt=media",
            "metadata": {},
            "name": "assets/scss/_header.scss",
            "output_name": "assets/scss/_header.scss",
            "retention": [],
            "self_link": "https://www.googleapis.com/storage/v1/b/resume-sevenl33-v2-25/o/assets%2Fscss%2F_header.scss",
            "source": "../frontend/website/assets/scss/_header.scss",
            "storage_class": "STANDARD",
            "temporary_hold": false,
            "timeouts": null
          },
          "sensitive_attributes": [],
          "private": "eyJlMmJmYjczMC1lY2FhLTExZTYtOGY4OC0zNDM2M2JjN2M0YzAiOnsiY3JlYXRlIjoyNDAwMDAwMDAwMDAsImRlbGV0ZSI6MjQwMDAwMDAwMDAwLCJ1cGRhdGUiOjI0MDAwMDAwMDAwMH19",
          "dependencies": [
            "google_storage_bucket.resume_site"
          ]
        },
        {
          "index_key": "assets/scss/_hero.scss",
          "schema_version": 0,
          "attributes": {
            "bucket": "resume-sevenl33-v2-25",
            "cache_control": "",
            "content": null,
            "content_disposition": "",
            "content_encoding": "",
            "content_language": "",
            "content_type": "text/plain; charset=utf-8",
            "crc32c": "XoZYSA==",
            "customer_encryption": [],
            "detect_md5hash": "LsE+YrrqJ0ho5ZRu/Ky+Jw==",
            "event_based_hold": false,
            "generation": 1758237143498727,
            "id": "resume-sevenl33-v2-25-assets/scss/_hero.scss",
            "kms_key_name": "",
            "md5hash": "LsE+YrrqJ0ho5ZRu/Ky+Jw==",
            "media_link": "https://storage.googleapis.com/download/storage/v1/b/resume-sevenl33-v2-25/o/assets%2Fscss%2F_hero.scss?generation=1758237143498727\u0026alt=media",
            "metadata": {},
            "name": "assets/scss/_hero.scss",
            "output_name": "assets/scss/_hero.scss",
            "retention": [],
            "self_link": "https://www.googleapis.com/storage/v1/b/resume-sevenl33-v2-25/o/assets%2Fscss%2F_hero.scss",
            "source": "../frontend/website/assets/scss/_hero.scss",
            "storage_class": "STANDARD",
            "temporary_hold": false,
            "timeouts": null
          },
          "sensitive_attributes": [],
          "private": "eyJlMmJmYjczMC1lY2FhLTExZTYtOGY4OC0zNDM2M2JjN2M0YzAiOnsiY3JlYXRlIjoyNDAwMDAwMDAwMDAsImRlbGV0ZSI6MjQwMDAwMDAwMDAwLCJ1cGRhdGUiOjI0MDAwMDAwMDAwMH19",
          "dependencies": [
            "google_storage_bucket.resume_site"
          ]
        },
        {
          "index_key": "assets/scss/_nav.scss",
          "schema_version": 0,
          "attributes": {
            "bucket": "resume-sevenl33-v2-25",
            "cache_control": "",
            "content": null,
            "content_disposition": "",
            "content_encoding": "",
            "content_language": "",
            "content_type": "text/plain; charset=utf-8",
            "crc32c": "b1TPiw==",
            "customer_encryption": [],
            "detect_md5hash": "o0fDLSivwwpfoEQ9NNkDaA==",
            "event_based_hold": false,
            "generation": 1758237140204459,
            "id": "resume-sevenl33-v2-25-assets/scss/_nav.scss",
            "kms_key_name": "",
            "md5hash": "o0fDLSivwwpfoEQ9NNkDaA==",
            "media_link": "https://storage.googleapis.com/download/storage/v1/b/resume-sevenl33-v2-25/o/assets%2Fscss%2F_nav.scss?generation=1758237140204459\u0026alt=media",
            "metadata": {},
            "name": "assets/scss/_nav.scss",
            "output_name": "assets/scss/_nav.scss",
            "retention": [],
            "self_link": "https://www.googleapis.com/storage/v1/b/resume-sevenl33-v2-25/o/assets%2Fscss%2F_nav.scss",
            "source": "../frontend/website/assets/scss/_nav.scss",
            "storage_class": "STANDARD",
            "temporary_hold": false,
            "timeouts": null
          },
          "sensitive_attributes": [],
          "private": "eyJlMmJmYjczMC1lY2FhLTExZTYtOGY4OC0zNDM2M2JjN2M0YzAiOnsiY3JlYXRlIjoyNDAwMDAwMDAwMDAsImRlbGV0ZSI6MjQwMDAwMDAwMDAwLCJ1cGRhdGUiOjI0MDAwMDAwMDAwMH19",
          "dependencies": [
            "google_storage_bucket.resume_site"
          ]
        },
        {
          "index_key": "assets/scss/_sections.scss",
          "schema_version": 0,
          "attributes": {
            "bucket": "resume-sevenl33-v2-25",
            "cache_control": "",
            "content": null,
            "content_disposition": "",
            "content_encoding": "",
            "content_language": "",
            "content_type": "text/plain; charset=utf-8",
            "crc32c": "rN99fA==",
            "customer_encryption": [],
            "detect_md5hash": "gmZ41CFNTXUZ3OItTzjEgA==",
            "event_based_hold": false,
            "generation": 1758237142455182,
            "id": "resume-sevenl33-v2-25-assets/scss/_sections.scss",
            "kms_key_name": "",
            "md5hash": "gmZ41CFNTXUZ3OItTzjEgA==",
            "media_link": "https://storage.googleapis.com/download/storage/v1/b/resume-sevenl33-v2-25/o/assets%2Fscss%2F_sections.scss?generation=1758237142455182\u0026alt=media",
            "metadata": {},
            "name": "assets/scss/_sections.scss",
            "output_name": "assets/scss/_sections.scss",
            "retention": [],
            "self_link": "https://www.googleapis.com/storage/v1/b/resume-sevenl33-v2-25/o/assets%2Fscss%2F_sections.scss",
            "source": "../frontend/website/assets/scss/_sections.scss",
            "storage_class": "STANDARD",
            "temporary_hold": false,
            "timeouts": null
          },
          "sensitive_attributes": [],
          "private": "eyJlMmJmYjczMC1lY2FhLTExZTYtOGY4OC0zNDM2M2JjN2M0YzAiOnsiY3JlYXRlIjoyNDAwMDAwMDAwMDAsImRlbGV0ZSI6MjQwMDAwMDAwMDAwLCJ1cGRhdGUiOjI0MDAwMDAwMDAwMH19",
          "dependencies": [
            "google_storage_bucket.resume_site"
          ]
        },
        {
          "index_key": "assets/scss/_variables.scss",
          "schema_version": 0,
          "attributes": {
            "bucket": "resume-sevenl33-v2-25",
            "cache_control": "",
            "content": null,
            "content_disposition": "",
            "content_encoding": "",
            "content_language": "",
            "content_type": "text/plain; charset=utf-8",
            "crc32c": "fJ1rzw==",
            "customer_encryption": [],
            "detect_md5hash": "QBr0CrDmBiR3LrNJpOkAtw==",
            "event_based_hold": false,
            "generation": 1758237141662098,
            "id": "resume-sevenl33-v2-25-assets/scss/_variables.scss",
            "kms_key_name": "",
            "md5hash": "QBr0CrDmBiR3LrNJpOkAtw==",
            "media_link": "https://storage.googleapis.com/download/storage/v1/b/resume-sevenl33-v2-25/o/assets%2Fscss%2F_variables.scss?generation=1758237141662098\u0026alt=media",
            "metadata": {},
            "name": "assets/scss/_variables.scss",
            "output_name": "assets/scss/_variables.scss",
            "retention": [],
            "self_link": "https://www.googleapis.com/storage/v1/b/resume-sevenl33-v2-25/o/assets%2Fscss%2F_variables.scss",
            "source": "../frontend/website/assets/scss/_variables.scss",
            "storage_class": "STANDARD",
            "temporary_hold": false,
            "timeouts": null
          },
          "sensitive_attributes": [],
          "private": "eyJlMmJmYjczMC1lY2FhLTExZTYtOGY4OC0zNDM2M2JjN2M0YzAiOnsiY3JlYXRlIjoyNDAwMDAwMDAwMDAsImRlbGV0ZSI6MjQwMDAwMDAwMDAwLCJ1cGRhdGUiOjI0MDAwMDAwMDAwMH19",
          "dependencies": [
            "google_storage_bucket.resume_site"
          ]
        },
        {
          "index_key": "assets/scss/style.scss",
          "schema_version": 0,
          "attributes": {
            "bucket": "resume-sevenl33-v2-25",
            "cache_control": "",
            "content": null,
            "content_disposition": "",
            "content_encoding": "",
            "content_language": "",
            "content_type": "text/plain; charset=utf-8",
            "crc32c": "iryi3g==",
            "customer_encryption": [],
            "detect_md5hash": "x+79iud9y2fvWCssYXxd/w==",
            "event_based_hold": false,
            "generation": 1758237141162411,
            "id": "resume-sevenl33-v2-25-assets/scss/style.scss",
            "kms_key_name": "",
            "md5hash": "x+79iud9y2fvWCssYXxd/w==",
            "media_link": "https://storage.googleapis.com/download/storage/v1/b/resume-sevenl33-v2-25/o/assets%2Fscss%2Fstyle.scss?generation=1758237141162411\u0026alt=media",
            "metadata": {},
            "name": "assets/scss/style.scss",
            "output_name": "assets/scss/style.scss",
            "retention": [],
            "self_link": "https://www.googleapis.com/storage/v1/b/resume-sevenl33-v2-25/o/assets%2Fscss%2Fstyle.scss",
            "source": "../frontend/website/assets/scss/style.scss",
            "storage_class": "STANDARD",
            "temporary_hold": false,
            "timeouts": null
          },
          "sensitive_attributes": [],
          "private": "eyJlMmJmYjczMC1lY2FhLTExZTYtOGY4OC0zNDM2M2JjN2M0YzAiOnsiY3JlYXRlIjoyNDAwMDAwMDAwMDAsImRlbGV0ZSI6MjQwMDAwMDAwMDAwLCJ1cGRhdGUiOjI0MDAwMDAwMDAwMH19",
          "dependencies": [
            "google_storage_bucket.resume_site"
          ]
        },
        {
          "index_key": "assets/vendor/.DS_Store",
          "schema_version": 0,
          "attributes": {
            "bucket": "resume-sevenl33-v2-25",
            "cache_control": "",
            "content": null,
            "content_disposition": "",
            "content_encoding": "",
            "content_language": "",
            "content_type": "application/octet-stream",
            "crc32c": "fBQ8Mw==",
            "customer_encryption": [],
            "detect_md5hash": "M+JII+tJgZKF+UrTS9xbiw==",
            "event_based_hold": false,
            "generation": 1758237139834090,
            "id": "resume-sevenl33-v2-25-assets/vendor/.DS_Store",
            "kms_key_name": "",
            "md5hash": "M+JII+tJgZKF+UrTS9xbiw==",
            "media_link": "https://storage.googleapis.com/download/storage/v1/b/resume-sevenl33-v2-25/o/assets%2Fvendor%2F.DS_Store?generation=1758237139834090\u0026alt=media",
            "metadata": {},
            "name": "assets/vendor/.DS_Store",
            "output_name": "assets/vendor/.DS_Store",
            "retention": [],
            "self_link": "https://www.googleapis.com/storage/v1/b/resume-sevenl33-v2-25/o/assets%2Fvendor%2F.DS_Store",
            "source": "../frontend/website/assets/vendor/.DS_Store",
            "storage_class": "STANDARD",
            "temporary_hold": false,
            "timeouts": null
          },
          "sensitive_attributes": [],
          "private": "eyJlMmJmYjczMC1lY2FhLTExZTYtOGY4OC0zNDM2M2JjN2M0YzAiOnsiY3JlYXRlIjoyNDAwMDAwMDAwMDAsImRlbGV0ZSI6MjQwMDAwMDAwMDAwLCJ1cGRhdGUiOjI0MDAwMDAwMDAwMH19",
          "dependencies": [
            "google_storage_bucket.resume_site"
          ]
        },
        {
          "index_key": "assets/vendor/aos/aos.cjs.js",
          "schema_version": 0,
          "attributes": {
            "bucket": "resume-sevenl33-v2-25",
            "cache_control": "",
            "content": null,
            "content_disposition": "",
            "content_encoding": "",
            "content_language": "",
            "content_type": "text/plain; charset=utf-8",
            "crc32c": "XGQP6Q==",
            "customer_encryption": [],
            "detect_md5hash": "2fTHYzbiZ2cbsYIC+Rei/A==",
            "event_based_hold": false,
            "generation": 1758237140530782,
            "id": "resume-sevenl33-v2-25-assets/vendor/aos/aos.cjs.js",
            "kms_key_name": "",
            "md5hash": "2fTHYzbiZ2cbsYIC+Rei/A==",
            "media_link": "https://storage.googleapis.com/download/storage/v1/b/resume-sevenl33-v2-25/o/assets%2Fvendor%2Faos%2Faos.cjs.js?generation=1758237140530782\u0026alt=media",
            "metadata": {},
            "name": "assets/vendor/aos/aos.cjs.js",
            "output_name": "assets/vendor/aos/aos.cjs.js",
            "retention": [],
            "self_link": "https://www.googleapis.com/storage/v1/b/resume-sevenl33-v2-25/o/assets%2Fvendor%2Faos%2Faos.cjs.js",
            "source": "../frontend/website/assets/vendor/aos/aos.cjs.js",
            "storage_class": "STANDARD",
            "temporary_hold": false,
            "timeouts": null
          },
          "sensitive_attributes": [],
          "private": "eyJlMmJmYjczMC1lY2FhLTExZTYtOGY4OC0zNDM2M2JjN2M0YzAiOnsiY3JlYXRlIjoyNDAwMDAwMDAwMDAsImRlbGV0ZSI6MjQwMDAwMDAwMDAwLCJ1cGRhdGUiOjI0MDAwMDAwMDAwMH19",
          "dependencies": [
            "google_storage_bucket.resume_site"
          ]
        },
        {
          "index_key": "assets/vendor/aos/aos.css",
          "schema_version": 0,
          "attributes": {
            "bucket": "resume-sevenl33-v2-25",
            "cache_control": "",
            "content": null,
            "content_disposition": "",
            "content_encoding": "",
            "content_language": "",
            "content_type": "text/plain; charset=utf-8",
            "crc32c": "EXyoSg==",
            "customer_encryption": [],
            "detect_md5hash": "a7VUUxgDiiz7OKGVgcWB+Q==",
            "event_based_hold": false,
            "generation": 1758237144157845,
            "id": "resume-sevenl33-v2-25-assets/vendor/aos/aos.css",
            "kms_key_name": "",
            "md5hash": "a7VUUxgDiiz7OKGVgcWB+Q==",
            "media_link": "https://storage.googleapis.com/download/storage/v1/b/resume-sevenl33-v2-25/o/assets%2Fvendor%2Faos%2Faos.css?generation=1758237144157845\u0026alt=media",
            "metadata": {},
            "name": "assets/vendor/aos/aos.css",
            "output_name": "assets/vendor/aos/aos.css",
            "retention": [],
            "self_link": "https://www.googleapis.com/storage/v1/b/resume-sevenl33-v2-25/o/assets%2Fvendor%2Faos%2Faos.css",
            "source": "../frontend/website/assets/vendor/aos/aos.css",
            "storage_class": "STANDARD",
            "temporary_hold": false,
            "timeouts": null
          },
          "sensitive_attributes": [],
          "private": "eyJlMmJmYjczMC1lY2FhLTExZTYtOGY4OC0zNDM2M2JjN2M0YzAiOnsiY3JlYXRlIjoyNDAwMDAwMDAwMDAsImRlbGV0ZSI6MjQwMDAwMDAwMDAwLCJ1cGRhdGUiOjI0MDAwMDAwMDAwMH19",
          "dependencies": [
            "google_storage_bucket.resume_site"
          ]
        },
        {
          "index_key": "assets/vendor/aos/aos.esm.js",
          "schema_version": 0,
          "attributes": {
            "bucket": "resume-sevenl33-v2-25",
            "cache_control": "",
            "content": null,
            "content_disposition": "",
            "content_encoding": "",
            "content_language": "",
            "content_type": "text/plain; charset=utf-8",
            "crc32c": "kL10KA==",
            "customer_encryption": [],
            "detect_md5hash": "s+6xJPft+x9ZmmgJgeIiTQ==",
            "event_based_hold": false,
            "generation": 1758237143998286,
            "id": "resume-sevenl33-v2-25-assets/vendor/aos/aos.esm.js",
            "kms_key_name": "",
            "md5hash": "s+6xJPft+x9ZmmgJgeIiTQ==",
            "media_link": "https://storage.googleapis.com/download/storage/v1/b/resume-sevenl33-v2-25/o/assets%2Fvendor%2Faos%2Faos.esm.js?generation=1758237143998286\u0026alt=media",
            "metadata": {},
            "name": "assets/vendor/aos/aos.esm.js",
            "output_name": "assets/vendor/aos/aos.esm.js",
            "retention": [],
            "self_link": "https://www.googleapis.com/storage/v1/b/resume-sevenl33-v2-25/o/assets%2Fvendor%2Faos%2Faos.esm.js",
            "source": "../frontend/website/assets/vendor/aos/aos.esm.js",
            "storage_class": "STANDARD",
            "temporary_hold": false,
            "timeouts": null
          },
          "sensitive_attributes": [],
          "private": "eyJlMmJmYjczMC1lY2FhLTExZTYtOGY4OC0zNDM2M2JjN2M0YzAiOnsiY3JlYXRlIjoyNDAwMDAwMDAwMDAsImRlbGV0ZSI6MjQwMDAwMDAwMDAwLCJ1cGRhdGUiOjI0MDAwMDAwMDAwMH19",
          "dependencies": [
            "google_storage_bucket.resume_site"
          ]
        },
        {
          "index_key": "assets/vendor/aos/aos.js",
          "schema_version": 0,
          "attributes": {
            "bucket": "resume-sevenl33-v2-25",
            "cache_control": "",
            "content": null,
            "content_disposition": "",
            "content_encoding": "",
            "content_language": "",
            "content_type": "text/plain; charset=utf-8",
            "crc32c": "mkb1pA==",
            "customer_encryption": [],
            "detect_md5hash": "qiC24EGNIPuGsHHmcLKyBw==",
            "event_based_hold": false,
            "generation": 1758237145761099,
            "id": "resume-sevenl33-v2-25-assets/vendor/aos/aos.js",
            "kms_key_name": "",
            "md5hash": "qiC24EGNIPuGsHHmcLKyBw==",
            "media_link": "https://storage.googleapis.com/download/storage/v1/b/resume-sevenl33-v2-25/o/assets%2Fvendor%2Faos%2Faos.js?generation=1758237145761099\u0026alt=media",
            "metadata": {},
            "name": "assets/vendor/aos/aos.js",
            "output_name": "assets/vendor/aos/aos.js",
            "retention": [],
            "self_link": "https://www.googleapis.com/storage/v1/b/resume-sevenl33-v2-25/o/assets%2Fvendor%2Faos%2Faos.js",
            "source": "../frontend/website/assets/vendor/aos/aos.js",
            "storage_class": "STANDARD",
            "temporary_hold": false,
            "timeouts": null
          },
          "sensitive_attributes": [],
          "private": "eyJlMmJmYjczMC1lY2FhLTExZTYtOGY4OC0zNDM2M2JjN2M0YzAiOnsiY3JlYXRlIjoyNDAwMDAwMDAwMDAsImRlbGV0ZSI6MjQwMDAwMDAwMDAwLCJ1cGRhdGUiOjI0MDAwMDAwMDAwMH19",
          "dependencies": [
            "google_storage_bucket.resume_site"
          ]
        },
        {
          "index_key": "assets/vendor/aos/aos.js.map",
          "schema_version": 0,
          "attributes": {
            "bucket": "resume-sevenl33-v2-25",
            "cache_control": "",
            "content": null,
            "content_disposition": "",
            "content_encoding": "",
            "content_language": "",
            "content_type": "text/plain; charset=utf-8",
            "crc32c": "++T10A==",
            "customer_encryption": [],
            "detect_md5hash": "tho1LpVsQ4D/U/h9C66h6A==",
            "event_based_hold": false,
            "generation": 1758237143454745,
            "id": "resume-sevenl33-v2-25-assets/vendor/aos/aos.js.map",
            "kms_key_name": "",
            "md5hash": "tho1LpVsQ4D/U/h9C66h6A==",
            "media_link": "https://storage.googleapis.com/download/storage/v1/b/resume-sevenl33-v2-25/o/assets%2Fvendor%2Faos%2Faos.js.map?generation=1758237143454745\u0026alt=media",
            "metadata": {},
            "name": "assets/vendor/aos/aos.js.map",
            "output_name": "assets/vendor/aos/aos.js.map",
            "retention": [],
            "self_link": "https://www.googleapis.com/storage/v1/b/resume-sevenl33-v2-25/o/assets%2Fvendor%2Faos%2Faos.js.map",
            "source": "../frontend/website/assets/vendor/aos/aos.js.map",
            "storage_class": "STANDARD",
            "temporary_hold": false,
            "timeouts": null
          },
          "sensitive_attributes": [],
          "private": "eyJlMmJmYjczMC1lY2FhLTExZTYtOGY4OC0zNDM2M2JjN2M0YzAiOnsiY3JlYXRlIjoyNDAwMDAwMDAwMDAsImRlbGV0ZSI6MjQwMDAwMDAwMDAwLCJ1cGRhdGUiOjI0MDAwMDAwMDAwMH19",
          "dependencies": [
            "google_storage_bucket.resume_site"
          ]
        },
        {
          "index_key": "assets/vendor/bootstrap-icons/bootstrap-icons.css",
          "schema_version": 0,
          "attributes": {
            "bucket": "resume-sevenl33-v2-25",
            "cache_control": "",
            "content": null,
            "content_disposition": "",
            "content_encoding": "",
            "content_language": "",
            "content_type": "text/plain; charset=utf-8",
            "crc32c": "tJ9Nzg==",
            "customer_encryption": [],
            "detect_md5hash": "7fdEiKmTyEsmay3jucFEVg==",
            "event_based_hold": false,
            "generation": 1758237142899005,
            "id": "resume-sevenl33-v2-25-assets/vendor/bootstrap-icons/bootstrap-icons.css",
            "kms_key_name": "",
            "md5hash": "7fdEiKmTyEsmay3jucFEVg==",
            "media_link": "https://storage.googleapis.com/download/storage/v1/b/resume-sevenl33-v2-25/o/assets%2Fvendor%2Fbootstrap-icons%2Fbootstrap-icons.css?generation=1758237142899005\u0026alt=media",
            "metadata": {},
            "name": "assets/vendor/bootstrap-icons/bootstrap-icons.css",
            "output_name": "assets/vendor/bootstrap-icons/bootstrap-icons.css",
            "retention": [],
            "self_link": "https://www.googleapis.com/storage/v1/b/resume-sevenl33-v2-25/o/assets%2Fvendor%2Fbootstrap-icons%2Fbootstrap-icons.css",
            "source": "../frontend/website/assets/vendor/bootstrap-icons/bootstrap-icons.css",
            "storage_class": "STANDARD",
            "temporary_hold": false,
            "timeouts": null
          },
          "sensitive_attributes": [],
          "private": "eyJlMmJmYjczMC1lY2FhLTExZTYtOGY4OC0zNDM2M2JjN2M0YzAiOnsiY3JlYXRlIjoyNDAwMDAwMDAwMDAsImRlbGV0ZSI6MjQwMDAwMDAwMDAwLCJ1cGRhdGUiOjI0MDAwMDAwMDAwMH19",
          "dependencies": [
            "google_storage_bucket.resume_site"
          ]
        },
        {
          "index_key": "assets/vendor/bootstrap-icons/bootstrap-icons.json",
          "schema_version": 0,
          "attributes": {
            "bucket": "resume-sevenl33-v2-25",
            "cache_control": "",
            "content": null,
            "content_disposition": "",
            "content_encoding": "",
            "content_language": "",
            "content_type": "text/plain; charset=utf-8",
            "crc32c": "U8Bw8g==",
            "customer_encryption": [],
            "detect_md5hash": "oY1+K+6ygM9SQ22UEWGt/Q==",
            "event_based_hold": false,
            "generation": 1758237141862675,
            "id": "resume-sevenl33-v2-25-assets/vendor/bootstrap-icons/bootstrap-icons.json",
            "kms_key_name": "",
            "md5hash": "oY1+K+6ygM9SQ22UEWGt/Q==",
            "media_link": "https://storage.googleapis.com/download/storage/v1/b/resume-sevenl33-v2-25/o/assets%2Fvendor%2Fbootstrap-icons%2Fbootstrap-icons.json?generation=1758237141862675\u0026alt=media",
            "metadata": {},
            "name": "assets/vendor/bootstrap-icons/bootstrap-icons.json",
            "output_name": "assets/vendor/bootstrap-icons/bootstrap-icons.json",
            "retention": [],
            "self_link": "https://www.googleapis.com/storage/v1/b/resume-sevenl33-v2-25/o/assets%2Fvendor%2Fbootstrap-icons%2Fbootstrap-icons.json",
            "source": "../frontend/website/assets/vendor/bootstrap-icons/bootstrap-icons.json",
            "storage_class": "STANDARD",
            "temporary_hold": false,
            "timeouts": null
          },
          "sensitive_attributes": [],
          "private": "eyJlMmJmYjczMC1lY2FhLTExZTYtOGY4OC0zNDM2M2JjN2M0YzAiOnsiY3JlYXRlIjoyNDAwMDAwMDAwMDAsImRlbGV0ZSI6MjQwMDAwMDAwMDAwLCJ1cGRhdGUiOjI0MDAwMDAwMDAwMH19",
          "dependencies": [
            "google_storage_bucket.resume_site"
          ]
        },
        {
          "index_key": "assets/vendor/bootstrap-icons/bootstrap-icons.min.css",
          "schema_version": 0,
          "attributes": {
            "bucket": "resume-sevenl33-v2-25",
            "cache_control": "",
            "content": null,
            "content_disposition": "",
            "content_encoding": "",
            "content_language": "",
            "content_type": "text/plain; charset=utf-8",
            "crc32c": "Fg8qDA==",
            "customer_encryption": [],
            "detect_md5hash": "IpqtHKf/DRLCmMnoe3R9uA==",
            "event_based_hold": false,
            "generation": 1758237140203207,
            "id": "resume-sevenl33-v2-25-assets/vendor/bootstrap-icons/bootstrap-icons.min.css",
            "kms_key_name": "",
            "md5hash": "IpqtHKf/DRLCmMnoe3R9uA==",
            "media_link": "https://storage.googleapis.com/download/storage/v1/b/resume-sevenl33-v2-25/o/assets%2Fvendor%2Fbootstrap-icons%2Fbootstrap-icons.min.css?generation=1758237140203207\u0026alt=media",
            "metadata": {},
            "name": "assets/vendor/bootstrap-icons/bootstrap-icons.min.css",
            "output_name": "assets/vendor/bootstrap-icons/bootstrap-icons.min.css",
            "retention": [],
            "self_link": "https://www.googleapis.com/storage/v1/b/resume-sevenl33-v2-25/o/assets%2Fvendor%2Fbootstrap-icons%2Fbootstrap-icons.min.css",
            "source": "../frontend/website/assets/vendor/bootstrap-icons/bootstrap-icons.min.css",
            "storage_class": "STANDARD",
            "temporary_hold": false,
            "timeouts": null
          },
          "sensitive_attributes": [],
          "private": "eyJlMmJmYjczMC1lY2FhLTExZTYtOGY4OC0zNDM2M2JjN2M0YzAiOnsiY3JlYXRlIjoyNDAwMDAwMDAwMDAsImRlbGV0ZSI6MjQwMDAwMDAwMDAwLCJ1cGRhdGUiOjI0MDAwMDAwMDAwMH19",
          "dependencies": [
            "google_storage_bucket.resume_site"
          ]
        },
        {
          "index_key": "assets/vendor/bootstrap-icons/bootstrap-icons.scss",
          "schema_version": 0,
          "attributes": {
            "bucket": "resume-sevenl33-v2-25",
            "cache_control": "",
            "content": null,
            "content_disposition": "",
            "content_encoding": "",
            "content_language": "",
            "content_type": "text/plain; charset=utf-8",
            "crc32c": "NZYAgQ==",
            "customer_encryption": [],
            "detect_md5hash": "kf/1Ukm9b95HfvGEFJ6dcg==",
            "event_based_hold": false,
            "generation": 1758237141974004,
            "id": "resume-sevenl33-v2-25-assets/vendor/bootstrap-icons/bootstrap-icons.scss",
            "kms_key_name": "",
            "md5hash": "kf/1Ukm9b95HfvGEFJ6dcg==",
            "media_link": "https://storage.googleapis.com/download/storage/v1/b/resume-sevenl33-v2-25/o/assets%2Fvendor%2Fbootstrap-icons%2Fbootstrap-icons.scss?generation=1758237141974004\u0026alt=media",
            "metadata": {},
            "name": "assets/vendor/bootstrap-icons/bootstrap-icons.scss",
            "output_name": "assets/vendor/bootstrap-icons/bootstrap-icons.scss",
            "retention": [],
            "self_link": "https://www.googleapis.com/storage/v1/b/resume-sevenl33-v2-25/o/assets%2Fvendor%2Fbootstrap-icons%2Fbootstrap-icons.scss",
            "source": "../frontend/website/assets/vendor/bootstrap-icons/bootstrap-icons.scss",
            "storage_class": "STANDARD",
            "temporary_hold": false,
            "timeouts": null
          },
          "sensitive_attributes": [],
          "private": "eyJlMmJmYjczMC1lY2FhLTExZTYtOGY4OC0zNDM2M2JjN2M0YzAiOnsiY3JlYXRlIjoyNDAwMDAwMDAwMDAsImRlbGV0ZSI6MjQwMDAwMDAwMDAwLCJ1cGRhdGUiOjI0MDAwMDAwMDAwMH19",
          "dependencies": [
            "google_storage_bucket.resume_site"
          ]
        },
        {
          "index_key": "assets/vendor/bootstrap-icons/fonts/bootstrap-icons.woff",
          "schema_version": 0,
          "attributes": {
            "bucket": "resume-sevenl33-v2-25",
            "cache_control": "",
            "content": null,
            "content_disposition": "",
            "content_encoding": "",
            "content_language": "",
            "content_type": "font/woff",
            "crc32c": "mNLDdA==",
            "customer_encryption": [],
            "detect_md5hash": "GlHfvlRnYHOJ1gPAKnfNEA==",
            "event_based_hold": false,
            "generation": 1758237143362403,
            "id": "resume-sevenl33-v2-25-assets/vendor/bootstrap-icons/fonts/bootstrap-icons.woff",
            "kms_key_name": "",
            "md5hash": "GlHfvlRnYHOJ1gPAKnfNEA==",
            "media_link": "https://storage.googleapis.com/download/storage/v1/b/resume-sevenl33-v2-25/o/assets%2Fvendor%2Fbootstrap-icons%2Ffonts%2Fbootstrap-icons.woff?generation=1758237143362403\u0026alt=media",
            "metadata": {},
            "name": "assets/vendor/bootstrap-icons/fonts/bootstrap-icons.woff",
            "output_name": "assets/vendor/bootstrap-icons/fonts/bootstrap-icons.woff",
            "retention": [],
            "self_link": "https://www.googleapis.com/storage/v1/b/resume-sevenl33-v2-25/o/assets%2Fvendor%2Fbootstrap-icons%2Ffonts%2Fbootstrap-icons.woff",
            "source": "../frontend/website/assets/vendor/bootstrap-icons/fonts/bootstrap-icons.woff",
            "storage_class": "STANDARD",
            "temporary_hold": false,
            "timeouts": null
          },
          "sensitive_attributes": [],
          "private": "eyJlMmJmYjczMC1lY2FhLTExZTYtOGY4OC0zNDM2M2JjN2M0YzAiOnsiY3JlYXRlIjoyNDAwMDAwMDAwMDAsImRlbGV0ZSI6MjQwMDAwMDAwMDAwLCJ1cGRhdGUiOjI0MDAwMDAwMDAwMH19",
          "dependencies": [
            "google_storage_bucket.resume_site"
          ]
        },
        {
          "index_key": "assets/vendor/bootstrap-icons/fonts/bootstrap-icons.woff2",
          "schema_version": 0,
          "attributes": {
            "bucket": "resume-sevenl33-v2-25",
            "cache_control": "",
            "content": null,
            "content_disposition": "",
            "content_encoding": "",
            "content_language": "",
            "content_type": "font/woff2",
            "crc32c": "3x0N6Q==",
            "customer_encryption": [],
            "detect_md5hash": "7WK58eDHUSH015ekqFcwog==",
            "event_based_hold": false,
            "generation": 1758237143852705,
            "id": "resume-sevenl33-v2-25-assets/vendor/bootstrap-icons/fonts/bootstrap-icons.woff2",
            "kms_key_name": "",
            "md5hash": "7WK58eDHUSH015ekqFcwog==",
            "media_link": "https://storage.googleapis.com/download/storage/v1/b/resume-sevenl33-v2-25/o/assets%2Fvendor%2Fbootstrap-icons%2Ffonts%2Fbootstrap-icons.woff2?generation=1758237143852705\u0026alt=media",
            "metadata": {},
            "name": "assets/vendor/bootstrap-icons/fonts/bootstrap-icons.woff2",
            "output_name": "assets/vendor/bootstrap-icons/fonts/bootstrap-icons.woff2",
            "retention": [],
            "self_link": "https://www.googleapis.com/storage/v1/b/resume-sevenl33-v2-25/o/assets%2Fvendor%2Fbootstrap-icons%2Ffonts%2Fbootstrap-icons.woff2",
            "source": "../frontend/website/assets/vendor/bootstrap-icons/fonts/bootstrap-icons.woff2",
            "storage_class": "STANDARD",
            "temporary_hold": false,
            "timeouts": null
          },
          "sensitive_attributes": [],
          "private": "eyJlMmJmYjczMC1lY2FhLTExZTYtOGY4OC0zNDM2M2JjN2M0YzAiOnsiY3JlYXRlIjoyNDAwMDAwMDAwMDAsImRlbGV0ZSI6MjQwMDAwMDAwMDAwLCJ1cGRhdGUiOjI0MDAwMDAwMDAwMH19",
          "dependencies": [
            "google_storage_bucket.resume_site"
          ]
        },
        {
          "index_key": "assets/vendor/bootstrap/css/bootstrap-grid.css",
          "schema_version": 0,
          "attributes": {
            "bucket": "resume-sevenl33-v2-25",
            "cache_control": "",
            "content": null,
            "content_disposition": "",
            "content_encoding": "",
            "content_language": "",
            "content_type": "text/plain; charset=utf-8",
            "crc32c": "kH4lEw==",
            "customer_encryption": [],
            "detect_md5hash": "C4Sb7bv6ny95+9oV2ZrfYA==",
            "event_based_hold": false,
            "generation": 1758237141970127,
            "id": "resume-sevenl33-v2-25-assets/vendor/bootstrap/css/bootstrap-grid.css",
            "kms_key_name": "",
            "md5hash": "C4Sb7bv6ny95+9oV2ZrfYA==",
            "media_link": "https://storage.googleapis.com/download/storage/v1/b/resume-sevenl33-v2-25/o/assets%2Fvendor%2Fbootstrap%2Fcss%2Fbootstrap-grid.css?generation=1758237141970127\u0026alt=media",
            "metadata": {},
            "name": "assets/vendor/bootstrap/css/bootstrap-grid.css",
            "output_name": "assets/vendor/bootstrap/css/bootstrap-grid.css",
            "retention": [],
            "self_link": "https://www.googleapis.com/storage/v1/b/resume-sevenl33-v2-25/o/assets%2Fvendor%2Fbootstrap%2Fcss%2Fbootstrap-grid.css",
            "source": "../frontend/website/assets/vendor/bootstrap/css/bootstrap-grid.css",
            "storage_class": "STANDARD",
            "temporary_hold": false,
            "timeouts": null
          },
          "sensitive_attributes": [],
          "private": "eyJlMmJmYjczMC1lY2FhLTExZTYtOGY4OC0zNDM2M2JjN2M0YzAiOnsiY3JlYXRlIjoyNDAwMDAwMDAwMDAsImRlbGV0ZSI6MjQwMDAwMDAwMDAwLCJ1cGRhdGUiOjI0MDAwMDAwMDAwMH19",
          "dependencies": [
            "google_storage_bucket.resume_site"
          ]
        },
        {
          "index_key": "assets/vendor/bootstrap/css/bootstrap-grid.css.map",
          "schema_version": 0,
          "attributes": {
            "bucket": "resume-sevenl33-v2-25",
            "cache_control": "",
            "content": null,
            "content_disposition": "",
            "content_encoding": "",
            "content_language": "",
            "content_type": "text/plain; charset=utf-8",
            "crc32c": "7sXstA==",
            "customer_encryption": [],
            "detect_md5hash": "xbX0Jb1y1Q0g+HBAPs9wNw==",
            "event_based_hold": false,
            "generation": 1758237140870349,
            "id": "resume-sevenl33-v2-25-assets/vendor/bootstrap/css/bootstrap-grid.css.map",
            "kms_key_name": "",
            "md5hash": "xbX0Jb1y1Q0g+HBAPs9wNw==",
            "media_link": "https://storage.googleapis.com/download/storage/v1/b/resume-sevenl33-v2-25/o/assets%2Fvendor%2Fbootstrap%2Fcss%2Fbootstrap-grid.css.map?generation=1758237140870349\u0026alt=media",
            "metadata": {},
            "name": "assets/vendor/bootstrap/css/bootstrap-grid.css.map",
            "output_name": "assets/vendor/bootstrap/css/bootstrap-grid.css.map",
            "retention": [],
            "self_link": "https://www.googleapis.com/storage/v1/b/resume-sevenl33-v2-25/o/assets%2Fvendor%2Fbootstrap%2Fcss%2Fbootstrap-grid.css.map",
            "source": "../frontend/website/assets/vendor/bootstrap/css/bootstrap-grid.css.map",
            "storage_class": "STANDARD",
            "temporary_hold": false,
            "timeouts": null
          },
          "sensitive_attributes": [],
          "private": "eyJlMmJmYjczMC1lY2FhLTExZTYtOGY4OC0zNDM2M2JjN2M0YzAiOnsiY3JlYXRlIjoyNDAwMDAwMDAwMDAsImRlbGV0ZSI6MjQwMDAwMDAwMDAwLCJ1cGRhdGUiOjI0MDAwMDAwMDAwMH19",
          "dependencies": [
            "google_storage_bucket.resume_site"
          ]
        },
        {
          "index_key": "assets/vendor/bootstrap/css/bootstrap-grid.min.css",
          "schema_version": 0,
          "attributes": {
            "bucket": "resume-sevenl33-v2-25",
            "cache_control": "",
            "content": null,
            "content_disposition": "",
            "content_encoding": "",
            "content_language": "",
            "content_type": "text/plain; charset=utf-8",
            "crc32c": "juz42Q==",
            "customer_encryption": [],
            "detect_md5hash": "OdhuA4H/xw15Rvtk9xlsNQ==",
            "event_based_hold": false,
            "generation": 1758237144852294,
            "id": "resume-sevenl33-v2-25-assets/vendor/bootstrap/css/bootstrap-grid.min.css",
            "kms_key_name": "",
            "md5hash": "OdhuA4H/xw15Rvtk9xlsNQ==",
            "media_link": "https://storage.googleapis.com/download/storage/v1/b/resume-sevenl33-v2-25/o/assets%2Fvendor%2Fbootstrap%2Fcss%2Fbootstrap-grid.min.css?generation=1758237144852294\u0026alt=media",
            "metadata": {},
            "name": "assets/vendor/bootstrap/css/bootstrap-grid.min.css",
            "output_name": "assets/vendor/bootstrap/css/bootstrap-grid.min.css",
            "retention": [],
            "self_link": "https://www.googleapis.com/storage/v1/b/resume-sevenl33-v2-25/o/assets%2Fvendor%2Fbootstrap%2Fcss%2Fbootstrap-grid.min.css",
            "source": "../frontend/website/assets/vendor/bootstrap/css/bootstrap-grid.min.css",
            "storage_class": "STANDARD",
            "temporary_hold": false,
            "timeouts": null
          },
          "sensitive_attributes": [],
          "private": "eyJlMmJmYjczMC1lY2FhLTExZTYtOGY4OC0zNDM2M2JjN2M0YzAiOnsiY3JlYXRlIjoyNDAwMDAwMDAwMDAsImRlbGV0ZSI6MjQwMDAwMDAwMDAwLCJ1cGRhdGUiOjI0MDAwMDAwMDAwMH19",
          "dependencies": [
            "google_storage_bucket.resume_site"
          ]
        },
        {
          "index_key": "assets/vendor/bootstrap/css/bootstrap-grid.min.css.map",
          "schema_version": 0,
          "attributes": {
            "bucket": "resume-sevenl33-v2-25",
            "cache_control": "",
            "content": null,
            "content_disposition": "",
            "content_encoding": "",
            "content_language": "",
            "content_type": "text/plain; charset=utf-8",
            "crc32c": "IlIJgg==",
            "customer_encryption": [],
            "detect_md5hash": "1S0fF7jHMDFZk34Re4vFLQ==",
            "event_based_hold": false,
            "generation": 1758237144463667,
            "id": "resume-sevenl33-v2-25-assets/vendor/bootstrap/css/bootstrap-grid.min.css.map",
            "kms_key_name": "",
            "md5hash": "1S0fF7jHMDFZk34Re4vFLQ==",
            "media_link": "https://storage.googleapis.com/download/storage/v1/b/resume-sevenl33-v2-25/o/assets%2Fvendor%2Fbootstrap%2Fcss%2Fbootstrap-grid.min.css.map?generation=1758237144463667\u0026alt=media",
            "metadata": {},
            "name": "assets/vendor/bootstrap/css/bootstrap-grid.min.css.map",
            "output_name": "assets/vendor/bootstrap/css/bootstrap-grid.min.css.map",
            "retention": [],
            "self_link": "https://www.googleapis.com/storage/v1/b/resume-sevenl33-v2-25/o/assets%2Fvendor%2Fbootstrap%2Fcss%2Fbootstrap-grid.min.css.map",
            "source": "../frontend/website/assets/vendor/bootstrap/css/bootstrap-grid.min.css.map",
            "storage_class": "STANDARD",
            "temporary_hold": false,
            "timeouts": null
          },
          "sensitive_attributes": [],
          "private": "eyJlMmJmYjczMC1lY2FhLTExZTYtOGY4OC0zNDM2M2JjN2M0YzAiOnsiY3JlYXRlIjoyNDAwMDAwMDAwMDAsImRlbGV0ZSI6MjQwMDAwMDAwMDAwLCJ1cGRhdGUiOjI0MDAwMDAwMDAwMH19",
          "dependencies": [
            "google_storage_bucket.resume_site"
          ]
        },
        {
          "index_key": "assets/vendor/bootstrap/css/bootstrap-grid.rtl.css",
          "schema_version": 0,
          "attributes": {
            "bucket": "resume-sevenl33-v2-25",
            "cache_control": "",
            "content": null,
            "content_disposition": "",
            "content_encoding": "",
            "content_language": "",
            "content_type": "text/plain; charset=utf-8",
            "crc32c": "BwBcBA==",
            "customer_encryption": [],
            "detect_md5hash": "1wM4FEBlhDc9NENEcl3Iww==",
            "event_based_hold": false,
            "generation": 1758237141664170,
            "id": "resume-sevenl33-v2-25-assets/vendor/bootstrap/css/bootstrap-grid.rtl.css",
            "kms_key_name": "",
            "md5hash": "1wM4FEBlhDc9NENEcl3Iww==",
            "media_link": "https://storage.googleapis.com/download/storage/v1/b/resume-sevenl33-v2-25/o/assets%2Fvendor%2Fbootstrap%2Fcss%2Fbootstrap-grid.rtl.css?generation=1758237141664170\u0026alt=media",
            "metadata": {},
            "name": "assets/vendor/bootstrap/css/bootstrap-grid.rtl.css",
            "output_name": "assets/vendor/bootstrap/css/bootstrap-grid.rtl.css",
            "retention": [],
            "self_link": "https://www.googleapis.com/storage/v1/b/resume-sevenl33-v2-25/o/assets%2Fvendor%2Fbootstrap%2Fcss%2Fbootstrap-grid.rtl.css",
            "source": "../frontend/website/assets/vendor/bootstrap/css/bootstrap-grid.rtl.css",
            "storage_class": "STANDARD",
            "temporary_hold": false,
            "timeouts": null
          },
          "sensitive_attributes": [],
          "private": "eyJlMmJmYjczMC1lY2FhLTExZTYtOGY4OC0zNDM2M2JjN2M0YzAiOnsiY3JlYXRlIjoyNDAwMDAwMDAwMDAsImRlbGV0ZSI6MjQwMDAwMDAwMDAwLCJ1cGRhdGUiOjI0MDAwMDAwMDAwMH19",
          "dependencies": [
            "google_storage_bucket.resume_site"
          ]
        },
        {
          "index_key": "assets/vendor/bootstrap/css/bootstrap-grid.rtl.css.map",
          "schema_version": 0,
          "attributes": {
            "bucket": "resume-sevenl33-v2-25",
            "cache_control": "",
            "content": null,
            "content_disposition": "",
            "content_encoding": "",
            "content_language": "",
            "content_type": "text/plain; charset=utf-8",
            "crc32c": "HU1DQQ==",
            "customer_encryption": [],
            "detect_md5hash": "OtqlzOq/NCwIJlnMe9UePQ==",
            "event_based_hold": false,
            "generation": 1758237140590196,
            "id": "resume-sevenl33-v2-25-assets/vendor/bootstrap/css/bootstrap-grid.rtl.css.map",
            "kms_key_name": "",
            "md5hash": "OtqlzOq/NCwIJlnMe9UePQ==",
            "media_link": "https://storage.googleapis.com/download/storage/v1/b/resume-sevenl33-v2-25/o/assets%2Fvendor%2Fbootstrap%2Fcss%2Fbootstrap-grid.rtl.css.map?generation=1758237140590196\u0026alt=media",
            "metadata": {},
            "name": "assets/vendor/bootstrap/css/bootstrap-grid.rtl.css.map",
            "output_name": "assets/vendor/bootstrap/css/bootstrap-grid.rtl.css.map",
            "retention": [],
            "self_link": "https://www.googleapis.com/storage/v1/b/resume-sevenl33-v2-25/o/assets%2Fvendor%2Fbootstrap%2Fcss%2Fbootstrap-grid.rtl.css.map",
            "source": "../frontend/website/assets/vendor/bootstrap/css/bootstrap-grid.rtl.css.map",
            "storage_class": "STANDARD",
            "temporary_hold": false,
            "timeouts": null
          },
          "sensitive_attributes": [],
          "private": "eyJlMmJmYjczMC1lY2FhLTExZTYtOGY4OC0zNDM2M2JjN2M0YzAiOnsiY3JlYXRlIjoyNDAwMDAwMDAwMDAsImRlbGV0ZSI6MjQwMDAwMDAwMDAwLCJ1cGRhdGUiOjI0MDAwMDAwMDAwMH19",
          "dependencies": [
            "google_storage_bucket.resume_site"
          ]
        },
        {
          "index_key": "assets/vendor/bootstrap/css/bootstrap-grid.rtl.min.css",
          "schema_version": 0,
          "attributes": {
            "bucket": "resume-sevenl33-v2-25",
            "cache_control": "",
            "content": null,
            "content_disposition": "",
            "content_encoding": "",
            "content_language": "",
            "content_type": "text/plain; charset=utf-8",
            "crc32c": "HVUj3Q==",
            "customer_encryption": [],
            "detect_md5hash": "4qhm6tz3QzxN3uWG6CdK+w==",
            "event_based_hold": false,
            "generation": 1758237145160172,
            "id": "resume-sevenl33-v2-25-assets/vendor/bootstrap/css/bootstrap-grid.rtl.min.css",
            "kms_key_name": "",
            "md5hash": "4qhm6tz3QzxN3uWG6CdK+w==",
            "media_link": "https://storage.googleapis.com/download/storage/v1/b/resume-sevenl33-v2-25/o/assets%2Fvendor%2Fbootstrap%2Fcss%2Fbootstrap-grid.rtl.min.css?generation=1758237145160172\u0026alt=media",
            "metadata": {},
            "name": "assets/vendor/bootstrap/css/bootstrap-grid.rtl.min.css",
            "output_name": "assets/vendor/bootstrap/css/bootstrap-grid.rtl.min.css",
            "retention": [],
            "self_link": "https://www.googleapis.com/storage/v1/b/resume-sevenl33-v2-25/o/assets%2Fvendor%2Fbootstrap%2Fcss%2Fbootstrap-grid.rtl.min.css",
            "source": "../frontend/website/assets/vendor/bootstrap/css/bootstrap-grid.rtl.min.css",
            "storage_class": "STANDARD",
            "temporary_hold": false,
            "timeouts": null
          },
          "sensitive_attributes": [],
          "private": "eyJlMmJmYjczMC1lY2FhLTExZTYtOGY4OC0zNDM2M2JjN2M0YzAiOnsiY3JlYXRlIjoyNDAwMDAwMDAwMDAsImRlbGV0ZSI6MjQwMDAwMDAwMDAwLCJ1cGRhdGUiOjI0MDAwMDAwMDAwMH19",
          "dependencies": [
            "google_storage_bucket.resume_site"
          ]
        },
        {
          "index_key": "assets/vendor/bootstrap/css/bootstrap-grid.rtl.min.css.map",
          "schema_version": 0,
          "attributes": {
            "bucket": "resume-sevenl33-v2-25",
            "cache_control": "",
            "content": null,
            "content_disposition": "",
            "content_encoding": "",
            "content_language": "",
            "content_type": "text/plain; charset=utf-8",
            "crc32c": "FtMjuw==",
            "customer_encryption": [],
            "detect_md5hash": "R7pspfdn2fLqL/DHl/iGXg==",
            "event_based_hold": false,
            "generation": 1758237142462966,
            "id": "resume-sevenl33-v2-25-assets/vendor/bootstrap/css/bootstrap-grid.rtl.min.css.map",
            "kms_key_name": "",
            "md5hash": "R7pspfdn2fLqL/DHl/iGXg==",
            "media_link": "https://storage.googleapis.com/download/storage/v1/b/resume-sevenl33-v2-25/o/assets%2Fvendor%2Fbootstrap%2Fcss%2Fbootstrap-grid.rtl.min.css.map?generation=1758237142462966\u0026alt=media",
            "metadata": {},
            "name": "assets/vendor/bootstrap/css/bootstrap-grid.rtl.min.css.map",
            "output_name": "assets/vendor/bootstrap/css/bootstrap-grid.rtl.min.css.map",
            "retention": [],
            "self_link": "https://www.googleapis.com/storage/v1/b/resume-sevenl33-v2-25/o/assets%2Fvendor%2Fbootstrap%2Fcss%2Fbootstrap-grid.rtl.min.css.map",
            "source": "../frontend/website/assets/vendor/bootstrap/css/bootstrap-grid.rtl.min.css.map",
            "storage_class": "STANDARD",
            "temporary_hold": false,
            "timeouts": null
          },
          "sensitive_attributes": [],
          "private": "eyJlMmJmYjczMC1lY2FhLTExZTYtOGY4OC0zNDM2M2JjN2M0YzAiOnsiY3JlYXRlIjoyNDAwMDAwMDAwMDAsImRlbGV0ZSI6MjQwMDAwMDAwMDAwLCJ1cGRhdGUiOjI0MDAwMDAwMDAwMH19",
          "dependencies": [
            "google_storage_bucket.resume_site"
          ]
        },
        {
          "index_key": "assets/vendor/bootstrap/css/bootstrap-reboot.css",
          "schema_version": 0,
          "attributes": {
            "bucket": "resume-sevenl33-v2-25",
            "cache_control": "",
            "content": null,
            "content_disposition": "",
            "content_encoding": "",
            "content_language": "",
            "content_type": "text/plain; charset=utf-8",
            "crc32c": "wUwidg==",
            "customer_encryption": [],
            "detect_md5hash": "GVX8CqS1tGHGFouImNHqiA==",
            "event_based_hold": false,
            "generation": 1758237143456866,
            "id": "resume-sevenl33-v2-25-assets/vendor/bootstrap/css/bootstrap-reboot.css",
            "kms_key_name": "",
            "md5hash": "GVX8CqS1tGHGFouImNHqiA==",
            "media_link": "https://storage.googleapis.com/download/storage/v1/b/resume-sevenl33-v2-25/o/assets%2Fvendor%2Fbootstrap%2Fcss%2Fbootstrap-reboot.css?generation=1758237143456866\u0026alt=media",
            "metadata": {},
            "name": "assets/vendor/bootstrap/css/bootstrap-reboot.css",
            "output_name": "assets/vendor/bootstrap/css/bootstrap-reboot.css",
            "retention": [],
            "self_link": "https://www.googleapis.com/storage/v1/b/resume-sevenl33-v2-25/o/assets%2Fvendor%2Fbootstrap%2Fcss%2Fbootstrap-reboot.css",
            "source": "../frontend/website/assets/vendor/bootstrap/css/bootstrap-reboot.css",
            "storage_class": "STANDARD",
            "temporary_hold": false,
            "timeouts": null
          },
          "sensitive_attributes": [],
          "private": "eyJlMmJmYjczMC1lY2FhLTExZTYtOGY4OC0zNDM2M2JjN2M0YzAiOnsiY3JlYXRlIjoyNDAwMDAwMDAwMDAsImRlbGV0ZSI6MjQwMDAwMDAwMDAwLCJ1cGRhdGUiOjI0MDAwMDAwMDAwMH19",
          "dependencies": [
            "google_storage_bucket.resume_site"
          ]
        },
        {
          "index_key": "assets/vendor/bootstrap/css/bootstrap-reboot.css.map",
          "schema_version": 0,
          "attributes": {
            "bucket": "resume-sevenl33-v2-25",
            "cache_control": "",
            "content": null,
            "content_disposition": "",
            "content_encoding": "",
            "content_language": "",
            "content_type": "text/plain; charset=utf-8",
            "crc32c": "0aCxvQ==",
            "customer_encryption": [],
            "detect_md5hash": "8Jfb+UzeqfEQRt2XxSbQRg==",
            "event_based_hold": false,
            "generation": 1758237145362624,
            "id": "resume-sevenl33-v2-25-assets/vendor/bootstrap/css/bootstrap-reboot.css.map",
            "kms_key_name": "",
            "md5hash": "8Jfb+UzeqfEQRt2XxSbQRg==",
            "media_link": "https://storage.googleapis.com/download/storage/v1/b/resume-sevenl33-v2-25/o/assets%2Fvendor%2Fbootstrap%2Fcss%2Fbootstrap-reboot.css.map?generation=1758237145362624\u0026alt=media",
            "metadata": {},
            "name": "assets/vendor/bootstrap/css/bootstrap-reboot.css.map",
            "output_name": "assets/vendor/bootstrap/css/bootstrap-reboot.css.map",
            "retention": [],
            "self_link": "https://www.googleapis.com/storage/v1/b/resume-sevenl33-v2-25/o/assets%2Fvendor%2Fbootstrap%2Fcss%2Fbootstrap-reboot.css.map",
            "source": "../frontend/website/assets/vendor/bootstrap/css/bootstrap-reboot.css.map",
            "storage_class": "STANDARD",
            "temporary_hold": false,
            "timeouts": null
          },
          "sensitive_attributes": [],
          "private": "eyJlMmJmYjczMC1lY2FhLTExZTYtOGY4OC0zNDM2M2JjN2M0YzAiOnsiY3JlYXRlIjoyNDAwMDAwMDAwMDAsImRlbGV0ZSI6MjQwMDAwMDAwMDAwLCJ1cGRhdGUiOjI0MDAwMDAwMDAwMH19",
          "dependencies": [
            "google_storage_bucket.resume_site"
          ]
        },
        {
          "index_key": "assets/vendor/bootstrap/css/bootstrap-reboot.min.css",
          "schema_version": 0,
          "attributes": {
            "bucket": "resume-sevenl33-v2-25",
            "cache_control": "",
            "content": null,
            "content_disposition": "",
            "content_encoding": "",
            "content_language": "",
            "content_type": "text/plain; charset=utf-8",
            "crc32c": "F/pbKw==",
            "customer_encryption": [],
            "detect_md5hash": "S9nH6dpSy38sA0y4JUtEOQ==",
            "event_based_hold": false,
            "generation": 1758237139918059,
            "id": "resume-sevenl33-v2-25-assets/vendor/bootstrap/css/bootstrap-reboot.min.css",
            "kms_key_name": "",
            "md5hash": "S9nH6dpSy38sA0y4JUtEOQ==",
            "media_link": "https://storage.googleapis.com/download/storage/v1/b/resume-sevenl33-v2-25/o/assets%2Fvendor%2Fbootstrap%2Fcss%2Fbootstrap-reboot.min.css?generation=1758237139918059\u0026alt=media",
            "metadata": {},
            "name": "assets/vendor/bootstrap/css/bootstrap-reboot.min.css",
            "output_name": "assets/vendor/bootstrap/css/bootstrap-reboot.min.css",
            "retention": [],
            "self_link": "https://www.googleapis.com/storage/v1/b/resume-sevenl33-v2-25/o/assets%2Fvendor%2Fbootstrap%2Fcss%2Fbootstrap-reboot.min.css",
            "source": "../frontend/website/assets/vendor/bootstrap/css/bootstrap-reboot.min.css",
            "storage_class": "STANDARD",
            "temporary_hold": false,
            "timeouts": null
          },
          "sensitive_attributes": [],
          "private": "eyJlMmJmYjczMC1lY2FhLTExZTYtOGY4OC0zNDM2M2JjN2M0YzAiOnsiY3JlYXRlIjoyNDAwMDAwMDAwMDAsImRlbGV0ZSI6MjQwMDAwMDAwMDAwLCJ1cGRhdGUiOjI0MDAwMDAwMDAwMH19",
          "dependencies": [
            "google_storage_bucket.resume_site"
          ]
        },
        {
          "index_key": "assets/vendor/bootstrap/css/bootstrap-reboot.min.css.map",
          "schema_version": 0,
          "attributes": {
            "bucket": "resume-sevenl33-v2-25",
            "cache_control": "",
            "content": null,
            "content_disposition": "",
            "content_encoding": "",
            "content_language": "",
            "content_type": "text/plain; charset=utf-8",
            "crc32c": "uH/1Bg==",
            "customer_encryption": [],
            "detect_md5hash": "dEpQxkL/6XTWdv0fjmd42w==",
            "event_based_hold": false,
            "generation": 1758237144559542,
            "id": "resume-sevenl33-v2-25-assets/vendor/bootstrap/css/bootstrap-reboot.min.css.map",
            "kms_key_name": "",
            "md5hash": "dEpQxkL/6XTWdv0fjmd42w==",
            "media_link": "https://storage.googleapis.com/download/storage/v1/b/resume-sevenl33-v2-25/o/assets%2Fvendor%2Fbootstrap%2Fcss%2Fbootstrap-reboot.min.css.map?generation=1758237144559542\u0026alt=media",
            "metadata": {},
            "name": "assets/vendor/bootstrap/css/bootstrap-reboot.min.css.map",
            "output_name": "assets/vendor/bootstrap/css/bootstrap-reboot.min.css.map",
            "retention": [],
            "self_link": "https://www.googleapis.com/storage/v1/b/resume-sevenl33-v2-25/o/assets%2Fvendor%2Fbootstrap%2Fcss%2Fbootstrap-reboot.min.css.map",
            "source": "../frontend/website/assets/vendor/bootstrap/css/bootstrap-reboot.min.css.map",
            "storage_class": "STANDARD",
            "temporary_hold": false,
            "timeouts": null
          },
          "sensitive_attributes": [],
          "private": "eyJlMmJmYjczMC1lY2FhLTExZTYtOGY4OC0zNDM2M2JjN2M0YzAiOnsiY3JlYXRlIjoyNDAwMDAwMDAwMDAsImRlbGV0ZSI6MjQwMDAwMDAwMDAwLCJ1cGRhdGUiOjI0MDAwMDAwMDAwMH19",
          "dependencies": [
            "google_storage_bucket.resume_site"
          ]
        },
        {
          "index_key": "assets/vendor/bootstrap/css/bootstrap-reboot.rtl.css",
          "schema_version": 0,
          "attributes": {
            "bucket": "resume-sevenl33-v2-25",
            "cache_control": "",
            "content": null,
            "content_disposition": "",
            "content_encoding": "",
            "content_language": "",
            "content_type": "text/plain; charset=utf-8",
            "crc32c": "lCeyQQ==",
            "customer_encryption": [],
            "detect_md5hash": "4CqUU/i3sBpU/+pG9HGw8w==",
            "event_based_hold": false,
            "generation": 1758237144357543,
            "id": "resume-sevenl33-v2-25-assets/vendor/bootstrap/css/bootstrap-reboot.rtl.css",
            "kms_key_name": "",
            "md5hash": "4CqUU/i3sBpU/+pG9HGw8w==",
            "media_link": "https://storage.googleapis.com/download/storage/v1/b/resume-sevenl33-v2-25/o/assets%2Fvendor%2Fbootstrap%2Fcss%2Fbootstrap-reboot.rtl.css?generation=1758237144357543\u0026alt=media",
            "metadata": {},
            "name": "assets/vendor/bootstrap/css/bootstrap-reboot.rtl.css",
            "output_name": "assets/vendor/bootstrap/css/bootstrap-reboot.rtl.css",
            "retention": [],
            "self_link": "https://www.googleapis.com/storage/v1/b/resume-sevenl33-v2-25/o/assets%2Fvendor%2Fbootstrap%2Fcss%2Fbootstrap-reboot.rtl.css",
            "source": "../frontend/website/assets/vendor/bootstrap/css/bootstrap-reboot.rtl.css",
            "storage_class": "STANDARD",
            "temporary_hold": false,
            "timeouts": null
          },
          "sensitive_attributes": [],
          "private": "eyJlMmJmYjczMC1lY2FhLTExZTYtOGY4OC0zNDM2M2JjN2M0YzAiOnsiY3JlYXRlIjoyNDAwMDAwMDAwMDAsImRlbGV0ZSI6MjQwMDAwMDAwMDAwLCJ1cGRhdGUiOjI0MDAwMDAwMDAwMH19",
          "dependencies": [
            "google_storage_bucket.resume_site"
          ]
        },
        {
          "index_key": "assets/vendor/bootstrap/css/bootstrap-reboot.rtl.css.map",
          "schema_version": 0,
          "attributes": {
            "bucket": "resume-sevenl33-v2-25",
            "cache_control": "",
            "content": null,
            "content_disposition": "",
            "content_encoding": "",
            "content_language": "",
            "content_type": "text/plain; charset=utf-8",
            "crc32c": "LeL7Lg==",
            "customer_encryption": [],
            "detect_md5hash": "DQ2TScQBuE3lJRjs+Qo/OA==",
            "event_based_hold": false,
            "generation": 1758237143961712,
            "id": "resume-sevenl33-v2-25-assets/vendor/bootstrap/css/bootstrap-reboot.rtl.css.map",
            "kms_key_name": "",
            "md5hash": "DQ2TScQBuE3lJRjs+Qo/OA==",
            "media_link": "https://storage.googleapis.com/download/storage/v1/b/resume-sevenl33-v2-25/o/assets%2Fvendor%2Fbootstrap%2Fcss%2Fbootstrap-reboot.rtl.css.map?generation=1758237143961712\u0026alt=media",
            "metadata": {},
            "name": "assets/vendor/bootstrap/css/bootstrap-reboot.rtl.css.map",
            "output_name": "assets/vendor/bootstrap/css/bootstrap-reboot.rtl.css.map",
            "retention": [],
            "self_link": "https://www.googleapis.com/storage/v1/b/resume-sevenl33-v2-25/o/assets%2Fvendor%2Fbootstrap%2Fcss%2Fbootstrap-reboot.rtl.css.map",
            "source": "../frontend/website/assets/vendor/bootstrap/css/bootstrap-reboot.rtl.css.map",
            "storage_class": "STANDARD",
            "temporary_hold": false,
            "timeouts": null
          },
          "sensitive_attributes": [],
          "private": "eyJlMmJmYjczMC1lY2FhLTExZTYtOGY4OC0zNDM2M2JjN2M0YzAiOnsiY3JlYXRlIjoyNDAwMDAwMDAwMDAsImRlbGV0ZSI6MjQwMDAwMDAwMDAwLCJ1cGRhdGUiOjI0MDAwMDAwMDAwMH19",
          "dependencies": [
            "google_storage_bucket.resume_site"
          ]
        },
        {
          "index_key": "assets/vendor/bootstrap/css/bootstrap-reboot.rtl.min.css",
          "schema_version": 0,
          "attributes": {
            "bucket": "resume-sevenl33-v2-25",
            "cache_control": "",
            "content": null,
            "content_disposition": "",
            "content_encoding": "",
            "content_language": "",
            "content_type": "text/plain; charset=utf-8",
            "crc32c": "oeOyog==",
            "customer_encryption": [],
            "detect_md5hash": "6jfnjRStw8K5l6N+1kBRgg==",
            "event_based_hold": false,
            "generation": 1758237142167061,
            "id": "resume-sevenl33-v2-25-assets/vendor/bootstrap/css/bootstrap-reboot.rtl.min.css",
            "kms_key_name": "",
            "md5hash": "6jfnjRStw8K5l6N+1kBRgg==",
            "media_link": "https://storage.googleapis.com/download/storage/v1/b/resume-sevenl33-v2-25/o/assets%2Fvendor%2Fbootstrap%2Fcss%2Fbootstrap-reboot.rtl.min.css?generation=1758237142167061\u0026alt=media",
            "metadata": {},
            "name": "assets/vendor/bootstrap/css/bootstrap-reboot.rtl.min.css",
            "output_name": "assets/vendor/bootstrap/css/bootstrap-reboot.rtl.min.css",
            "retention": [],
            "self_link": "https://www.googleapis.com/storage/v1/b/resume-sevenl33-v2-25/o/assets%2Fvendor%2Fbootstrap%2Fcss%2Fbootstrap-reboot.rtl.min.css",
            "source": "../frontend/website/assets/vendor/bootstrap/css/bootstrap-reboot.rtl.min.css",
            "storage_class": "STANDARD",
            "temporary_hold": false,
            "timeouts": null
          },
          "sensitive_attributes": [],
          "private": "eyJlMmJmYjczMC1lY2FhLTExZTYtOGY4OC0zNDM2M2JjN2M0YzAiOnsiY3JlYXRlIjoyNDAwMDAwMDAwMDAsImRlbGV0ZSI6MjQwMDAwMDAwMDAwLCJ1cGRhdGUiOjI0MDAwMDAwMDAwMH19",
          "dependencies": [
            "google_storage_bucket.resume_site"
          ]
        },
        {
          "index_key": "assets/vendor/bootstrap/css/bootstrap-reboot.rtl.min.css.map",
          "schema_version": 0,
          "attributes": {
            "bucket": "resume-sevenl33-v2-25",
            "cache_control": "",
            "content": null,
            "content_disposition": "",
            "content_encoding": "",
            "content_language": "",
            "content_type": "text/plain; charset=utf-8",
            "crc32c": "qgjfyg==",
            "customer_encryption": [],
            "detect_md5hash": "5K9FwwpPVUSDv4+LLNM+Iw==",
            "event_based_hold": false,
            "generation": 1758237140702049,
            "id": "resume-sevenl33-v2-25-assets/vendor/bootstrap/css/bootstrap-reboot.rtl.min.css.map",
            "kms_key_name": "",
            "md5hash": "5K9FwwpPVUSDv4+LLNM+Iw==",
            "media_link": "https://storage.googleapis.com/download/storage/v1/b/resume-sevenl33-v2-25/o/assets%2Fvendor%2Fbootstrap%2Fcss%2Fbootstrap-reboot.rtl.min.css.map?generation=1758237140702049\u0026alt=media",
            "metadata": {},
            "name": "assets/vendor/bootstrap/css/bootstrap-reboot.rtl.min.css.map",
            "output_name": "assets/vendor/bootstrap/css/bootstrap-reboot.rtl.min.css.map",
            "retention": [],
            "self_link": "https://www.googleapis.com/storage/v1/b/resume-sevenl33-v2-25/o/assets%2Fvendor%2Fbootstrap%2Fcss%2Fbootstrap-reboot.rtl.min.css.map",
            "source": "../frontend/website/assets/vendor/bootstrap/css/bootstrap-reboot.rtl.min.css.map",
            "storage_class": "STANDARD",
            "temporary_hold": false,
            "timeouts": null
          },
          "sensitive_attributes": [],
          "private": "eyJlMmJmYjczMC1lY2FhLTExZTYtOGY4OC0zNDM2M2JjN2M0YzAiOnsiY3JlYXRlIjoyNDAwMDAwMDAwMDAsImRlbGV0ZSI6MjQwMDAwMDAwMDAwLCJ1cGRhdGUiOjI0MDAwMDAwMDAwMH19",
          "dependencies": [
            "google_storage_bucket.resume_site"
          ]
        },
        {
          "index_key": "assets/vendor/bootstrap/css/bootstrap-utilities.css",
          "schema_version": 0,
          "attributes": {
            "bucket": "resume-sevenl33-v2-25",
            "cache_control": "",
            "content": null,
            "content_disposition": "",
            "content_encoding": "",
            "content_language": "",
            "content_type": "text/plain; charset=utf-8",
            "crc32c": "cK6iHQ==",
            "customer_encryption": [],
            "detect_md5hash": "4382j7gPg05CE0bicU3iUw==",
            "event_based_hold": false,
            "generation": 1758237142060185,
            "id": "resume-sevenl33-v2-25-assets/vendor/bootstrap/css/bootstrap-utilities.css",
            "kms_key_name": "",
            "md5hash": "4382j7gPg05CE0bicU3iUw==",
            "media_link": "https://storage.googleapis.com/download/storage/v1/b/resume-sevenl33-v2-25/o/assets%2Fvendor%2Fbootstrap%2Fcss%2Fbootstrap-utilities.css?generation=1758237142060185\u0026alt=media",
            "metadata": {},
            "name": "assets/vendor/bootstrap/css/bootstrap-utilities.css",
            "output_name": "assets/vendor/bootstrap/css/bootstrap-utilities.css",
            "retention": [],
            "self_link": "https://www.googleapis.com/storage/v1/b/resume-sevenl33-v2-25/o/assets%2Fvendor%2Fbootstrap%2Fcss%2Fbootstrap-utilities.css",
            "source": "../frontend/website/assets/vendor/bootstrap/css/bootstrap-utilities.css",
            "storage_class": "STANDARD",
            "temporary_hold": false,
            "timeouts": null
          },
          "sensitive_attributes": [],
          "private": "eyJlMmJmYjczMC1lY2FhLTExZTYtOGY4OC0zNDM2M2JjN2M0YzAiOnsiY3JlYXRlIjoyNDAwMDAwMDAwMDAsImRlbGV0ZSI6MjQwMDAwMDAwMDAwLCJ1cGRhdGUiOjI0MDAwMDAwMDAwMH19",
          "dependencies": [
            "google_storage_bucket.resume_site"
          ]
        },
        {
          "index_key": "assets/vendor/bootstrap/css/bootstrap-utilities.css.map",
          "schema_version": 0,
          "attributes": {
            "bucket": "resume-sevenl33-v2-25",
            "cache_control": "",
            "content": null,
            "content_disposition": "",
            "content_encoding": "",
            "content_language": "",
            "content_type": "text/plain; charset=utf-8",
            "crc32c": "huiALA==",
            "customer_encryption": [],
            "detect_md5hash": "ufauKRxsdLNRJfk692VKxg==",
            "event_based_hold": false,
            "generation": 1758237141854089,
            "id": "resume-sevenl33-v2-25-assets/vendor/bootstrap/css/bootstrap-utilities.css.map",
            "kms_key_name": "",
            "md5hash": "ufauKRxsdLNRJfk692VKxg==",
            "media_link": "https://storage.googleapis.com/download/storage/v1/b/resume-sevenl33-v2-25/o/assets%2Fvendor%2Fbootstrap%2Fcss%2Fbootstrap-utilities.css.map?generation=1758237141854089\u0026alt=media",
            "metadata": {},
            "name": "assets/vendor/bootstrap/css/bootstrap-utilities.css.map",
            "output_name": "assets/vendor/bootstrap/css/bootstrap-utilities.css.map",
            "retention": [],
            "self_link": "https://www.googleapis.com/storage/v1/b/resume-sevenl33-v2-25/o/assets%2Fvendor%2Fbootstrap%2Fcss%2Fbootstrap-utilities.css.map",
            "source": "../frontend/website/assets/vendor/bootstrap/css/bootstrap-utilities.css.map",
            "storage_class": "STANDARD",
            "temporary_hold": false,
            "timeouts": null
          },
          "sensitive_attributes": [],
          "private": "eyJlMmJmYjczMC1lY2FhLTExZTYtOGY4OC0zNDM2M2JjN2M0YzAiOnsiY3JlYXRlIjoyNDAwMDAwMDAwMDAsImRlbGV0ZSI6MjQwMDAwMDAwMDAwLCJ1cGRhdGUiOjI0MDAwMDAwMDAwMH19",
          "dependencies": [
            "google_storage_bucket.resume_site"
          ]
        },
        {
          "index_key": "assets/vendor/bootstrap/css/bootstrap-utilities.min.css",
          "schema_version": 0,
          "attributes": {
            "bucket": "resume-sevenl33-v2-25",
            "cache_control": "",
            "content": null,
            "content_disposition": "",
            "content_encoding": "",
            "content_language": "",
            "content_type": "text/plain; charset=utf-8",
            "crc32c": "jFVp2Q==",
            "customer_encryption": [],
            "detect_md5hash": "wgUgBDsv71ePVmZFAv7vKQ==",
            "event_based_hold": false,
            "generation": 1758237143059112,
            "id": "resume-sevenl33-v2-25-assets/vendor/bootstrap/css/bootstrap-utilities.min.css",
            "kms_key_name": "",
            "md5hash": "wgUgBDsv71ePVmZFAv7vKQ==",
            "media_link": "https://storage.googleapis.com/download/storage/v1/b/resume-sevenl33-v2-25/o/assets%2Fvendor%2Fbootstrap%2Fcss%2Fbootstrap-utilities.min.css?generation=1758237143059112\u0026alt=media",
            "metadata": {},
            "name": "assets/vendor/bootstrap/css/bootstrap-utilities.min.css",
            "output_name": "assets/vendor/bootstrap/css/bootstrap-utilities.min.css",
            "retention": [],
            "self_link": "https://www.googleapis.com/storage/v1/b/resume-sevenl33-v2-25/o/assets%2Fvendor%2Fbootstrap%2Fcss%2Fbootstrap-utilities.min.css",
            "source": "../frontend/website/assets/vendor/bootstrap/css/bootstrap-utilities.min.css",
            "storage_class": "STANDARD",
            "temporary_hold": false,
            "timeouts": null
          },
          "sensitive_attributes": [],
          "private": "eyJlMmJmYjczMC1lY2FhLTExZTYtOGY4OC0zNDM2M2JjN2M0YzAiOnsiY3JlYXRlIjoyNDAwMDAwMDAwMDAsImRlbGV0ZSI6MjQwMDAwMDAwMDAwLCJ1cGRhdGUiOjI0MDAwMDAwMDAwMH19",
          "dependencies": [
            "google_storage_bucket.resume_site"
          ]
        },
        {
          "index_key": "assets/vendor/bootstrap/css/bootstrap-utilities.min.css.map",
          "schema_version": 0,
          "attributes": {
            "bucket": "resume-sevenl33-v2-25",
            "cache_control": "",
            "content": null,
            "content_disposition": "",
            "content_encoding": "",
            "content_language": "",
            "content_type": "text/plain; charset=utf-8",
            "crc32c": "0BZQNg==",
            "customer_encryption": [],
            "detect_md5hash": "ZanclUjRYAX7CjWGwZk+1g==",
            "event_based_hold": false,
            "generation": 1758237140977762,
            "id": "resume-sevenl33-v2-25-assets/vendor/bootstrap/css/bootstrap-utilities.min.css.map",
            "kms_key_name": "",
            "md5hash": "ZanclUjRYAX7CjWGwZk+1g==",
            "media_link": "https://storage.googleapis.com/download/storage/v1/b/resume-sevenl33-v2-25/o/assets%2Fvendor%2Fbootstrap%2Fcss%2Fbootstrap-utilities.min.css.map?generation=1758237140977762\u0026alt=media",
            "metadata": {},
            "name": "assets/vendor/bootstrap/css/bootstrap-utilities.min.css.map",
            "output_name": "assets/vendor/bootstrap/css/bootstrap-utilities.min.css.map",
            "retention": [],
            "self_link": "https://www.googleapis.com/storage/v1/b/resume-sevenl33-v2-25/o/assets%2Fvendor%2Fbootstrap%2Fcss%2Fbootstrap-utilities.min.css.map",
            "source": "../frontend/website/assets/vendor/bootstrap/css/bootstrap-utilities.min.css.map",
            "storage_class": "STANDARD",
            "temporary_hold": false,
            "timeouts": null
          },
          "sensitive_attributes": [],
          "private": "eyJlMmJmYjczMC1lY2FhLTExZTYtOGY4OC0zNDM2M2JjN2M0YzAiOnsiY3JlYXRlIjoyNDAwMDAwMDAwMDAsImRlbGV0ZSI6MjQwMDAwMDAwMDAwLCJ1cGRhdGUiOjI0MDAwMDAwMDAwMH19",
          "dependencies": [
            "google_storage_bucket.resume_site"
          ]
        },
        {
          "index_key": "assets/vendor/bootstrap/css/bootstrap-utilities.rtl.css",
          "schema_version": 0,
          "attributes": {
            "bucket": "resume-sevenl33-v2-25",
            "cache_control": "",
            "content": null,
            "content_disposition": "",
            "content_encoding": "",
            "content_language": "",
            "content_type": "text/plain; charset=utf-8",
            "crc32c": "YdqeOQ==",
            "customer_encryption": [],
            "detect_md5hash": "RC00IbGpS682MQ1pPL4zCA==",
            "event_based_hold": false,
            "generation": 1758237142957153,
            "id": "resume-sevenl33-v2-25-assets/vendor/bootstrap/css/bootstrap-utilities.rtl.css",
            "kms_key_name": "",
            "md5hash": "RC00IbGpS682MQ1pPL4zCA==",
            "media_link": "https://storage.googleapis.com/download/storage/v1/b/resume-sevenl33-v2-25/o/assets%2Fvendor%2Fbootstrap%2Fcss%2Fbootstrap-utilities.rtl.css?generation=1758237142957153\u0026alt=media",
            "metadata": {},
            "name": "assets/vendor/bootstrap/css/bootstrap-utilities.rtl.css",
            "output_name": "assets/vendor/bootstrap/css/bootstrap-utilities.rtl.css",
            "retention": [],
            "self_link": "https://www.googleapis.com/storage/v1/b/resume-sevenl33-v2-25/o/assets%2Fvendor%2Fbootstrap%2Fcss%2Fbootstrap-utilities.rtl.css",
            "source": "../frontend/website/assets/vendor/bootstrap/css/bootstrap-utilities.rtl.css",
            "storage_class": "STANDARD",
            "temporary_hold": false,
            "timeouts": null
          },
          "sensitive_attributes": [],
          "private": "eyJlMmJmYjczMC1lY2FhLTExZTYtOGY4OC0zNDM2M2JjN2M0YzAiOnsiY3JlYXRlIjoyNDAwMDAwMDAwMDAsImRlbGV0ZSI6MjQwMDAwMDAwMDAwLCJ1cGRhdGUiOjI0MDAwMDAwMDAwMH19",
          "dependencies": [
            "google_storage_bucket.resume_site"
          ]
        },
        {
          "index_key": "assets/vendor/bootstrap/css/bootstrap-utilities.rtl.css.map",
          "schema_version": 0,
          "attributes": {
            "bucket": "resume-sevenl33-v2-25",
            "cache_control": "",
            "content": null,
            "content_disposition": "",
            "content_encoding": "",
            "content_language": "",
            "content_type": "text/plain; charset=utf-8",
            "crc32c": "DlSXsw==",
            "customer_encryption": [],
            "detect_md5hash": "ToZFByI2R2IJEhosbfd2mQ==",
            "event_based_hold": false,
            "generation": 1758237142161299,
            "id": "resume-sevenl33-v2-25-assets/vendor/bootstrap/css/bootstrap-utilities.rtl.css.map",
            "kms_key_name": "",
            "md5hash": "ToZFByI2R2IJEhosbfd2mQ==",
            "media_link": "https://storage.googleapis.com/download/storage/v1/b/resume-sevenl33-v2-25/o/assets%2Fvendor%2Fbootstrap%2Fcss%2Fbootstrap-utilities.rtl.css.map?generation=1758237142161299\u0026alt=media",
            "metadata": {},
            "name": "assets/vendor/bootstrap/css/bootstrap-utilities.rtl.css.map",
            "output_name": "assets/vendor/bootstrap/css/bootstrap-utilities.rtl.css.map",
            "retention": [],
            "self_link": "https://www.googleapis.com/storage/v1/b/resume-sevenl33-v2-25/o/assets%2Fvendor%2Fbootstrap%2Fcss%2Fbootstrap-utilities.rtl.css.map",
            "source": "../frontend/website/assets/vendor/bootstrap/css/bootstrap-utilities.rtl.css.map",
            "storage_class": "STANDARD",
            "temporary_hold": false,
            "timeouts": null
          },
          "sensitive_attributes": [],
          "private": "eyJlMmJmYjczMC1lY2FhLTExZTYtOGY4OC0zNDM2M2JjN2M0YzAiOnsiY3JlYXRlIjoyNDAwMDAwMDAwMDAsImRlbGV0ZSI6MjQwMDAwMDAwMDAwLCJ1cGRhdGUiOjI0MDAwMDAwMDAwMH19",
          "dependencies": [
            "google_storage_bucket.resume_site"
          ]
        },
        {
          "index_key": "assets/vendor/bootstrap/css/bootstrap-utilities.rtl.min.css",
          "schema_version": 0,
          "attributes": {
            "bucket": "resume-sevenl33-v2-25",
            "cache_control": "",
            "content": null,
            "content_disposition": "",
            "content_encoding": "",
            "content_language": "",
            "content_type": "text/plain; charset=utf-8",
            "crc32c": "K099oA==",
            "customer_encryption": [],
            "detect_md5hash": "CfBz7D6K9CQIgkeS2U5fiw==",
            "event_based_hold": false,
            "generation": 1758237143563911,
            "id": "resume-sevenl33-v2-25-assets/vendor/bootstrap/css/bootstrap-utilities.rtl.min.css",
            "kms_key_name": "",
            "md5hash": "CfBz7D6K9CQIgkeS2U5fiw==",
            "media_link": "https://storage.googleapis.com/download/storage/v1/b/resume-sevenl33-v2-25/o/assets%2Fvendor%2Fbootstrap%2Fcss%2Fbootstrap-utilities.rtl.min.css?generation=1758237143563911\u0026alt=media",
            "metadata": {},
            "name": "assets/vendor/bootstrap/css/bootstrap-utilities.rtl.min.css",
            "output_name": "assets/vendor/bootstrap/css/bootstrap-utilities.rtl.min.css",
            "retention": [],
            "self_link": "https://www.googleapis.com/storage/v1/b/resume-sevenl33-v2-25/o/assets%2Fvendor%2Fbootstrap%2Fcss%2Fbootstrap-utilities.rtl.min.css",
            "source": "../frontend/website/assets/vendor/bootstrap/css/bootstrap-utilities.rtl.min.css",
            "storage_class": "STANDARD",
            "temporary_hold": false,
            "timeouts": null
          },
          "sensitive_attributes": [],
          "private": "eyJlMmJmYjczMC1lY2FhLTExZTYtOGY4OC0zNDM2M2JjN2M0YzAiOnsiY3JlYXRlIjoyNDAwMDAwMDAwMDAsImRlbGV0ZSI6MjQwMDAwMDAwMDAwLCJ1cGRhdGUiOjI0MDAwMDAwMDAwMH19",
          "dependencies": [
            "google_storage_bucket.resume_site"
          ]
        },
        {
          "index_key": "assets/vendor/bootstrap/css/bootstrap-utilities.rtl.min.css.map",
          "schema_version": 0,
          "attributes": {
            "bucket": "resume-sevenl33-v2-25",
            "cache_control": "",
            "content": null,
            "content_disposition": "",
            "content_encoding": "",
            "content_language": "",
            "content_type": "text/plain; charset=utf-8",
            "crc32c": "E/Xpbg==",
            "customer_encryption": [],
            "detect_md5hash": "F3w06MpITVNUQrfQfLr4AQ==",
            "event_based_hold": false,
            "generation": 1758237145364829,
            "id": "resume-sevenl33-v2-25-assets/vendor/bootstrap/css/bootstrap-utilities.rtl.min.css.map",
            "kms_key_name": "",
            "md5hash": "F3w06MpITVNUQrfQfLr4AQ==",
            "media_link": "https://storage.googleapis.com/download/storage/v1/b/resume-sevenl33-v2-25/o/assets%2Fvendor%2Fbootstrap%2Fcss%2Fbootstrap-utilities.rtl.min.css.map?generation=1758237145364829\u0026alt=media",
            "metadata": {},
            "name": "assets/vendor/bootstrap/css/bootstrap-utilities.rtl.min.css.map",
            "output_name": "assets/vendor/bootstrap/css/bootstrap-utilities.rtl.min.css.map",
            "retention": [],
            "self_link": "https://www.googleapis.com/storage/v1/b/resume-sevenl33-v2-25/o/assets%2Fvendor%2Fbootstrap%2Fcss%2Fbootstrap-utilities.rtl.min.css.map",
            "source": "../frontend/website/assets/vendor/bootstrap/css/bootstrap-utilities.rtl.min.css.map",
            "storage_class": "STANDARD",
            "temporary_hold": false,
            "timeouts": null
          },
          "sensitive_attributes": [],
          "private": "eyJlMmJmYjczMC1lY2FhLTExZTYtOGY4OC0zNDM2M2JjN2M0YzAiOnsiY3JlYXRlIjoyNDAwMDAwMDAwMDAsImRlbGV0ZSI6MjQwMDAwMDAwMDAwLCJ1cGRhdGUiOjI0MDAwMDAwMDAwMH19",
          "dependencies": [
            "google_storage_bucket.resume_site"
          ]
        },
        {
          "index_key": "assets/vendor/bootstrap/css/bootstrap.css",
          "schema_version": 0,
          "attributes": {
            "bucket": "resume-sevenl33-v2-25",
            "cache_control": "",
            "content": null,
            "content_disposition": "",
            "content_encoding": "",
            "content_language": "",
            "content_type": "text/plain; charset=utf-8",
            "crc32c": "hx3nZQ==",
            "customer_encryption": [],
            "detect_md5hash": "Dw9PthnQuBh73qnuhGkrOQ==",
            "event_based_hold": false,
            "generation": 1758237142571817,
            "id": "resume-sevenl33-v2-25-assets/vendor/bootstrap/css/bootstrap.css",
            "kms_key_name": "",
            "md5hash": "Dw9PthnQuBh73qnuhGkrOQ==",
            "media_link": "https://storage.googleapis.com/download/storage/v1/b/resume-sevenl33-v2-25/o/assets%2Fvendor%2Fbootstrap%2Fcss%2Fbootstrap.css?generation=1758237142571817\u0026alt=media",
            "metadata": {},
            "name": "assets/vendor/bootstrap/css/bootstrap.css",
            "output_name": "assets/vendor/bootstrap/css/bootstrap.css",
            "retention": [],
            "self_link": "https://www.googleapis.com/storage/v1/b/resume-sevenl33-v2-25/o/assets%2Fvendor%2Fbootstrap%2Fcss%2Fbootstrap.css",
            "source": "../frontend/website/assets/vendor/bootstrap/css/bootstrap.css",
            "storage_class": "STANDARD",
            "temporary_hold": false,
            "timeouts": null
          },
          "sensitive_attributes": [],
          "private": "eyJlMmJmYjczMC1lY2FhLTExZTYtOGY4OC0zNDM2M2JjN2M0YzAiOnsiY3JlYXRlIjoyNDAwMDAwMDAwMDAsImRlbGV0ZSI6MjQwMDAwMDAwMDAwLCJ1cGRhdGUiOjI0MDAwMDAwMDAwMH19",
          "dependencies": [
            "google_storage_bucket.resume_site"
          ]
        },
        {
          "index_key": "assets/vendor/bootstrap/css/bootstrap.css.map",
          "schema_version": 0,
          "attributes": {
            "bucket": "resume-sevenl33-v2-25",
            "cache_control": "",
            "content": null,
            "content_disposition": "",
            "content_encoding": "",
            "content_language": "",
            "content_type": "text/plain; charset=utf-8",
            "crc32c": "4G/Ciw==",
            "customer_encryption": [],
            "detect_md5hash": "is05QkGZB7GA+NXQ8P+v+A==",
            "event_based_hold": false,
            "generation": 1758237142760174,
            "id": "resume-sevenl33-v2-25-assets/vendor/bootstrap/css/bootstrap.css.map",
            "kms_key_name": "",
            "md5hash": "is05QkGZB7GA+NXQ8P+v+A==",
            "media_link": "https://storage.googleapis.com/download/storage/v1/b/resume-sevenl33-v2-25/o/assets%2Fvendor%2Fbootstrap%2Fcss%2Fbootstrap.css.map?generation=1758237142760174\u0026alt=media",
            "metadata": {},
            "name": "assets/vendor/bootstrap/css/bootstrap.css.map",
            "output_name": "assets/vendor/bootstrap/css/bootstrap.css.map",
            "retention": [],
            "self_link": "https://www.googleapis.com/storage/v1/b/resume-sevenl33-v2-25/o/assets%2Fvendor%2Fbootstrap%2Fcss%2Fbootstrap.css.map",
            "source": "../frontend/website/assets/vendor/bootstrap/css/bootstrap.css.map",
            "storage_class": "STANDARD",
            "temporary_hold": false,
            "timeouts": null
          },
          "sensitive_attributes": [],
          "private": "eyJlMmJmYjczMC1lY2FhLTExZTYtOGY4OC0zNDM2M2JjN2M0YzAiOnsiY3JlYXRlIjoyNDAwMDAwMDAwMDAsImRlbGV0ZSI6MjQwMDAwMDAwMDAwLCJ1cGRhdGUiOjI0MDAwMDAwMDAwMH19",
          "dependencies": [
            "google_storage_bucket.resume_site"
          ]
        },
        {
          "index_key": "assets/vendor/bootstrap/css/bootstrap.min.css",
          "schema_version": 0,
          "attributes": {
            "bucket": "resume-sevenl33-v2-25",
            "cache_control": "",
            "content": null,
            "content_disposition": "",
            "content_encoding": "",
            "content_language": "",
            "content_type": "text/plain; charset=utf-8",
            "crc32c": "FOu15w==",
            "customer_encryption": [],
            "detect_md5hash": "zYIrf9IsipWmhHDHla3qaQ==",
            "event_based_hold": false,
            "generation": 1758237143879158,
            "id": "resume-sevenl33-v2-25-assets/vendor/bootstrap/css/bootstrap.min.css",
            "kms_key_name": "",
            "md5hash": "zYIrf9IsipWmhHDHla3qaQ==",
            "media_link": "https://storage.googleapis.com/download/storage/v1/b/resume-sevenl33-v2-25/o/assets%2Fvendor%2Fbootstrap%2Fcss%2Fbootstrap.min.css?generation=1758237143879158\u0026alt=media",
            "metadata": {},
            "name": "assets/vendor/bootstrap/css/bootstrap.min.css",
            "output_name": "assets/vendor/bootstrap/css/bootstrap.min.css",
            "retention": [],
            "self_link": "https://www.googleapis.com/storage/v1/b/resume-sevenl33-v2-25/o/assets%2Fvendor%2Fbootstrap%2Fcss%2Fbootstrap.min.css",
            "source": "../frontend/website/assets/vendor/bootstrap/css/bootstrap.min.css",
            "storage_class": "STANDARD",
            "temporary_hold": false,
            "timeouts": null
          },
          "sensitive_attributes": [],
          "private": "eyJlMmJmYjczMC1lY2FhLTExZTYtOGY4OC0zNDM2M2JjN2M0YzAiOnsiY3JlYXRlIjoyNDAwMDAwMDAwMDAsImRlbGV0ZSI6MjQwMDAwMDAwMDAwLCJ1cGRhdGUiOjI0MDAwMDAwMDAwMH19",
          "dependencies": [
            "google_storage_bucket.resume_site"
          ]
        },
        {
          "index_key": "assets/vendor/bootstrap/css/bootstrap.min.css.map",
          "schema_version": 0,
          "attributes": {
            "bucket": "resume-sevenl33-v2-25",
            "cache_control": "",
            "content": null,
            "content_disposition": "",
            "content_encoding": "",
            "content_language": "",
            "content_type": "text/plain; charset=utf-8",
            "crc32c": "kD5GJA==",
            "customer_encryption": [],
            "detect_md5hash": "71yp4o94CgeTGK+rIzTY6w==",
            "event_based_hold": false,
            "generation": 1758237145558545,
            "id": "resume-sevenl33-v2-25-assets/vendor/bootstrap/css/bootstrap.min.css.map",
            "kms_key_name": "",
            "md5hash": "71yp4o94CgeTGK+rIzTY6w==",
            "media_link": "https://storage.googleapis.com/download/storage/v1/b/resume-sevenl33-v2-25/o/assets%2Fvendor%2Fbootstrap%2Fcss%2Fbootstrap.min.css.map?generation=1758237145558545\u0026alt=media",
            "metadata": {},
            "name": "assets/vendor/bootstrap/css/bootstrap.min.css.map",
            "output_name": "assets/vendor/bootstrap/css/bootstrap.min.css.map",
            "retention": [],
            "self_link": "https://www.googleapis.com/storage/v1/b/resume-sevenl33-v2-25/o/assets%2Fvendor%2Fbootstrap%2Fcss%2Fbootstrap.min.css.map",
            "source": "../frontend/website/assets/vendor/bootstrap/css/bootstrap.min.css.map",
            "storage_class": "STANDARD",
            "temporary_hold": false,
            "timeouts": null
          },
          "sensitive_attributes": [],
          "private": "eyJlMmJmYjczMC1lY2FhLTExZTYtOGY4OC0zNDM2M2JjN2M0YzAiOnsiY3JlYXRlIjoyNDAwMDAwMDAwMDAsImRlbGV0ZSI6MjQwMDAwMDAwMDAwLCJ1cGRhdGUiOjI0MDAwMDAwMDAwMH19",
          "dependencies": [
            "google_storage_bucket.resume_site"
          ]
        },
        {
          "index_key": "assets/vendor/bootstrap/css/bootstrap.rtl.css",
          "schema_version": 0,
          "attributes": {
            "bucket": "resume-sevenl33-v2-25",
            "cache_control": "",
            "content": null,
            "content_disposition": "",
            "content_encoding": "",
            "content_language": "",
            "content_type": "text/plain; charset=utf-8",
            "crc32c": "BqDkmA==",
            "customer_encryption": [],
            "detect_md5hash": "R2N536+7Y+uiMC6sLnn1Rw==",
            "event_based_hold": false,
            "generation": 1758237142459209,
            "id": "resume-sevenl33-v2-25-assets/vendor/bootstrap/css/bootstrap.rtl.css",
            "kms_key_name": "",
            "md5hash": "R2N536+7Y+uiMC6sLnn1Rw==",
            "media_link": "https://storage.googleapis.com/download/storage/v1/b/resume-sevenl33-v2-25/o/assets%2Fvendor%2Fbootstrap%2Fcss%2Fbootstrap.rtl.css?generation=1758237142459209\u0026alt=media",
            "metadata": {},
            "name": "assets/vendor/bootstrap/css/bootstrap.rtl.css",
            "output_name": "assets/vendor/bootstrap/css/bootstrap.rtl.css",
            "retention": [],
            "self_link": "https://www.googleapis.com/storage/v1/b/resume-sevenl33-v2-25/o/assets%2Fvendor%2Fbootstrap%2Fcss%2Fbootstrap.rtl.css",
            "source": "../frontend/website/assets/vendor/bootstrap/css/bootstrap.rtl.css",
            "storage_class": "STANDARD",
            "temporary_hold": false,
            "timeouts": null
          },
          "sensitive_attributes": [],
          "private": "eyJlMmJmYjczMC1lY2FhLTExZTYtOGY4OC0zNDM2M2JjN2M0YzAiOnsiY3JlYXRlIjoyNDAwMDAwMDAwMDAsImRlbGV0ZSI6MjQwMDAwMDAwMDAwLCJ1cGRhdGUiOjI0MDAwMDAwMDAwMH19",
          "dependencies": [
            "google_storage_bucket.resume_site"
          ]
        },
        {
          "index_key": "assets/vendor/bootstrap/css/bootstrap.rtl.css.map",
          "schema_version": 0,
          "attributes": {
            "bucket": "resume-sevenl33-v2-25",
            "cache_control": "",
            "content": null,
            "content_disposition": "",
            "content_encoding": "",
            "content_language": "",
            "content_type": "text/plain; charset=utf-8",
            "crc32c": "NFQN0g==",
            "customer_encryption": [],
            "detect_md5hash": "ANpBjdmAORML4fAUi1CjDQ==",
            "event_based_hold": false,
            "generation": 1758237145856812,
            "id": "resume-sevenl33-v2-25-assets/vendor/bootstrap/css/bootstrap.rtl.css.map",
            "kms_key_name": "",
            "md5hash": "ANpBjdmAORML4fAUi1CjDQ==",
            "media_link": "https://storage.googleapis.com/download/storage/v1/b/resume-sevenl33-v2-25/o/assets%2Fvendor%2Fbootstrap%2Fcss%2Fbootstrap.rtl.css.map?generation=1758237145856812\u0026alt=media",
            "metadata": {},
            "name": "assets/vendor/bootstrap/css/bootstrap.rtl.css.map",
            "output_name": "assets/vendor/bootstrap/css/bootstrap.rtl.css.map",
            "retention": [],
            "self_link": "https://www.googleapis.com/storage/v1/b/resume-sevenl33-v2-25/o/assets%2Fvendor%2Fbootstrap%2Fcss%2Fbootstrap.rtl.css.map",
            "source": "../frontend/website/assets/vendor/bootstrap/css/bootstrap.rtl.css.map",
            "storage_class": "STANDARD",
            "temporary_hold": false,
            "timeouts": null
          },
          "sensitive_attributes": [],
          "private": "eyJlMmJmYjczMC1lY2FhLTExZTYtOGY4OC0zNDM2M2JjN2M0YzAiOnsiY3JlYXRlIjoyNDAwMDAwMDAwMDAsImRlbGV0ZSI6MjQwMDAwMDAwMDAwLCJ1cGRhdGUiOjI0MDAwMDAwMDAwMH19",
          "dependencies": [
            "google_storage_bucket.resume_site"
          ]
        },
        {
          "index_key": "assets/vendor/bootstrap/css/bootstrap.rtl.min.css",
          "schema_version": 0,
          "attributes": {
            "bucket": "resume-sevenl33-v2-25",
            "cache_control": "",
            "content": null,
            "content_disposition": "",
            "content_encoding": "",
            "content_language": "",
            "content_type": "text/plain; charset=utf-8",
            "crc32c": "2kfg7Q==",
            "customer_encryption": [],
            "detect_md5hash": "VM8Lx52t0o57HrLfAy97+w==",
            "event_based_hold": false,
            "generation": 1758237145162296,
            "id": "resume-sevenl33-v2-25-assets/vendor/bootstrap/css/bootstrap.rtl.min.css",
            "kms_key_name": "",
            "md5hash": "VM8Lx52t0o57HrLfAy97+w==",
            "media_link": "https://storage.googleapis.com/download/storage/v1/b/resume-sevenl33-v2-25/o/assets%2Fvendor%2Fbootstrap%2Fcss%2Fbootstrap.rtl.min.css?generation=1758237145162296\u0026alt=media",
            "metadata": {},
            "name": "assets/vendor/bootstrap/css/bootstrap.rtl.min.css",
            "output_name": "assets/vendor/bootstrap/css/bootstrap.rtl.min.css",
            "retention": [],
            "self_link": "https://www.googleapis.com/storage/v1/b/resume-sevenl33-v2-25/o/assets%2Fvendor%2Fbootstrap%2Fcss%2Fbootstrap.rtl.min.css",
            "source": "../frontend/website/assets/vendor/bootstrap/css/bootstrap.rtl.min.css",
            "storage_class": "STANDARD",
            "temporary_hold": false,
            "timeouts": null
          },
          "sensitive_attributes": [],
          "private": "eyJlMmJmYjczMC1lY2FhLTExZTYtOGY4OC0zNDM2M2JjN2M0YzAiOnsiY3JlYXRlIjoyNDAwMDAwMDAwMDAsImRlbGV0ZSI6MjQwMDAwMDAwMDAwLCJ1cGRhdGUiOjI0MDAwMDAwMDAwMH19",
          "dependencies": [
            "google_storage_bucket.resume_site"
          ]
        },
        {
          "index_key": "assets/vendor/bootstrap/css/bootstrap.rtl.min.css.map",
          "schema_version": 0,
          "attributes": {
            "bucket": "resume-sevenl33-v2-25",
            "cache_control": "",
            "content": null,
            "content_disposition": "",
            "content_encoding": "",
            "content_language": "",
            "content_type": "text/plain; charset=utf-8",
            "crc32c": "W8fuNg==",
            "customer_encryption": [],
            "detect_md5hash": "rd6mwiNZKO5yFQM+fHpUQA==",
            "event_based_hold": false,
            "generation": 1758237145870283,
            "id": "resume-sevenl33-v2-25-assets/vendor/bootstrap/css/bootstrap.rtl.min.css.map",
            "kms_key_name": "",
            "md5hash": "rd6mwiNZKO5yFQM+fHpUQA==",
            "media_link": "https://storage.googleapis.com/download/storage/v1/b/resume-sevenl33-v2-25/o/assets%2Fvendor%2Fbootstrap%2Fcss%2Fbootstrap.rtl.min.css.map?generation=1758237145870283\u0026alt=media",
            "metadata": {},
            "name": "assets/vendor/bootstrap/css/bootstrap.rtl.min.css.map",
            "output_name": "assets/vendor/bootstrap/css/bootstrap.rtl.min.css.map",
            "retention": [],
            "self_link": "https://www.googleapis.com/storage/v1/b/resume-sevenl33-v2-25/o/assets%2Fvendor%2Fbootstrap%2Fcss%2Fbootstrap.rtl.min.css.map",
            "source": "../frontend/website/assets/vendor/bootstrap/css/bootstrap.rtl.min.css.map",
            "storage_class": "STANDARD",
            "temporary_hold": false,
            "timeouts": null
          },
          "sensitive_attributes": [],
          "private": "eyJlMmJmYjczMC1lY2FhLTExZTYtOGY4OC0zNDM2M2JjN2M0YzAiOnsiY3JlYXRlIjoyNDAwMDAwMDAwMDAsImRlbGV0ZSI6MjQwMDAwMDAwMDAwLCJ1cGRhdGUiOjI0MDAwMDAwMDAwMH19",
          "dependencies": [
            "google_storage_bucket.resume_site"
          ]
        },
        {
          "index_key": "assets/vendor/bootstrap/js/bootstrap.bundle.js",
          "schema_version": 0,
          "attributes": {
            "bucket": "resume-sevenl33-v2-25",
            "cache_control": "",
            "content": null,
            "content_disposition": "",
            "content_encoding": "",
            "content_language": "",
            "content_type": "text/plain; charset=utf-8",
            "crc32c": "/Gdp0A==",
            "customer_encryption": [],
            "detect_md5hash": "/ofxTf5qRLDQP7Kul2Sj+Q==",
            "event_based_hold": false,
            "generation": 1758237139886333,
            "id": "resume-sevenl33-v2-25-assets/vendor/bootstrap/js/bootstrap.bundle.js",
            "kms_key_name": "",
            "md5hash": "/ofxTf5qRLDQP7Kul2Sj+Q==",
            "media_link": "https://storage.googleapis.com/download/storage/v1/b/resume-sevenl33-v2-25/o/assets%2Fvendor%2Fbootstrap%2Fjs%2Fbootstrap.bundle.js?generation=1758237139886333\u0026alt=media",
            "metadata": {},
            "name": "assets/vendor/bootstrap/js/bootstrap.bundle.js",
            "output_name": "assets/vendor/bootstrap/js/bootstrap.bundle.js",
            "retention": [],
            "self_link": "https://www.googleapis.com/storage/v1/b/resume-sevenl33-v2-25/o/assets%2Fvendor%2Fbootstrap%2Fjs%2Fbootstrap.bundle.js",
            "source": "../frontend/website/assets/vendor/bootstrap/js/bootstrap.bundle.js",
            "storage_class": "STANDARD",
            "temporary_hold": false,
            "timeouts": null
          },
          "sensitive_attributes": [],
          "private": "eyJlMmJmYjczMC1lY2FhLTExZTYtOGY4OC0zNDM2M2JjN2M0YzAiOnsiY3JlYXRlIjoyNDAwMDAwMDAwMDAsImRlbGV0ZSI6MjQwMDAwMDAwMDAwLCJ1cGRhdGUiOjI0MDAwMDAwMDAwMH19",
          "dependencies": [
            "google_storage_bucket.resume_site"
          ]
        },
        {
          "index_key": "assets/vendor/bootstrap/js/bootstrap.bundle.js.map",
          "schema_version": 0,
          "attributes": {
            "bucket": "resume-sevenl33-v2-25",
            "cache_control": "",
            "content": null,
            "content_disposition": "",
            "content_encoding": "",
            "content_language": "",
            "content_type": "text/plain; charset=utf-8",
            "crc32c": "4Z7lsA==",
            "customer_encryption": [],
            "detect_md5hash": "ank2gOo9yIZYaGOHr8aiSQ==",
            "event_based_hold": false,
            "generation": 1758237141286930,
            "id": "resume-sevenl33-v2-25-assets/vendor/bootstrap/js/bootstrap.bundle.js.map",
            "kms_key_name": "",
            "md5hash": "ank2gOo9yIZYaGOHr8aiSQ==",
            "media_link": "https://storage.googleapis.com/download/storage/v1/b/resume-sevenl33-v2-25/o/assets%2Fvendor%2Fbootstrap%2Fjs%2Fbootstrap.bundle.js.map?generation=1758237141286930\u0026alt=media",
            "metadata": {},
            "name": "assets/vendor/bootstrap/js/bootstrap.bundle.js.map",
            "output_name": "assets/vendor/bootstrap/js/bootstrap.bundle.js.map",
            "retention": [],
            "self_link": "https://www.googleapis.com/storage/v1/b/resume-sevenl33-v2-25/o/assets%2Fvendor%2Fbootstrap%2Fjs%2Fbootstrap.bundle.js.map",
            "source": "../frontend/website/assets/vendor/bootstrap/js/bootstrap.bundle.js.map",
            "storage_class": "STANDARD",
            "temporary_hold": false,
            "timeouts": null
          },
          "sensitive_attributes": [],
          "private": "eyJlMmJmYjczMC1lY2FhLTExZTYtOGY4OC0zNDM2M2JjN2M0YzAiOnsiY3JlYXRlIjoyNDAwMDAwMDAwMDAsImRlbGV0ZSI6MjQwMDAwMDAwMDAwLCJ1cGRhdGUiOjI0MDAwMDAwMDAwMH19",
          "dependencies": [
            "google_storage_bucket.resume_site"
          ]
        },
        {
          "index_key": "assets/vendor/bootstrap/js/bootstrap.bundle.min.js",
          "schema_version": 0,
          "attributes": {
            "bucket": "resume-sevenl33-v2-25",
            "cache_control": "",
            "content": null,
            "content_disposition": "",
            "content_encoding": "",
            "content_language": "",
            "content_type": "text/plain; charset=utf-8",
            "crc32c": "9sZziA==",
            "customer_encryption": [],
            "detect_md5hash": "a69X8leWwzIUTtWKKgzZ7g==",
            "event_based_hold": false,
            "generation": 1758237143656620,
            "id": "resume-sevenl33-v2-25-assets/vendor/bootstrap/js/bootstrap.bundle.min.js",
            "kms_key_name": "",
            "md5hash": "a69X8leWwzIUTtWKKgzZ7g==",
            "media_link": "https://storage.googleapis.com/download/storage/v1/b/resume-sevenl33-v2-25/o/assets%2Fvendor%2Fbootstrap%2Fjs%2Fbootstrap.bundle.min.js?generation=1758237143656620\u0026alt=media",
            "metadata": {},
            "name": "assets/vendor/bootstrap/js/bootstrap.bundle.min.js",
            "output_name": "assets/vendor/bootstrap/js/bootstrap.bundle.min.js",
            "retention": [],
            "self_link": "https://www.googleapis.com/storage/v1/b/resume-sevenl33-v2-25/o/assets%2Fvendor%2Fbootstrap%2Fjs%2Fbootstrap.bundle.min.js",
            "source": "../frontend/website/assets/vendor/bootstrap/js/bootstrap.bundle.min.js",
            "storage_class": "STANDARD",
            "temporary_hold": false,
            "timeouts": null
          },
          "sensitive_attributes": [],
          "private": "eyJlMmJmYjczMC1lY2FhLTExZTYtOGY4OC0zNDM2M2JjN2M0YzAiOnsiY3JlYXRlIjoyNDAwMDAwMDAwMDAsImRlbGV0ZSI6MjQwMDAwMDAwMDAwLCJ1cGRhdGUiOjI0MDAwMDAwMDAwMH19",
          "dependencies": [
            "google_storage_bucket.resume_site"
          ]
        },
        {
          "index_key": "assets/vendor/bootstrap/js/bootstrap.bundle.min.js.map",
          "schema_version": 0,
          "attributes": {
            "bucket": "resume-sevenl33-v2-25",
            "cache_control": "",
            "content": null,
            "content_disposition": "",
            "content_encoding": "",
            "content_language": "",
            "content_type": "text/plain; charset=utf-8",
            "crc32c": "fErNLw==",
            "customer_encryption": [],
            "detect_md5hash": "VMPDvsdj9CminlXM5qRAFQ==",
            "event_based_hold": false,
            "generation": 1758237144685768,
            "id": "resume-sevenl33-v2-25-assets/vendor/bootstrap/js/bootstrap.bundle.min.js.map",
            "kms_key_name": "",
            "md5hash": "VMPDvsdj9CminlXM5qRAFQ==",
            "media_link": "https://storage.googleapis.com/download/storage/v1/b/resume-sevenl33-v2-25/o/assets%2Fvendor%2Fbootstrap%2Fjs%2Fbootstrap.bundle.min.js.map?generation=1758237144685768\u0026alt=media",
            "metadata": {},
            "name": "assets/vendor/bootstrap/js/bootstrap.bundle.min.js.map",
            "output_name": "assets/vendor/bootstrap/js/bootstrap.bundle.min.js.map",
            "retention": [],
            "self_link": "https://www.googleapis.com/storage/v1/b/resume-sevenl33-v2-25/o/assets%2Fvendor%2Fbootstrap%2Fjs%2Fbootstrap.bundle.min.js.map",
            "source": "../frontend/website/assets/vendor/bootstrap/js/bootstrap.bundle.min.js.map",
            "storage_class": "STANDARD",
            "temporary_hold": false,
            "timeouts": null
          },
          "sensitive_attributes": [],
          "private": "eyJlMmJmYjczMC1lY2FhLTExZTYtOGY4OC0zNDM2M2JjN2M0YzAiOnsiY3JlYXRlIjoyNDAwMDAwMDAwMDAsImRlbGV0ZSI6MjQwMDAwMDAwMDAwLCJ1cGRhdGUiOjI0MDAwMDAwMDAwMH19",
          "dependencies": [
            "google_storage_bucket.resume_site"
          ]
        },
        {
          "index_key": "assets/vendor/bootstrap/js/bootstrap.esm.js",
          "schema_version": 0,
          "attributes": {
            "bucket": "resume-sevenl33-v2-25",
            "cache_control": "",
            "content": null,
            "content_disposition": "",
            "content_encoding": "",
            "content_language": "",
            "content_type": "text/plain; charset=utf-8",
            "crc32c": "tGb5Uw==",
            "customer_encryption": [],
            "detect_md5hash": "KW6nyAqHMOKlEcnHVqJ4hw==",
            "event_based_hold": false,
            "generation": 1758237145961223,
            "id": "resume-sevenl33-v2-25-assets/vendor/bootstrap/js/bootstrap.esm.js",
            "kms_key_name": "",
            "md5hash": "KW6nyAqHMOKlEcnHVqJ4hw==",
            "media_link": "https://storage.googleapis.com/download/storage/v1/b/resume-sevenl33-v2-25/o/assets%2Fvendor%2Fbootstrap%2Fjs%2Fbootstrap.esm.js?generation=1758237145961223\u0026alt=media",
            "metadata": {},
            "name": "assets/vendor/bootstrap/js/bootstrap.esm.js",
            "output_name": "assets/vendor/bootstrap/js/bootstrap.esm.js",
            "retention": [],
            "self_link": "https://www.googleapis.com/storage/v1/b/resume-sevenl33-v2-25/o/assets%2Fvendor%2Fbootstrap%2Fjs%2Fbootstrap.esm.js",
            "source": "../frontend/website/assets/vendor/bootstrap/js/bootstrap.esm.js",
            "storage_class": "STANDARD",
            "temporary_hold": false,
            "timeouts": null
          },
          "sensitive_attributes": [],
          "private": "eyJlMmJmYjczMC1lY2FhLTExZTYtOGY4OC0zNDM2M2JjN2M0YzAiOnsiY3JlYXRlIjoyNDAwMDAwMDAwMDAsImRlbGV0ZSI6MjQwMDAwMDAwMDAwLCJ1cGRhdGUiOjI0MDAwMDAwMDAwMH19",
          "dependencies": [
            "google_storage_bucket.resume_site"
          ]
        },
        {
          "index_key": "assets/vendor/bootstrap/js/bootstrap.esm.js.map",
          "schema_version": 0,
          "attributes": {
            "bucket": "resume-sevenl33-v2-25",
            "cache_control": "",
            "content": null,
            "content_disposition": "",
            "content_encoding": "",
            "content_language": "",
            "content_type": "text/plain; charset=utf-8",
            "crc32c": "EurkUA==",
            "customer_encryption": [],
            "detect_md5hash": "bvcClrx4i60qBGvJb37bKw==",
            "event_based_hold": false,
            "generation": 1758237143966033,
            "id": "resume-sevenl33-v2-25-assets/vendor/bootstrap/js/bootstrap.esm.js.map",
            "kms_key_name": "",
            "md5hash": "bvcClrx4i60qBGvJb37bKw==",
            "media_link": "https://storage.googleapis.com/download/storage/v1/b/resume-sevenl33-v2-25/o/assets%2Fvendor%2Fbootstrap%2Fjs%2Fbootstrap.esm.js.map?generation=1758237143966033\u0026alt=media",
            "metadata": {},
            "name": "assets/vendor/bootstrap/js/bootstrap.esm.js.map",
            "output_name": "assets/vendor/bootstrap/js/bootstrap.esm.js.map",
            "retention": [],
            "self_link": "https://www.googleapis.com/storage/v1/b/resume-sevenl33-v2-25/o/assets%2Fvendor%2Fbootstrap%2Fjs%2Fbootstrap.esm.js.map",
            "source": "../frontend/website/assets/vendor/bootstrap/js/bootstrap.esm.js.map",
            "storage_class": "STANDARD",
            "temporary_hold": false,
            "timeouts": null
          },
          "sensitive_attributes": [],
          "private": "eyJlMmJmYjczMC1lY2FhLTExZTYtOGY4OC0zNDM2M2JjN2M0YzAiOnsiY3JlYXRlIjoyNDAwMDAwMDAwMDAsImRlbGV0ZSI6MjQwMDAwMDAwMDAwLCJ1cGRhdGUiOjI0MDAwMDAwMDAwMH19",
          "dependencies": [
            "google_storage_bucket.resume_site"
          ]
        },
        {
          "index_key": "assets/vendor/bootstrap/js/bootstrap.esm.min.js",
          "schema_version": 0,
          "attributes": {
            "bucket": "resume-sevenl33-v2-25",
            "cache_control": "",
            "content": null,
            "content_disposition": "",
            "content_encoding": "",
            "content_language": "",
            "content_type": "text/plain; charset=utf-8",
            "crc32c": "Yqt5ZQ==",
            "customer_encryption": [],
            "detect_md5hash": "N/A2BY9RztTXvnly6B3ghw==",
            "event_based_hold": false,
            "generation": 1758237140533699,
            "id": "resume-sevenl33-v2-25-assets/vendor/bootstrap/js/bootstrap.esm.min.js",
            "kms_key_name": "",
            "md5hash": "N/A2BY9RztTXvnly6B3ghw==",
            "media_link": "https://storage.googleapis.com/download/storage/v1/b/resume-sevenl33-v2-25/o/assets%2Fvendor%2Fbootstrap%2Fjs%2Fbootstrap.esm.min.js?generation=1758237140533699\u0026alt=media",
            "metadata": {},
            "name": "assets/vendor/bootstrap/js/bootstrap.esm.min.js",
            "output_name": "assets/vendor/bootstrap/js/bootstrap.esm.min.js",
            "retention": [],
            "self_link": "https://www.googleapis.com/storage/v1/b/resume-sevenl33-v2-25/o/assets%2Fvendor%2Fbootstrap%2Fjs%2Fbootstrap.esm.min.js",
            "source": "../frontend/website/assets/vendor/bootstrap/js/bootstrap.esm.min.js",
            "storage_class": "STANDARD",
            "temporary_hold": false,
            "timeouts": null
          },
          "sensitive_attributes": [],
          "private": "eyJlMmJmYjczMC1lY2FhLTExZTYtOGY4OC0zNDM2M2JjN2M0YzAiOnsiY3JlYXRlIjoyNDAwMDAwMDAwMDAsImRlbGV0ZSI6MjQwMDAwMDAwMDAwLCJ1cGRhdGUiOjI0MDAwMDAwMDAwMH19",
          "dependencies": [
            "google_storage_bucket.resume_site"
          ]
        },
        {
          "index_key": "assets/vendor/bootstrap/js/bootstrap.esm.min.js.map",
          "schema_version": 0,
          "attributes": {
            "bucket": "resume-sevenl33-v2-25",
            "cache_control": "",
            "content": null,
            "content_disposition": "",
            "content_encoding": "",
            "content_language": "",
            "content_type": "text/plain; charset=utf-8",
            "crc32c": "lQK+Bw==",
            "customer_encryption": [],
            "detect_md5hash": "BX0w8e/jeYZAQJeJzioQfg==",
            "event_based_hold": false,
            "generation": 1758237142962451,
            "id": "resume-sevenl33-v2-25-assets/vendor/bootstrap/js/bootstrap.esm.min.js.map",
            "kms_key_name": "",
            "md5hash": "BX0w8e/jeYZAQJeJzioQfg==",
            "media_link": "https://storage.googleapis.com/download/storage/v1/b/resume-sevenl33-v2-25/o/assets%2Fvendor%2Fbootstrap%2Fjs%2Fbootstrap.esm.min.js.map?generation=1758237142962451\u0026alt=media",
            "metadata": {},
            "name": "assets/vendor/bootstrap/js/bootstrap.esm.min.js.map",
            "output_name": "assets/vendor/bootstrap/js/bootstrap.esm.min.js.map",
            "retention": [],
            "self_link": "https://www.googleapis.com/storage/v1/b/resume-sevenl33-v2-25/o/assets%2Fvendor%2Fbootstrap%2Fjs%2Fbootstrap.esm.min.js.map",
            "source": "../frontend/website/assets/vendor/bootstrap/js/bootstrap.esm.min.js.map",
            "storage_class": "STANDARD",
            "temporary_hold": false,
            "timeouts": null
          },
          "sensitive_attributes": [],
          "private": "eyJlMmJmYjczMC1lY2FhLTExZTYtOGY4OC0zNDM2M2JjN2M0YzAiOnsiY3JlYXRlIjoyNDAwMDAwMDAwMDAsImRlbGV0ZSI6MjQwMDAwMDAwMDAwLCJ1cGRhdGUiOjI0MDAwMDAwMDAwMH19",
          "dependencies": [
            "google_storage_bucket.resume_site"
          ]
        },
        {
          "index_key": "assets/vendor/bootstrap/js/bootstrap.js",
          "schema_version": 0,
          "attributes": {
            "bucket": "resume-sevenl33-v2-25",
            "cache_control": "",
            "content": null,
            "content_disposition": "",
            "content_encoding": "",
            "content_language": "",
            "content_type": "text/plain; charset=utf-8",
            "crc32c": "Ga0kRQ==",
            "customer_encryption": [],
            "detect_md5hash": "exQLgtlyzhHIBANaLhBXXA==",
            "event_based_hold": false,
            "generation": 1758237139944907,
            "id": "resume-sevenl33-v2-25-assets/vendor/bootstrap/js/bootstrap.js",
            "kms_key_name": "",
            "md5hash": "exQLgtlyzhHIBANaLhBXXA==",
            "media_link": "https://storage.googleapis.com/download/storage/v1/b/resume-sevenl33-v2-25/o/assets%2Fvendor%2Fbootstrap%2Fjs%2Fbootstrap.js?generation=1758237139944907\u0026alt=media",
            "metadata": {},
            "name": "assets/vendor/bootstrap/js/bootstrap.js",
            "output_name": "assets/vendor/bootstrap/js/bootstrap.js",
            "retention": [],
            "self_link": "https://www.googleapis.com/storage/v1/b/resume-sevenl33-v2-25/o/assets%2Fvendor%2Fbootstrap%2Fjs%2Fbootstrap.js",
            "source": "../frontend/website/assets/vendor/bootstrap/js/bootstrap.js",
            "storage_class": "STANDARD",
            "temporary_hold": false,
            "timeouts": null
          },
          "sensitive_attributes": [],
          "private": "eyJlMmJmYjczMC1lY2FhLTExZTYtOGY4OC0zNDM2M2JjN2M0YzAiOnsiY3JlYXRlIjoyNDAwMDAwMDAwMDAsImRlbGV0ZSI6MjQwMDAwMDAwMDAwLCJ1cGRhdGUiOjI0MDAwMDAwMDAwMH19",
          "dependencies": [
            "google_storage_bucket.resume_site"
          ]
        },
        {
          "index_key": "assets/vendor/bootstrap/js/bootstrap.js.map",
          "schema_version": 0,
          "attributes": {
            "bucket": "resume-sevenl33-v2-25",
            "cache_control": "",
            "content": null,
            "content_disposition": "",
            "content_encoding": "",
            "content_language": "",
            "content_type": "text/plain; charset=utf-8",
            "crc32c": "DmM1Kw==",
            "customer_encryption": [],
            "detect_md5hash": "l6lEYNlUp0ELbwN4N87vOw==",
            "event_based_hold": false,
            "generation": 1758237142603068,
            "id": "resume-sevenl33-v2-25-assets/vendor/bootstrap/js/bootstrap.js.map",
            "kms_key_name": "",
            "md5hash": "l6lEYNlUp0ELbwN4N87vOw==",
            "media_link": "https://storage.googleapis.com/download/storage/v1/b/resume-sevenl33-v2-25/o/assets%2Fvendor%2Fbootstrap%2Fjs%2Fbootstrap.js.map?generation=1758237142603068\u0026alt=media",
            "metadata": {},
            "name": "assets/vendor/bootstrap/js/bootstrap.js.map",
            "output_name": "assets/vendor/bootstrap/js/bootstrap.js.map",
            "retention": [],
            "self_link": "https://www.googleapis.com/storage/v1/b/resume-sevenl33-v2-25/o/assets%2Fvendor%2Fbootstrap%2Fjs%2Fbootstrap.js.map",
            "source": "../frontend/website/assets/vendor/bootstrap/js/bootstrap.js.map",
            "storage_class": "STANDARD",
            "temporary_hold": false,
            "timeouts": null
          },
          "sensitive_attributes": [],
          "private": "eyJlMmJmYjczMC1lY2FhLTExZTYtOGY4OC0zNDM2M2JjN2M0YzAiOnsiY3JlYXRlIjoyNDAwMDAwMDAwMDAsImRlbGV0ZSI6MjQwMDAwMDAwMDAwLCJ1cGRhdGUiOjI0MDAwMDAwMDAwMH19",
          "dependencies": [
            "google_storage_bucket.resume_site"
          ]
        },
        {
          "index_key": "assets/vendor/bootstrap/js/bootstrap.min.js",
          "schema_version": 0,
          "attributes": {
            "bucket": "resume-sevenl33-v2-25",
            "cache_control": "",
            "content": null,
            "content_disposition": "",
            "content_encoding": "",
            "content_language": "",
            "content_type": "text/plain; charset=utf-8",
            "crc32c": "Z/BeKA==",
            "customer_encryption": [],
            "detect_md5hash": "9j373MZJ8Tr0eRqQ5R95Bw==",
            "event_based_hold": false,
            "generation": 1758237143475527,
            "id": "resume-sevenl33-v2-25-assets/vendor/bootstrap/js/bootstrap.min.js",
            "kms_key_name": "",
            "md5hash": "9j373MZJ8Tr0eRqQ5R95Bw==",
            "media_link": "https://storage.googleapis.com/download/storage/v1/b/resume-sevenl33-v2-25/o/assets%2Fvendor%2Fbootstrap%2Fjs%2Fbootstrap.min.js?generation=1758237143475527\u0026alt=media",
            "metadata": {},
            "name": "assets/vendor/bootstrap/js/bootstrap.min.js",
            "output_name": "assets/vendor/bootstrap/js/bootstrap.min.js",
            "retention": [],
            "self_link": "https://www.googleapis.com/storage/v1/b/resume-sevenl33-v2-25/o/assets%2Fvendor%2Fbootstrap%2Fjs%2Fbootstrap.min.js",
            "source": "../frontend/website/assets/vendor/bootstrap/js/bootstrap.min.js",
            "storage_class": "STANDARD",
            "temporary_hold": false,
            "timeouts": null
          },
          "sensitive_attributes": [],
          "private": "eyJlMmJmYjczMC1lY2FhLTExZTYtOGY4OC0zNDM2M2JjN2M0YzAiOnsiY3JlYXRlIjoyNDAwMDAwMDAwMDAsImRlbGV0ZSI6MjQwMDAwMDAwMDAwLCJ1cGRhdGUiOjI0MDAwMDAwMDAwMH19",
          "dependencies": [
            "google_storage_bucket.resume_site"
          ]
        },
        {
          "index_key": "assets/vendor/bootstrap/js/bootstrap.min.js.map",
          "schema_version": 0,
          "attributes": {
            "bucket": "resume-sevenl33-v2-25",
            "cache_control": "",
            "content": null,
            "content_disposition": "",
            "content_encoding": "",
            "content_language": "",
            "content_type": "text/plain; charset=utf-8",
            "crc32c": "NBxv2g==",
            "customer_encryption": [],
            "detect_md5hash": "3q0FM83UM/TtcVgi79zkdA==",
            "event_based_hold": false,
            "generation": 1758237140539291,
            "id": "resume-sevenl33-v2-25-assets/vendor/bootstrap/js/bootstrap.min.js.map",
            "kms_key_name": "",
            "md5hash": "3q0FM83UM/TtcVgi79zkdA==",
            "media_link": "https://storage.googleapis.com/download/storage/v1/b/resume-sevenl33-v2-25/o/assets%2Fvendor%2Fbootstrap%2Fjs%2Fbootstrap.min.js.map?generation=1758237140539291\u0026alt=media",
            "metadata": {},
            "name": "assets/vendor/bootstrap/js/bootstrap.min.js.map",
            "output_name": "assets/vendor/bootstrap/js/bootstrap.min.js.map",
            "retention": [],
            "self_link": "https://www.googleapis.com/storage/v1/b/resume-sevenl33-v2-25/o/assets%2Fvendor%2Fbootstrap%2Fjs%2Fbootstrap.min.js.map",
            "source": "../frontend/website/assets/vendor/bootstrap/js/bootstrap.min.js.map",
            "storage_class": "STANDARD",
            "temporary_hold": false,
            "timeouts": null
          },
          "sensitive_attributes": [],
          "private": "eyJlMmJmYjczMC1lY2FhLTExZTYtOGY4OC0zNDM2M2JjN2M0YzAiOnsiY3JlYXRlIjoyNDAwMDAwMDAwMDAsImRlbGV0ZSI6MjQwMDAwMDAwMDAwLCJ1cGRhdGUiOjI0MDAwMDAwMDAwMH19",
          "dependencies": [
            "google_storage_bucket.resume_site"
          ]
        },
        {
          "index_key": "assets/vendor/boxicons/css/animations.css",
          "schema_version": 0,
          "attributes": {
            "bucket": "resume-sevenl33-v2-25",
            "cache_control": "",
            "content": null,
            "content_disposition": "",
            "content_encoding": "",
            "content_language": "",
            "content_type": "text/plain; charset=utf-8",
            "crc32c": "sn6rzA==",
            "customer_encryption": [],
            "detect_md5hash": "LAMZ4lxcsjP0xs9eadg/ow==",
            "event_based_hold": false,
            "generation": 1758237144357828,
            "id": "resume-sevenl33-v2-25-assets/vendor/boxicons/css/animations.css",
            "kms_key_name": "",
            "md5hash": "LAMZ4lxcsjP0xs9eadg/ow==",
            "media_link": "https://storage.googleapis.com/download/storage/v1/b/resume-sevenl33-v2-25/o/assets%2Fvendor%2Fboxicons%2Fcss%2Fanimations.css?generation=1758237144357828\u0026alt=media",
            "metadata": {},
            "name": "assets/vendor/boxicons/css/animations.css",
            "output_name": "assets/vendor/boxicons/css/animations.css",
            "retention": [],
            "self_link": "https://www.googleapis.com/storage/v1/b/resume-sevenl33-v2-25/o/assets%2Fvendor%2Fboxicons%2Fcss%2Fanimations.css",
            "source": "../frontend/website/assets/vendor/boxicons/css/animations.css",
            "storage_class": "STANDARD",
            "temporary_hold": false,
            "timeouts": null
          },
          "sensitive_attributes": [],
          "private": "eyJlMmJmYjczMC1lY2FhLTExZTYtOGY4OC0zNDM2M2JjN2M0YzAiOnsiY3JlYXRlIjoyNDAwMDAwMDAwMDAsImRlbGV0ZSI6MjQwMDAwMDAwMDAwLCJ1cGRhdGUiOjI0MDAwMDAwMDAwMH19",
          "dependencies": [
            "google_storage_bucket.resume_site"
          ]
        },
        {
          "index_key": "assets/vendor/boxicons/css/boxicons.css",
          "schema_version": 0,
          "attributes": {
            "bucket": "resume-sevenl33-v2-25",
            "cache_control": "",
            "content": null,
            "content_disposition": "",
            "content_encoding": "",
            "content_language": "",
            "content_type": "text/plain; charset=utf-8",
            "crc32c": "6GH9aA==",
            "customer_encryption": [],
            "detect_md5hash": "a+67NOp6Ho1EbZipssC/jQ==",
            "event_based_hold": false,
            "generation": 1758237143062865,
            "id": "resume-sevenl33-v2-25-assets/vendor/boxicons/css/boxicons.css",
            "kms_key_name": "",
            "md5hash": "a+67NOp6Ho1EbZipssC/jQ==",
            "media_link": "https://storage.googleapis.com/download/storage/v1/b/resume-sevenl33-v2-25/o/assets%2Fvendor%2Fboxicons%2Fcss%2Fboxicons.css?generation=1758237143062865\u0026alt=media",
            "metadata": {},
            "name": "assets/vendor/boxicons/css/boxicons.css",
            "output_name": "assets/vendor/boxicons/css/boxicons.css",
            "retention": [],
            "self_link": "https://www.googleapis.com/storage/v1/b/resume-sevenl33-v2-25/o/assets%2Fvendor%2Fboxicons%2Fcss%2Fboxicons.css",
            "source": "../frontend/website/assets/vendor/boxicons/css/boxicons.css",
            "storage_class": "STANDARD",
            "temporary_hold": false,
            "timeouts": null
          },
          "sensitive_attributes": [],
          "private": "eyJlMmJmYjczMC1lY2FhLTExZTYtOGY4OC0zNDM2M2JjN2M0YzAiOnsiY3JlYXRlIjoyNDAwMDAwMDAwMDAsImRlbGV0ZSI6MjQwMDAwMDAwMDAwLCJ1cGRhdGUiOjI0MDAwMDAwMDAwMH19",
          "dependencies": [
            "google_storage_bucket.resume_site"
          ]
        },
        {
          "index_key": "assets/vendor/boxicons/css/boxicons.min.css",
          "schema_version": 0,
          "attributes": {
            "bucket": "resume-sevenl33-v2-25",
            "cache_control": "",
            "content": null,
            "content_disposition": "",
            "content_encoding": "",
            "content_language": "",
            "content_type": "text/plain; charset=utf-8",
            "crc32c": "+SacSw==",
            "customer_encryption": [],
            "detect_md5hash": "iG7Y3QbFBsd88ib0UGs8AA==",
            "event_based_hold": false,
            "generation": 1758237140862289,
            "id": "resume-sevenl33-v2-25-assets/vendor/boxicons/css/boxicons.min.css",
            "kms_key_name": "",
            "md5hash": "iG7Y3QbFBsd88ib0UGs8AA==",
            "media_link": "https://storage.googleapis.com/download/storage/v1/b/resume-sevenl33-v2-25/o/assets%2Fvendor%2Fboxicons%2Fcss%2Fboxicons.min.css?generation=1758237140862289\u0026alt=media",
            "metadata": {},
            "name": "assets/vendor/boxicons/css/boxicons.min.css",
            "output_name": "assets/vendor/boxicons/css/boxicons.min.css",
            "retention": [],
            "self_link": "https://www.googleapis.com/storage/v1/b/resume-sevenl33-v2-25/o/assets%2Fvendor%2Fboxicons%2Fcss%2Fboxicons.min.css",
            "source": "../frontend/website/assets/vendor/boxicons/css/boxicons.min.css",
            "storage_class": "STANDARD",
            "temporary_hold": false,
            "timeouts": null
          },
          "sensitive_attributes": [],
          "private": "eyJlMmJmYjczMC1lY2FhLTExZTYtOGY4OC0zNDM2M2JjN2M0YzAiOnsiY3JlYXRlIjoyNDAwMDAwMDAwMDAsImRlbGV0ZSI6MjQwMDAwMDAwMDAwLCJ1cGRhdGUiOjI0MDAwMDAwMDAwMH19",
          "dependencies": [
            "google_storage_bucket.resume_site"
          ]
        },
        {
          "index_key": "assets/vendor/boxicons/css/transformations.css",
          "schema_version": 0,
          "attributes": {
            "bucket": "resume-sevenl33-v2-25",
            "cache_control": "",
            "content": null,
            "content_disposition": "",
            "content_encoding": "",
            "content_language": "",
            "content_type": "text/plain; charset=utf-8",
            "crc32c": "QVo9xw==",
            "customer_encryption": [],
            "detect_md5hash": "1a+rjW+gCeW/BnRO+TAD8Q==",
            "event_based_hold": false,
            "generation": 1758237140197277,
            "id": "resume-sevenl33-v2-25-assets/vendor/boxicons/css/transformations.css",
            "kms_key_name": "",
            "md5hash": "1a+rjW+gCeW/BnRO+TAD8Q==",
            "media_link": "https://storage.googleapis.com/download/storage/v1/b/resume-sevenl33-v2-25/o/assets%2Fvendor%2Fboxicons%2Fcss%2Ftransformations.css?generation=1758237140197277\u0026alt=media",
            "metadata": {},
            "name": "assets/vendor/boxicons/css/transformations.css",
            "output_name": "assets/vendor/boxicons/css/transformations.css",
            "retention": [],
            "self_link": "https://www.googleapis.com/storage/v1/b/resume-sevenl33-v2-25/o/assets%2Fvendor%2Fboxicons%2Fcss%2Ftransformations.css",
            "source": "../frontend/website/assets/vendor/boxicons/css/transformations.css",
            "storage_class": "STANDARD",
            "temporary_hold": false,
            "timeouts": null
          },
          "sensitive_attributes": [],
          "private": "eyJlMmJmYjczMC1lY2FhLTExZTYtOGY4OC0zNDM2M2JjN2M0YzAiOnsiY3JlYXRlIjoyNDAwMDAwMDAwMDAsImRlbGV0ZSI6MjQwMDAwMDAwMDAwLCJ1cGRhdGUiOjI0MDAwMDAwMDAwMH19",
          "dependencies": [
            "google_storage_bucket.resume_site"
          ]
        },
        {
          "index_key": "assets/vendor/boxicons/fonts/boxicons.eot",
          "schema_version": 0,
          "attributes": {
            "bucket": "resume-sevenl33-v2-25",
            "cache_control": "",
            "content": null,
            "content_disposition": "",
            "content_encoding": "",
            "content_language": "",
            "content_type": "application/octet-stream",
            "crc32c": "UPJZ1g==",
            "customer_encryption": [],
            "detect_md5hash": "QALRyD2N1A34VwjFYBmT5A==",
            "event_based_hold": false,
            "generation": 1758237143162318,
            "id": "resume-sevenl33-v2-25-assets/vendor/boxicons/fonts/boxicons.eot",
            "kms_key_name": "",
            "md5hash": "QALRyD2N1A34VwjFYBmT5A==",
            "media_link": "https://storage.googleapis.com/download/storage/v1/b/resume-sevenl33-v2-25/o/assets%2Fvendor%2Fboxicons%2Ffonts%2Fboxicons.eot?generation=1758237143162318\u0026alt=media",
            "metadata": {},
            "name": "assets/vendor/boxicons/fonts/boxicons.eot",
            "output_name": "assets/vendor/boxicons/fonts/boxicons.eot",
            "retention": [],
            "self_link": "https://www.googleapis.com/storage/v1/b/resume-sevenl33-v2-25/o/assets%2Fvendor%2Fboxicons%2Ffonts%2Fboxicons.eot",
            "source": "../frontend/website/assets/vendor/boxicons/fonts/boxicons.eot",
            "storage_class": "STANDARD",
            "temporary_hold": false,
            "timeouts": null
          },
          "sensitive_attributes": [],
          "private": "eyJlMmJmYjczMC1lY2FhLTExZTYtOGY4OC0zNDM2M2JjN2M0YzAiOnsiY3JlYXRlIjoyNDAwMDAwMDAwMDAsImRlbGV0ZSI6MjQwMDAwMDAwMDAwLCJ1cGRhdGUiOjI0MDAwMDAwMDAwMH19",
          "dependencies": [
            "google_storage_bucket.resume_site"
          ]
        },
        {
          "index_key": "assets/vendor/boxicons/fonts/boxicons.svg",
          "schema_version": 0,
          "attributes": {
            "bucket": "resume-sevenl33-v2-25",
            "cache_control": "",
            "content": null,
            "content_disposition": "",
            "content_encoding": "",
            "content_language": "",
            "content_type": "text/xml; charset=utf-8",
            "crc32c": "bTRl3w==",
            "customer_encryption": [],
            "detect_md5hash": "sLuWd3gnWzVgEPASGRiOsA==",
            "event_based_hold": false,
            "generation": 1758237140099865,
            "id": "resume-sevenl33-v2-25-assets/vendor/boxicons/fonts/boxicons.svg",
            "kms_key_name": "",
            "md5hash": "sLuWd3gnWzVgEPASGRiOsA==",
            "media_link": "https://storage.googleapis.com/download/storage/v1/b/resume-sevenl33-v2-25/o/assets%2Fvendor%2Fboxicons%2Ffonts%2Fboxicons.svg?generation=1758237140099865\u0026alt=media",
            "metadata": {},
            "name": "assets/vendor/boxicons/fonts/boxicons.svg",
            "output_name": "assets/vendor/boxicons/fonts/boxicons.svg",
            "retention": [],
            "self_link": "https://www.googleapis.com/storage/v1/b/resume-sevenl33-v2-25/o/assets%2Fvendor%2Fboxicons%2Ffonts%2Fboxicons.svg",
            "source": "../frontend/website/assets/vendor/boxicons/fonts/boxicons.svg",
            "storage_class": "STANDARD",
            "temporary_hold": false,
            "timeouts": null
          },
          "sensitive_attributes": [],
          "private": "eyJlMmJmYjczMC1lY2FhLTExZTYtOGY4OC0zNDM2M2JjN2M0YzAiOnsiY3JlYXRlIjoyNDAwMDAwMDAwMDAsImRlbGV0ZSI6MjQwMDAwMDAwMDAwLCJ1cGRhdGUiOjI0MDAwMDAwMDAwMH19",
          "dependencies": [
            "google_storage_bucket.resume_site"
          ]
        },
        {
          "index_key": "assets/vendor/boxicons/fonts/boxicons.ttf",
          "schema_version": 0,
          "attributes": {
            "bucket": "resume-sevenl33-v2-25",
            "cache_control": "",
            "content": null,
            "content_disposition": "",
            "content_encoding": "",
            "content_language": "",
            "content_type": "font/ttf",
            "crc32c": "zjsD0g==",
            "customer_encryption": [],
            "detect_md5hash": "h4BhMSo3FWb1kfHxqfdqhw==",
            "event_based_hold": false,
            "generation": 1758237145558480,
            "id": "resume-sevenl33-v2-25-assets/vendor/boxicons/fonts/boxicons.ttf",
            "kms_key_name": "",
            "md5hash": "h4BhMSo3FWb1kfHxqfdqhw==",
            "media_link": "https://storage.googleapis.com/download/storage/v1/b/resume-sevenl33-v2-25/o/assets%2Fvendor%2Fboxicons%2Ffonts%2Fboxicons.ttf?generation=1758237145558480\u0026alt=media",
            "metadata": {},
            "name": "assets/vendor/boxicons/fonts/boxicons.ttf",
            "output_name": "assets/vendor/boxicons/fonts/boxicons.ttf",
            "retention": [],
            "self_link": "https://www.googleapis.com/storage/v1/b/resume-sevenl33-v2-25/o/assets%2Fvendor%2Fboxicons%2Ffonts%2Fboxicons.ttf",
            "source": "../frontend/website/assets/vendor/boxicons/fonts/boxicons.ttf",
            "storage_class": "STANDARD",
            "temporary_hold": false,
            "timeouts": null
          },
          "sensitive_attributes": [],
          "private": "eyJlMmJmYjczMC1lY2FhLTExZTYtOGY4OC0zNDM2M2JjN2M0YzAiOnsiY3JlYXRlIjoyNDAwMDAwMDAwMDAsImRlbGV0ZSI6MjQwMDAwMDAwMDAwLCJ1cGRhdGUiOjI0MDAwMDAwMDAwMH19",
          "dependencies": [
            "google_storage_bucket.resume_site"
          ]
        },
        {
          "index_key": "assets/vendor/boxicons/fonts/boxicons.woff",
          "schema_version": 0,
          "attributes": {
            "bucket": "resume-sevenl33-v2-25",
            "cache_control": "",
            "content": null,
            "content_disposition": "",
            "content_encoding": "",
            "content_language": "",
            "content_type": "font/woff",
            "crc32c": "kuE1rQ==",
            "customer_encryption": [],
            "detect_md5hash": "Ogy4JEf46c6GWnCakvDHUg==",
            "event_based_hold": false,
            "generation": 1758237140014202,
            "id": "resume-sevenl33-v2-25-assets/vendor/boxicons/fonts/boxicons.woff",
            "kms_key_name": "",
            "md5hash": "Ogy4JEf46c6GWnCakvDHUg==",
            "media_link": "https://storage.googleapis.com/download/storage/v1/b/resume-sevenl33-v2-25/o/assets%2Fvendor%2Fboxicons%2Ffonts%2Fboxicons.woff?generation=1758237140014202\u0026alt=media",
            "metadata": {},
            "name": "assets/vendor/boxicons/fonts/boxicons.woff",
            "output_name": "assets/vendor/boxicons/fonts/boxicons.woff",
            "retention": [],
            "self_link": "https://www.googleapis.com/storage/v1/b/resume-sevenl33-v2-25/o/assets%2Fvendor%2Fboxicons%2Ffonts%2Fboxicons.woff",
            "source": "../frontend/website/assets/vendor/boxicons/fonts/boxicons.woff",
            "storage_class": "STANDARD",
            "temporary_hold": false,
            "timeouts": null
          },
          "sensitive_attributes": [],
          "private": "eyJlMmJmYjczMC1lY2FhLTExZTYtOGY4OC0zNDM2M2JjN2M0YzAiOnsiY3JlYXRlIjoyNDAwMDAwMDAwMDAsImRlbGV0ZSI6MjQwMDAwMDAwMDAwLCJ1cGRhdGUiOjI0MDAwMDAwMDAwMH19",
          "dependencies": [
            "google_storage_bucket.resume_site"
          ]
        },
        {
          "index_key": "assets/vendor/boxicons/fonts/boxicons.woff2",
          "schema_version": 0,
          "attributes": {
            "bucket": "resume-sevenl33-v2-25",
            "cache_control": "",
            "content": null,
            "content_disposition": "",
            "content_encoding": "",
            "content_language": "",
            "content_type": "font/woff2",
            "crc32c": "SM1WYQ==",
            "customer_encryption": [],
            "detect_md5hash": "qrcyg/g553X5rIbWQpg2Uw==",
            "event_based_hold": false,
            "generation": 1758237145256824,
            "id": "resume-sevenl33-v2-25-assets/vendor/boxicons/fonts/boxicons.woff2",
            "kms_key_name": "",
            "md5hash": "qrcyg/g553X5rIbWQpg2Uw==",
            "media_link": "https://storage.googleapis.com/download/storage/v1/b/resume-sevenl33-v2-25/o/assets%2Fvendor%2Fboxicons%2Ffonts%2Fboxicons.woff2?generation=1758237145256824\u0026alt=media",
            "metadata": {},
            "name": "assets/vendor/boxicons/fonts/boxicons.woff2",
            "output_name": "assets/vendor/boxicons/fonts/boxicons.woff2",
            "retention": [],
            "self_link": "https://www.googleapis.com/storage/v1/b/resume-sevenl33-v2-25/o/assets%2Fvendor%2Fboxicons%2Ffonts%2Fboxicons.woff2",
            "source": "../frontend/website/assets/vendor/boxicons/fonts/boxicons.woff2",
            "storage_class": "STANDARD",
            "temporary_hold": false,
            "timeouts": null
          },
          "sensitive_attributes": [],
          "private": "eyJlMmJmYjczMC1lY2FhLTExZTYtOGY4OC0zNDM2M2JjN2M0YzAiOnsiY3JlYXRlIjoyNDAwMDAwMDAwMDAsImRlbGV0ZSI6MjQwMDAwMDAwMDAwLCJ1cGRhdGUiOjI0MDAwMDAwMDAwMH19",
          "dependencies": [
            "google_storage_bucket.resume_site"
          ]
        },
        {
          "index_key": "assets/vendor/glightbox/css/glightbox.css",
          "schema_version": 0,
          "attributes": {
            "bucket": "resume-sevenl33-v2-25",
            "cache_control": "",
            "content": null,
            "content_disposition": "",
            "content_encoding": "",
            "content_language": "",
            "content_type": "text/plain; charset=utf-8",
            "crc32c": "3Yv8Og==",
            "customer_encryption": [],
            "detect_md5hash": "dui6UccThGtX4isyHf16Yw==",
            "event_based_hold": false,
            "generation": 1758237140505770,
            "id": "resume-sevenl33-v2-25-assets/vendor/glightbox/css/glightbox.css",
            "kms_key_name": "",
            "md5hash": "dui6UccThGtX4isyHf16Yw==",
            "media_link": "https://storage.googleapis.com/download/storage/v1/b/resume-sevenl33-v2-25/o/assets%2Fvendor%2Fglightbox%2Fcss%2Fglightbox.css?generation=1758237140505770\u0026alt=media",
            "metadata": {},
            "name": "assets/vendor/glightbox/css/glightbox.css",
            "output_name": "assets/vendor/glightbox/css/glightbox.css",
            "retention": [],
            "self_link": "https://www.googleapis.com/storage/v1/b/resume-sevenl33-v2-25/o/assets%2Fvendor%2Fglightbox%2Fcss%2Fglightbox.css",
            "source": "../frontend/website/assets/vendor/glightbox/css/glightbox.css",
            "storage_class": "STANDARD",
            "temporary_hold": false,
            "timeouts": null
          },
          "sensitive_attributes": [],
          "private": "eyJlMmJmYjczMC1lY2FhLTExZTYtOGY4OC0zNDM2M2JjN2M0YzAiOnsiY3JlYXRlIjoyNDAwMDAwMDAwMDAsImRlbGV0ZSI6MjQwMDAwMDAwMDAwLCJ1cGRhdGUiOjI0MDAwMDAwMDAwMH19",
          "dependencies": [
            "google_storage_bucket.resume_site"
          ]
        },
        {
          "index_key": "assets/vendor/glightbox/css/glightbox.min.css",
          "schema_version": 0,
          "attributes": {
            "bucket": "resume-sevenl33-v2-25",
            "cache_control": "",
            "content": null,
            "content_disposition": "",
            "content_encoding": "",
            "content_language": "",
            "content_type": "text/plain; charset=utf-8",
            "crc32c": "XJT+Mg==",
            "customer_encryption": [],
            "detect_md5hash": "m0OLKc7xwhLRxlqHf/xyMg==",
            "event_based_hold": false,
            "generation": 1758237140351507,
            "id": "resume-sevenl33-v2-25-assets/vendor/glightbox/css/glightbox.min.css",
            "kms_key_name": "",
            "md5hash": "m0OLKc7xwhLRxlqHf/xyMg==",
            "media_link": "https://storage.googleapis.com/download/storage/v1/b/resume-sevenl33-v2-25/o/assets%2Fvendor%2Fglightbox%2Fcss%2Fglightbox.min.css?generation=1758237140351507\u0026alt=media",
            "metadata": {},
            "name": "assets/vendor/glightbox/css/glightbox.min.css",
            "output_name": "assets/vendor/glightbox/css/glightbox.min.css",
            "retention": [],
            "self_link": "https://www.googleapis.com/storage/v1/b/resume-sevenl33-v2-25/o/assets%2Fvendor%2Fglightbox%2Fcss%2Fglightbox.min.css",
            "source": "../frontend/website/assets/vendor/glightbox/css/glightbox.min.css",
            "storage_class": "STANDARD",
            "temporary_hold": false,
            "timeouts": null
          },
          "sensitive_attributes": [],
          "private": "eyJlMmJmYjczMC1lY2FhLTExZTYtOGY4OC0zNDM2M2JjN2M0YzAiOnsiY3JlYXRlIjoyNDAwMDAwMDAwMDAsImRlbGV0ZSI6MjQwMDAwMDAwMDAwLCJ1cGRhdGUiOjI0MDAwMDAwMDAwMH19",
          "dependencies": [
            "google_storage_bucket.resume_site"
          ]
        },
        {
          "index_key": "assets/vendor/glightbox/css/plyr.css",
          "schema_version": 0,
          "attributes": {
            "bucket": "resume-sevenl33-v2-25",
            "cache_control": "",
            "content": null,
            "content_disposition": "",
            "content_encoding": "",
            "content_language": "",
            "content_type": "text/plain; charset=utf-8",
            "crc32c": "GiSAew==",
            "customer_encryption": [],
            "detect_md5hash": "o597kZFfjtAN1OPhGjyT6w==",
            "event_based_hold": false,
            "generation": 1758237140836083,
            "id": "resume-sevenl33-v2-25-assets/vendor/glightbox/css/plyr.css",
            "kms_key_name": "",
            "md5hash": "o597kZFfjtAN1OPhGjyT6w==",
            "media_link": "https://storage.googleapis.com/download/storage/v1/b/resume-sevenl33-v2-25/o/assets%2Fvendor%2Fglightbox%2Fcss%2Fplyr.css?generation=1758237140836083\u0026alt=media",
            "metadata": {},
            "name": "assets/vendor/glightbox/css/plyr.css",
            "output_name": "assets/vendor/glightbox/css/plyr.css",
            "retention": [],
            "self_link": "https://www.googleapis.com/storage/v1/b/resume-sevenl33-v2-25/o/assets%2Fvendor%2Fglightbox%2Fcss%2Fplyr.css",
            "source": "../frontend/website/assets/vendor/glightbox/css/plyr.css",
            "storage_class": "STANDARD",
            "temporary_hold": false,
            "timeouts": null
          },
          "sensitive_attributes": [],
          "private": "eyJlMmJmYjczMC1lY2FhLTExZTYtOGY4OC0zNDM2M2JjN2M0YzAiOnsiY3JlYXRlIjoyNDAwMDAwMDAwMDAsImRlbGV0ZSI6MjQwMDAwMDAwMDAwLCJ1cGRhdGUiOjI0MDAwMDAwMDAwMH19",
          "dependencies": [
            "google_storage_bucket.resume_site"
          ]
        },
        {
          "index_key": "assets/vendor/glightbox/css/plyr.min.css",
          "schema_version": 0,
          "attributes": {
            "bucket": "resume-sevenl33-v2-25",
            "cache_control": "",
            "content": null,
            "content_disposition": "",
            "content_encoding": "",
            "content_language": "",
            "content_type": "text/plain; charset=utf-8",
            "crc32c": "qfCfqw==",
            "customer_encryption": [],
            "detect_md5hash": "csJE7waIJdFxI96AThiAsA==",
            "event_based_hold": false,
            "generation": 1758237140715660,
            "id": "resume-sevenl33-v2-25-assets/vendor/glightbox/css/plyr.min.css",
            "kms_key_name": "",
            "md5hash": "csJE7waIJdFxI96AThiAsA==",
            "media_link": "https://storage.googleapis.com/download/storage/v1/b/resume-sevenl33-v2-25/o/assets%2Fvendor%2Fglightbox%2Fcss%2Fplyr.min.css?generation=1758237140715660\u0026alt=media",
            "metadata": {},
            "name": "assets/vendor/glightbox/css/plyr.min.css",
            "output_name": "assets/vendor/glightbox/css/plyr.min.css",
            "retention": [],
            "self_link": "https://www.googleapis.com/storage/v1/b/resume-sevenl33-v2-25/o/assets%2Fvendor%2Fglightbox%2Fcss%2Fplyr.min.css",
            "source": "../frontend/website/assets/vendor/glightbox/css/plyr.min.css",
            "storage_class": "STANDARD",
            "temporary_hold": false,
            "timeouts": null
          },
          "sensitive_attributes": [],
          "private": "eyJlMmJmYjczMC1lY2FhLTExZTYtOGY4OC0zNDM2M2JjN2M0YzAiOnsiY3JlYXRlIjoyNDAwMDAwMDAwMDAsImRlbGV0ZSI6MjQwMDAwMDAwMDAwLCJ1cGRhdGUiOjI0MDAwMDAwMDAwMH19",
          "dependencies": [
            "google_storage_bucket.resume_site"
          ]
        },
        {
          "index_key": "assets/vendor/glightbox/js/glightbox.js",
          "schema_version": 0,
          "attributes": {
            "bucket": "resume-sevenl33-v2-25",
            "cache_control": "",
            "content": null,
            "content_disposition": "",
            "content_encoding": "",
            "content_language": "",
            "content_type": "text/plain; charset=utf-8",
            "crc32c": "9TN8rA==",
            "customer_encryption": [],
            "detect_md5hash": "e6/esEG1purBRNHP7+AbBw==",
            "event_based_hold": false,
            "generation": 1758237144157217,
            "id": "resume-sevenl33-v2-25-assets/vendor/glightbox/js/glightbox.js",
            "kms_key_name": "",
            "md5hash": "e6/esEG1purBRNHP7+AbBw==",
            "media_link": "https://storage.googleapis.com/download/storage/v1/b/resume-sevenl33-v2-25/o/assets%2Fvendor%2Fglightbox%2Fjs%2Fglightbox.js?generation=1758237144157217\u0026alt=media",
            "metadata": {},
            "name": "assets/vendor/glightbox/js/glightbox.js",
            "output_name": "assets/vendor/glightbox/js/glightbox.js",
            "retention": [],
            "self_link": "https://www.googleapis.com/storage/v1/b/resume-sevenl33-v2-25/o/assets%2Fvendor%2Fglightbox%2Fjs%2Fglightbox.js",
            "source": "../frontend/website/assets/vendor/glightbox/js/glightbox.js",
            "storage_class": "STANDARD",
            "temporary_hold": false,
            "timeouts": null
          },
          "sensitive_attributes": [],
          "private": "eyJlMmJmYjczMC1lY2FhLTExZTYtOGY4OC0zNDM2M2JjN2M0YzAiOnsiY3JlYXRlIjoyNDAwMDAwMDAwMDAsImRlbGV0ZSI6MjQwMDAwMDAwMDAwLCJ1cGRhdGUiOjI0MDAwMDAwMDAwMH19",
          "dependencies": [
            "google_storage_bucket.resume_site"
          ]
        },
        {
          "index_key": "assets/vendor/glightbox/js/glightbox.min.js",
          "schema_version": 0,
          "attributes": {
            "bucket": "resume-sevenl33-v2-25",
            "cache_control": "",
            "content": null,
            "content_disposition": "",
            "content_encoding": "",
            "content_language": "",
            "content_type": "text/plain; charset=utf-8",
            "crc32c": "FHCZew==",
            "customer_encryption": [],
            "detect_md5hash": "K0yMuq3iTstYvLDYlpTM7g==",
            "event_based_hold": false,
            "generation": 1758237144662346,
            "id": "resume-sevenl33-v2-25-assets/vendor/glightbox/js/glightbox.min.js",
            "kms_key_name": "",
            "md5hash": "K0yMuq3iTstYvLDYlpTM7g==",
            "media_link": "https://storage.googleapis.com/download/storage/v1/b/resume-sevenl33-v2-25/o/assets%2Fvendor%2Fglightbox%2Fjs%2Fglightbox.min.js?generation=1758237144662346\u0026alt=media",
            "metadata": {},
            "name": "assets/vendor/glightbox/js/glightbox.min.js",
            "output_name": "assets/vendor/glightbox/js/glightbox.min.js",
            "retention": [],
            "self_link": "https://www.googleapis.com/storage/v1/b/resume-sevenl33-v2-25/o/assets%2Fvendor%2Fglightbox%2Fjs%2Fglightbox.min.js",
            "source": "../frontend/website/assets/vendor/glightbox/js/glightbox.min.js",
            "storage_class": "STANDARD",
            "temporary_hold": false,
            "timeouts": null
          },
          "sensitive_attributes": [],
          "private": "eyJlMmJmYjczMC1lY2FhLTExZTYtOGY4OC0zNDM2M2JjN2M0YzAiOnsiY3JlYXRlIjoyNDAwMDAwMDAwMDAsImRlbGV0ZSI6MjQwMDAwMDAwMDAwLCJ1cGRhdGUiOjI0MDAwMDAwMDAwMH19",
          "dependencies": [
            "google_storage_bucket.resume_site"
          ]
        },
        {
          "index_key": "assets/vendor/isotope-layout/isotope.pkgd.js",
          "schema_version": 0,
          "attributes": {
            "bucket": "resume-sevenl33-v2-25",
            "cache_control": "",
            "content": null,
            "content_disposition": "",
            "content_encoding": "",
            "content_language": "",
            "content_type": "text/plain; charset=utf-8",
            "crc32c": "/xth1w==",
            "customer_encryption": [],
            "detect_md5hash": "iJbggrP6Fzji4vVYp/wfpA==",
            "event_based_hold": false,
            "generation": 1758237139945332,
            "id": "resume-sevenl33-v2-25-assets/vendor/isotope-layout/isotope.pkgd.js",
            "kms_key_name": "",
            "md5hash": "iJbggrP6Fzji4vVYp/wfpA==",
            "media_link": "https://storage.googleapis.com/download/storage/v1/b/resume-sevenl33-v2-25/o/assets%2Fvendor%2Fisotope-layout%2Fisotope.pkgd.js?generation=1758237139945332\u0026alt=media",
            "metadata": {},
            "name": "assets/vendor/isotope-layout/isotope.pkgd.js",
            "output_name": "assets/vendor/isotope-layout/isotope.pkgd.js",
            "retention": [],
            "self_link": "https://www.googleapis.com/storage/v1/b/resume-sevenl33-v2-25/o/assets%2Fvendor%2Fisotope-layout%2Fisotope.pkgd.js",
            "source": "../frontend/website/assets/vendor/isotope-layout/isotope.pkgd.js",
            "storage_class": "STANDARD",
            "temporary_hold": false,
            "timeouts": null
          },
          "sensitive_attributes": [],
          "private": "eyJlMmJmYjczMC1lY2FhLTExZTYtOGY4OC0zNDM2M2JjN2M0YzAiOnsiY3JlYXRlIjoyNDAwMDAwMDAwMDAsImRlbGV0ZSI6MjQwMDAwMDAwMDAwLCJ1cGRhdGUiOjI0MDAwMDAwMDAwMH19",
          "dependencies": [
            "google_storage_bucket.resume_site"
          ]
        },
        {
          "index_key": "assets/vendor/isotope-layout/isotope.pkgd.min.js",
          "schema_version": 0,
          "attributes": {
            "bucket": "resume-sevenl33-v2-25",
            "cache_control": "",
            "content": null,
            "content_disposition": "",
            "content_encoding": "",
            "content_language": "",
            "content_type": "text/plain; charset=utf-8",
            "crc32c": "P+2L8w==",
            "customer_encryption": [],
            "detect_md5hash": "Kvz/ZH7SYABvqnHI53no1A==",
            "event_based_hold": false,
            "generation": 1758237145665374,
            "id": "resume-sevenl33-v2-25-assets/vendor/isotope-layout/isotope.pkgd.min.js",
            "kms_key_name": "",
            "md5hash": "Kvz/ZH7SYABvqnHI53no1A==",
            "media_link": "https://storage.googleapis.com/download/storage/v1/b/resume-sevenl33-v2-25/o/assets%2Fvendor%2Fisotope-layout%2Fisotope.pkgd.min.js?generation=1758237145665374\u0026alt=media",
            "metadata": {},
            "name": "assets/vendor/isotope-layout/isotope.pkgd.min.js",
            "output_name": "assets/vendor/isotope-layout/isotope.pkgd.min.js",
            "retention": [],
            "self_link": "https://www.googleapis.com/storage/v1/b/resume-sevenl33-v2-25/o/assets%2Fvendor%2Fisotope-layout%2Fisotope.pkgd.min.js",
            "source": "../frontend/website/assets/vendor/isotope-layout/isotope.pkgd.min.js",
            "storage_class": "STANDARD",
            "temporary_hold": false,
            "timeouts": null
          },
          "sensitive_attributes": [],
          "private": "eyJlMmJmYjczMC1lY2FhLTExZTYtOGY4OC0zNDM2M2JjN2M0YzAiOnsiY3JlYXRlIjoyNDAwMDAwMDAwMDAsImRlbGV0ZSI6MjQwMDAwMDAwMDAwLCJ1cGRhdGUiOjI0MDAwMDAwMDAwMH19",
          "dependencies": [
            "google_storage_bucket.resume_site"
          ]
        },
        {
          "index_key": "assets/vendor/php-email-form/php-email-form.php",
          "schema_version": 0,
          "attributes": {
            "bucket": "resume-sevenl33-v2-25",
            "cache_control": "",
            "content": null,
            "content_disposition": "",
            "content_encoding": "",
            "content_language": "",
            "content_type": "text/plain; charset=utf-8",
            "crc32c": "RUUGHQ==",
            "customer_encryption": [],
            "detect_md5hash": "y0tsBo+mUbVt5UyQEjdMCA==",
            "event_based_hold": false,
            "generation": 1758237140617507,
            "id": "resume-sevenl33-v2-25-assets/vendor/php-email-form/php-email-form.php",
            "kms_key_name": "",
            "md5hash": "y0tsBo+mUbVt5UyQEjdMCA==",
            "media_link": "https://storage.googleapis.com/download/storage/v1/b/resume-sevenl33-v2-25/o/assets%2Fvendor%2Fphp-email-form%2Fphp-email-form.php?generation=1758237140617507\u0026alt=media",
            "metadata": {},
            "name": "assets/vendor/php-email-form/php-email-form.php",
            "output_name": "assets/vendor/php-email-form/php-email-form.php",
            "retention": [],
            "self_link": "https://www.googleapis.com/storage/v1/b/resume-sevenl33-v2-25/o/assets%2Fvendor%2Fphp-email-form%2Fphp-email-form.php",
            "source": "../frontend/website/assets/vendor/php-email-form/php-email-form.php",
            "storage_class": "STANDARD",
            "temporary_hold": false,
            "timeouts": null
          },
          "sensitive_attributes": [],
          "private": "eyJlMmJmYjczMC1lY2FhLTExZTYtOGY4OC0zNDM2M2JjN2M0YzAiOnsiY3JlYXRlIjoyNDAwMDAwMDAwMDAsImRlbGV0ZSI6MjQwMDAwMDAwMDAwLCJ1cGRhdGUiOjI0MDAwMDAwMDAwMH19",
          "dependencies": [
            "google_storage_bucket.resume_site"
          ]
        },
        {
          "index_key": "assets/vendor/php-email-form/validate.js",
          "schema_version": 0,
          "attributes": {
            "bucket": "resume-sevenl33-v2-25",
            "cache_control": "",
            "content": null,
            "content_disposition": "",
            "content_encoding": "",
            "content_language": "",
            "content_type": "text/plain; charset=utf-8",
            "crc32c": "UzYoRg==",
            "customer_encryption": [],
            "detect_md5hash": "lC4NNl0zoPLStuv76TIboQ==",
            "event_based_hold": false,
            "generation": 1758237141468978,
            "id": "resume-sevenl33-v2-25-assets/vendor/php-email-form/validate.js",
            "kms_key_name": "",
            "md5hash": "lC4NNl0zoPLStuv76TIboQ==",
            "media_link": "https://storage.googleapis.com/download/storage/v1/b/resume-sevenl33-v2-25/o/assets%2Fvendor%2Fphp-email-form%2Fvalidate.js?generation=1758237141468978\u0026alt=media",
            "metadata": {},
            "name": "assets/vendor/php-email-form/validate.js",
            "output_name": "assets/vendor/php-email-form/validate.js",
            "retention": [],
            "self_link": "https://www.googleapis.com/storage/v1/b/resume-sevenl33-v2-25/o/assets%2Fvendor%2Fphp-email-form%2Fvalidate.js",
            "source": "../frontend/website/assets/vendor/php-email-form/validate.js",
            "storage_class": "STANDARD",
            "temporary_hold": false,
            "timeouts": null
          },
          "sensitive_attributes": [],
          "private": "eyJlMmJmYjczMC1lY2FhLTExZTYtOGY4OC0zNDM2M2JjN2M0YzAiOnsiY3JlYXRlIjoyNDAwMDAwMDAwMDAsImRlbGV0ZSI6MjQwMDAwMDAwMDAwLCJ1cGRhdGUiOjI0MDAwMDAwMDAwMH19",
          "dependencies": [
            "google_storage_bucket.resume_site"
          ]
        },
        {
          "index_key": "assets/vendor/swiper/swiper-bundle.min.css",
          "schema_version": 0,
          "attributes": {
            "bucket": "resume-sevenl33-v2-25",
            "cache_control": "",
            "content": null,
            "content_disposition": "",
            "content_encoding": "",
            "content_language": "",
            "content_type": "text/plain; charset=utf-8",
            "crc32c": "X0UIqQ==",
            "customer_encryption": [],
            "detect_md5hash": "BHIMYLwCDLupJ4XdQCn30g==",
            "event_based_hold": false,
            "generation": 1758237145964318,
            "id": "resume-sevenl33-v2-25-assets/vendor/swiper/swiper-bundle.min.css",
            "kms_key_name": "",
            "md5hash": "BHIMYLwCDLupJ4XdQCn30g==",
            "media_link": "https://storage.googleapis.com/download/storage/v1/b/resume-sevenl33-v2-25/o/assets%2Fvendor%2Fswiper%2Fswiper-bundle.min.css?generation=1758237145964318\u0026alt=media",
            "metadata": {},
            "name": "assets/vendor/swiper/swiper-bundle.min.css",
            "output_name": "assets/vendor/swiper/swiper-bundle.min.css",
            "retention": [],
            "self_link": "https://www.googleapis.com/storage/v1/b/resume-sevenl33-v2-25/o/assets%2Fvendor%2Fswiper%2Fswiper-bundle.min.css",
            "source": "../frontend/website/assets/vendor/swiper/swiper-bundle.min.css",
            "storage_class": "STANDARD",
            "temporary_hold": false,
            "timeouts": null
          },
          "sensitive_attributes": [],
          "private": "eyJlMmJmYjczMC1lY2FhLTExZTYtOGY4OC0zNDM2M2JjN2M0YzAiOnsiY3JlYXRlIjoyNDAwMDAwMDAwMDAsImRlbGV0ZSI6MjQwMDAwMDAwMDAwLCJ1cGRhdGUiOjI0MDAwMDAwMDAwMH19",
          "dependencies": [
            "google_storage_bucket.resume_site"
          ]
        },
        {
          "index_key": "assets/vendor/swiper/swiper-bundle.min.js",
          "schema_version": 0,
          "attributes": {
            "bucket": "resume-sevenl33-v2-25",
            "cache_control": "",
            "content": null,
            "content_disposition": "",
            "content_encoding": "",
            "content_language": "",
            "content_type": "text/plain; charset=utf-8",
            "crc32c": "Gct/lA==",
            "customer_encryption": [],
            "detect_md5hash": "JP2PeWYJ15/Le25a51RDOw==",
            "event_based_hold": false,
            "generation": 1758237144878776,
            "id": "resume-sevenl33-v2-25-assets/vendor/swiper/swiper-bundle.min.js",
            "kms_key_name": "",
            "md5hash": "JP2PeWYJ15/Le25a51RDOw==",
            "media_link": "https://storage.googleapis.com/download/storage/v1/b/resume-sevenl33-v2-25/o/assets%2Fvendor%2Fswiper%2Fswiper-bundle.min.js?generation=1758237144878776\u0026alt=media",
            "metadata": {},
            "name": "assets/vendor/swiper/swiper-bundle.min.js",
            "output_name": "assets/vendor/swiper/swiper-bundle.min.js",
            "retention": [],
            "self_link": "https://www.googleapis.com/storage/v1/b/resume-sevenl33-v2-25/o/assets%2Fvendor%2Fswiper%2Fswiper-bundle.min.js",
            "source": "../frontend/website/assets/vendor/swiper/swiper-bundle.min.js",
            "storage_class": "STANDARD",
            "temporary_hold": false,
            "timeouts": null
          },
          "sensitive_attributes": [],
          "private": "eyJlMmJmYjczMC1lY2FhLTExZTYtOGY4OC0zNDM2M2JjN2M0YzAiOnsiY3JlYXRlIjoyNDAwMDAwMDAwMDAsImRlbGV0ZSI6MjQwMDAwMDAwMDAwLCJ1cGRhdGUiOjI0MDAwMDAwMDAwMH19",
          "dependencies": [
            "google_storage_bucket.resume_site"
          ]
        },
        {
          "index_key": "assets/vendor/swiper/swiper-bundle.min.js.map",
          "schema_version": 0,
          "attributes": {
            "bucket": "resume-sevenl33-v2-25",
            "cache_control": "",
            "content": null,
            "content_disposition": "",
            "content_encoding": "",
            "content_language": "",
            "content_type": "text/plain; charset=utf-8",
            "crc32c": "gpEftA==",
            "customer_encryption": [],
            "detect_md5hash": "O3NvOVMCu9c6DXPkpBlEPQ==",
            "event_based_hold": false,
            "generation": 1758237140956978,
            "id": "resume-sevenl33-v2-25-assets/vendor/swiper/swiper-bundle.min.js.map",
            "kms_key_name": "",
            "md5hash": "O3NvOVMCu9c6DXPkpBlEPQ==",
            "media_link": "https://storage.googleapis.com/download/storage/v1/b/resume-sevenl33-v2-25/o/assets%2Fvendor%2Fswiper%2Fswiper-bundle.min.js.map?generation=1758237140956978\u0026alt=media",
            "metadata": {},
            "name": "assets/vendor/swiper/swiper-bundle.min.js.map",
            "output_name": "assets/vendor/swiper/swiper-bundle.min.js.map",
            "retention": [],
            "self_link": "https://www.googleapis.com/storage/v1/b/resume-sevenl33-v2-25/o/assets%2Fvendor%2Fswiper%2Fswiper-bundle.min.js.map",
            "source": "../frontend/website/assets/vendor/swiper/swiper-bundle.min.js.map",
            "storage_class": "STANDARD",
            "temporary_hold": false,
            "timeouts": null
          },
          "sensitive_attributes": [],
          "private": "eyJlMmJmYjczMC1lY2FhLTExZTYtOGY4OC0zNDM2M2JjN2M0YzAiOnsiY3JlYXRlIjoyNDAwMDAwMDAwMDAsImRlbGV0ZSI6MjQwMDAwMDAwMDAwLCJ1cGRhdGUiOjI0MDAwMDAwMDAwMH19",
          "dependencies": [
            "google_storage_bucket.resume_site"
          ]
        },
        {
          "index_key": "assets/vendor/typed.js/typed.cjs",
          "schema_version": 0,
          "attributes": {
            "bucket": "resume-sevenl33-v2-25",
            "cache_control": "",
            "content": null,
            "content_disposition": "",
            "content_encoding": "",
            "content_language": "",
            "content_type": "text/plain; charset=utf-8",
            "crc32c": "kT9VhQ==",
            "customer_encryption": [],
            "detect_md5hash": "De8AIXmm1qo9qgpSP0xXUQ==",
            "event_based_hold": false,
            "generation": 1758237142274241,
            "id": "resume-sevenl33-v2-25-assets/vendor/typed.js/typed.cjs",
            "kms_key_name": "",
            "md5hash": "De8AIXmm1qo9qgpSP0xXUQ==",
            "media_link": "https://storage.googleapis.com/download/storage/v1/b/resume-sevenl33-v2-25/o/assets%2Fvendor%2Ftyped.js%2Ftyped.cjs?generation=1758237142274241\u0026alt=media",
            "metadata": {},
            "name": "assets/vendor/typed.js/typed.cjs",
            "output_name": "assets/vendor/typed.js/typed.cjs",
            "retention": [],
            "self_link": "https://www.googleapis.com/storage/v1/b/resume-sevenl33-v2-25/o/assets%2Fvendor%2Ftyped.js%2Ftyped.cjs",
            "source": "../frontend/website/assets/vendor/typed.js/typed.cjs",
            "storage_class": "STANDARD",
            "temporary_hold": false,
            "timeouts": null
          },
          "sensitive_attributes": [],
          "private": "eyJlMmJmYjczMC1lY2FhLTExZTYtOGY4OC0zNDM2M2JjN2M0YzAiOnsiY3JlYXRlIjoyNDAwMDAwMDAwMDAsImRlbGV0ZSI6MjQwMDAwMDAwMDAwLCJ1cGRhdGUiOjI0MDAwMDAwMDAwMH19",
          "dependencies": [
            "google_storage_bucket.resume_site"
          ]
        },
        {
          "index_key": "assets/vendor/typed.js/typed.cjs.map",
          "schema_version": 0,
          "attributes": {
            "bucket": "resume-sevenl33-v2-25",
            "cache_control": "",
            "content": null,
            "content_disposition": "",
            "content_encoding": "",
            "content_language": "",
            "content_type": "text/plain; charset=utf-8",
            "crc32c": "6kLtjQ==",
            "customer_encryption": [],
            "detect_md5hash": "7o1anvZ/lA1luAVOwubjng==",
            "event_based_hold": false,
            "generation": 1758237141158277,
            "id": "resume-sevenl33-v2-25-assets/vendor/typed.js/typed.cjs.map",
            "kms_key_name": "",
            "md5hash": "7o1anvZ/lA1luAVOwubjng==",
            "media_link": "https://storage.googleapis.com/download/storage/v1/b/resume-sevenl33-v2-25/o/assets%2Fvendor%2Ftyped.js%2Ftyped.cjs.map?generation=1758237141158277\u0026alt=media",
            "metadata": {},
            "name": "assets/vendor/typed.js/typed.cjs.map",
            "output_name": "assets/vendor/typed.js/typed.cjs.map",
            "retention": [],
            "self_link": "https://www.googleapis.com/storage/v1/b/resume-sevenl33-v2-25/o/assets%2Fvendor%2Ftyped.js%2Ftyped.cjs.map",
            "source": "../frontend/website/assets/vendor/typed.js/typed.cjs.map",
            "storage_class": "STANDARD",
            "temporary_hold": false,
            "timeouts": null
          },
          "sensitive_attributes": [],
          "private": "eyJlMmJmYjczMC1lY2FhLTExZTYtOGY4OC0zNDM2M2JjN2M0YzAiOnsiY3JlYXRlIjoyNDAwMDAwMDAwMDAsImRlbGV0ZSI6MjQwMDAwMDAwMDAwLCJ1cGRhdGUiOjI0MDAwMDAwMDAwMH19",
          "dependencies": [
            "google_storage_bucket.resume_site"
          ]
        },
        {
          "index_key": "assets/vendor/typed.js/typed.module.js",
          "schema_version": 0,
          "attributes": {
            "bucket": "resume-sevenl33-v2-25",
            "cache_control": "",
            "content": null,
            "content_disposition": "",
            "content_encoding": "",
            "content_language": "",
            "content_type": "text/plain; charset=utf-8",
            "crc32c": "glQtkA==",
            "customer_encryption": [],
            "detect_md5hash": "0vtckTyyLFQuMI3A9IarRQ==",
            "event_based_hold": false,
            "generation": 1758237140417292,
            "id": "resume-sevenl33-v2-25-assets/vendor/typed.js/typed.module.js",
            "kms_key_name": "",
            "md5hash": "0vtckTyyLFQuMI3A9IarRQ==",
            "media_link": "https://storage.googleapis.com/download/storage/v1/b/resume-sevenl33-v2-25/o/assets%2Fvendor%2Ftyped.js%2Ftyped.module.js?generation=1758237140417292\u0026alt=media",
            "metadata": {},
            "name": "assets/vendor/typed.js/typed.module.js",
            "output_name": "assets/vendor/typed.js/typed.module.js",
            "retention": [],
            "self_link": "https://www.googleapis.com/storage/v1/b/resume-sevenl33-v2-25/o/assets%2Fvendor%2Ftyped.js%2Ftyped.module.js",
            "source": "../frontend/website/assets/vendor/typed.js/typed.module.js",
            "storage_class": "STANDARD",
            "temporary_hold": false,
            "timeouts": null
          },
          "sensitive_attributes": [],
          "private": "eyJlMmJmYjczMC1lY2FhLTExZTYtOGY4OC0zNDM2M2JjN2M0YzAiOnsiY3JlYXRlIjoyNDAwMDAwMDAwMDAsImRlbGV0ZSI6MjQwMDAwMDAwMDAwLCJ1cGRhdGUiOjI0MDAwMDAwMDAwMH19",
          "dependencies": [
            "google_storage_bucket.resume_site"
          ]
        },
        {
          "index_key": "assets/vendor/typed.js/typed.module.js.map",
          "schema_version": 0,
          "attributes": {
            "bucket": "resume-sevenl33-v2-25",
            "cache_control": "",
            "content": null,
            "content_disposition": "",
            "content_encoding": "",
            "content_language": "",
            "content_type": "text/plain; charset=utf-8",
            "crc32c": "vAvYMw==",
            "customer_encryption": [],
            "detect_md5hash": "pNEgxirVRH3YIRe0oH09AA==",
            "event_based_hold": false,
            "generation": 1758237145357625,
            "id": "resume-sevenl33-v2-25-assets/vendor/typed.js/typed.module.js.map",
            "kms_key_name": "",
            "md5hash": "pNEgxirVRH3YIRe0oH09AA==",
            "media_link": "https://storage.googleapis.com/download/storage/v1/b/resume-sevenl33-v2-25/o/assets%2Fvendor%2Ftyped.js%2Ftyped.module.js.map?generation=1758237145357625\u0026alt=media",
            "metadata": {},
            "name": "assets/vendor/typed.js/typed.module.js.map",
            "output_name": "assets/vendor/typed.js/typed.module.js.map",
            "retention": [],
            "self_link": "https://www.googleapis.com/storage/v1/b/resume-sevenl33-v2-25/o/assets%2Fvendor%2Ftyped.js%2Ftyped.module.js.map",
            "source": "../frontend/website/assets/vendor/typed.js/typed.module.js.map",
            "storage_class": "STANDARD",
            "temporary_hold": false,
            "timeouts": null
          },
          "sensitive_attributes": [],
          "private": "eyJlMmJmYjczMC1lY2FhLTExZTYtOGY4OC0zNDM2M2JjN2M0YzAiOnsiY3JlYXRlIjoyNDAwMDAwMDAwMDAsImRlbGV0ZSI6MjQwMDAwMDAwMDAwLCJ1cGRhdGUiOjI0MDAwMDAwMDAwMH19",
          "dependencies": [
            "google_storage_bucket.resume_site"
          ]
        },
        {
          "index_key": "assets/vendor/typed.js/typed.umd.js",
          "schema_version": 0,
          "attributes": {
            "bucket": "resume-sevenl33-v2-25",
            "cache_control": "",
            "content": null,
            "content_disposition": "",
            "content_encoding": "",
            "content_language": "",
            "content_type": "text/plain; charset=utf-8",
            "crc32c": "h8Z5yA==",
            "customer_encryption": [],
            "detect_md5hash": "O6aj9uIhItj17SLEIymZgQ==",
            "event_based_hold": false,
            "generation": 1758237140883522,
            "id": "resume-sevenl33-v2-25-assets/vendor/typed.js/typed.umd.js",
            "kms_key_name": "",
            "md5hash": "O6aj9uIhItj17SLEIymZgQ==",
            "media_link": "https://storage.googleapis.com/download/storage/v1/b/resume-sevenl33-v2-25/o/assets%2Fvendor%2Ftyped.js%2Ftyped.umd.js?generation=1758237140883522\u0026alt=media",
            "metadata": {},
            "name": "assets/vendor/typed.js/typed.umd.js",
            "output_name": "assets/vendor/typed.js/typed.umd.js",
            "retention": [],
            "self_link": "https://www.googleapis.com/storage/v1/b/resume-sevenl33-v2-25/o/assets%2Fvendor%2Ftyped.js%2Ftyped.umd.js",
            "source": "../frontend/website/assets/vendor/typed.js/typed.umd.js",
            "storage_class": "STANDARD",
            "temporary_hold": false,
            "timeouts": null
          },
          "sensitive_attributes": [],
          "private": "eyJlMmJmYjczMC1lY2FhLTExZTYtOGY4OC0zNDM2M2JjN2M0YzAiOnsiY3JlYXRlIjoyNDAwMDAwMDAwMDAsImRlbGV0ZSI6MjQwMDAwMDAwMDAwLCJ1cGRhdGUiOjI0MDAwMDAwMDAwMH19",
          "dependencies": [
            "google_storage_bucket.resume_site"
          ]
        },
        {
          "index_key": "assets/vendor/typed.js/typed.umd.js.map",
          "schema_version": 0,
          "attributes": {
            "bucket": "resume-sevenl33-v2-25",
            "cache_control": "",
            "content": null,
            "content_disposition": "",
            "content_encoding": "",
            "content_language": "",
            "content_type": "text/plain; charset=utf-8",
            "crc32c": "Mzv1CA==",
            "customer_encryption": [],
            "detect_md5hash": "z44iGYzskPqfN29RWLBJWg==",
            "event_based_hold": false,
            "generation": 1758237140204894,
            "id": "resume-sevenl33-v2-25-assets/vendor/typed.js/typed.umd.js.map",
            "kms_key_name": "",
            "md5hash": "z44iGYzskPqfN29RWLBJWg==",
            "media_link": "https://storage.googleapis.com/download/storage/v1/b/resume-sevenl33-v2-25/o/assets%2Fvendor%2Ftyped.js%2Ftyped.umd.js.map?generation=1758237140204894\u0026alt=media",
            "metadata": {},
            "name": "assets/vendor/typed.js/typed.umd.js.map",
            "output_name": "assets/vendor/typed.js/typed.umd.js.map",
            "retention": [],
            "self_link": "https://www.googleapis.com/storage/v1/b/resume-sevenl33-v2-25/o/assets%2Fvendor%2Ftyped.js%2Ftyped.umd.js.map",
            "source": "../frontend/website/assets/vendor/typed.js/typed.umd.js.map",
            "storage_class": "STANDARD",
            "temporary_hold": false,
            "timeouts": null
          },
          "sensitive_attributes": [],
          "private": "eyJlMmJmYjczMC1lY2FhLTExZTYtOGY4OC0zNDM2M2JjN2M0YzAiOnsiY3JlYXRlIjoyNDAwMDAwMDAwMDAsImRlbGV0ZSI6MjQwMDAwMDAwMDAwLCJ1cGRhdGUiOjI0MDAwMDAwMDAwMH19",
          "dependencies": [
            "google_storage_bucket.resume_site"
          ]
        },
        {
          "index_key": "assets/vendor/waypoints/noframework.waypoints.js",
          "schema_version": 0,
          "attributes": {
            "bucket": "resume-sevenl33-v2-25",
            "cache_control": "",
            "content": null,
            "content_disposition": "",
            "content_encoding": "",
            "content_language": "",
            "content_type": "text/plain; charset=utf-8",
            "crc32c": "eHLB2A==",
            "customer_encryption": [],
            "detect_md5hash": "jGAdX4kuminD3SBAJfnXJA==",
            "event_based_hold": false,
            "generation": 1758237141964144,
            "id": "resume-sevenl33-v2-25-assets/vendor/waypoints/noframework.waypoints.js",
            "kms_key_name": "",
            "md5hash": "jGAdX4kuminD3SBAJfnXJA==",
            "media_link": "https://storage.googleapis.com/download/storage/v1/b/resume-sevenl33-v2-25/o/assets%2Fvendor%2Fwaypoints%2Fnoframework.waypoints.js?generation=1758237141964144\u0026alt=media",
            "metadata": {},
            "name": "assets/vendor/waypoints/noframework.waypoints.js",
            "output_name": "assets/vendor/waypoints/noframework.waypoints.js",
            "retention": [],
            "self_link": "https://www.googleapis.com/storage/v1/b/resume-sevenl33-v2-25/o/assets%2Fvendor%2Fwaypoints%2Fnoframework.waypoints.js",
            "source": "../frontend/website/assets/vendor/waypoints/noframework.waypoints.js",
            "storage_class": "STANDARD",
            "temporary_hold": false,
            "timeouts": null
          },
          "sensitive_attributes": [],
          "private": "eyJlMmJmYjczMC1lY2FhLTExZTYtOGY4OC0zNDM2M2JjN2M0YzAiOnsiY3JlYXRlIjoyNDAwMDAwMDAwMDAsImRlbGV0ZSI6MjQwMDAwMDAwMDAwLCJ1cGRhdGUiOjI0MDAwMDAwMDAwMH19",
          "dependencies": [
            "google_storage_bucket.resume_site"
          ]
        },
        {
          "index_key": "index.html",
          "schema_version": 0,
          "attributes": {
            "bucket": "resume-sevenl33-v2-25",
            "cache_control": "",
            "content": null,
            "content_disposition": "",
            "content_encoding": "",
            "content_language": "",
            "content_type": "text/html; charset=utf-8",
            "crc32c": "qKODSw==",
            "customer_encryption": [],
            "detect_md5hash": "kRiyN7zPwNJvN/Ie3g750w==",
            "event_based_hold": false,
            "generation": 1758237141366326,
            "id": "resume-sevenl33-v2-25-index.html",
            "kms_key_name": "",
            "md5hash": "kRiyN7zPwNJvN/Ie3g750w==",
            "media_link": "https://storage.googleapis.com/download/storage/v1/b/resume-sevenl33-v2-25/o/index.html?generation=1758237141366326\u0026alt=media",
            "metadata": {},
            "name": "index.html",
            "output_name": "index.html",
            "retention": [],
            "self_link": "https://www.googleapis.com/storage/v1/b/resume-sevenl33-v2-25/o/index.html",
            "source": "../frontend/website/index.html",
            "storage_class": "STANDARD",
            "temporary_hold": false,
            "timeouts": null
          },
          "sensitive_attributes": [],
          "private": "eyJlMmJmYjczMC1lY2FhLTExZTYtOGY4OC0zNDM2M2JjN2M0YzAiOnsiY3JlYXRlIjoyNDAwMDAwMDAwMDAsImRlbGV0ZSI6MjQwMDAwMDAwMDAwLCJ1cGRhdGUiOjI0MDAwMDAwMDAwMH19",
          "dependencies": [
            "google_storage_bucket.resume_site"
          ]
        }
      ]
    }
  ],
  "check_results": null
}
